<?xml version="1.0" encoding="utf-8"?>
<Project ToolsVersion="4.0" xmlns="http://schemas.microsoft.com/developer/msbuild/2003">
  <ItemGroup>
    <Filter Include="소스 파일">
      <UniqueIdentifier>{4FC737F1-C7A5-4376-A066-2A32D752A2FF}</UniqueIdentifier>
      <Extensions>cpp;c;cc;cxx;c++;cppm;ixx;def;odl;idl;hpj;bat;asm;asmx</Extensions>
    </Filter>
    <Filter Include="리소스 파일">
      <UniqueIdentifier>{67DA6AB6-F800-4c08-8B7A-83BB121AAD01}</UniqueIdentifier>
      <Extensions>rc;ico;cur;bmp;dlg;rc2;rct;bin;rgs;gif;jpg;jpeg;jpe;resx;tiff;tif;png;wav;mfcribbon-ms</Extensions>
    </Filter>
    <Filter Include="소스 파일\01.Main">
      <UniqueIdentifier>{213bae32-bb91-4d0c-bc97-dc039f40e3e2}</UniqueIdentifier>
    </Filter>
    <Filter Include="소스 파일\99.Headers">
      <UniqueIdentifier>{93995380-89BD-4b04-88EB-625FBE52EBFB}</UniqueIdentifier>
      <Extensions>h;hh;hpp;hxx;h++;hm;inl;inc;ipp;xsd</Extensions>
    </Filter>
    <Filter Include="소스 파일\99.Headers\Andromeda">
      <UniqueIdentifier>{f8807ca7-1868-41b0-84e9-7fd5928fa8ad}</UniqueIdentifier>
    </Filter>
    <Filter Include="소스 파일\99.Headers\Utils">
      <UniqueIdentifier>{3391a685-05b4-42c8-a321-075956329b43}</UniqueIdentifier>
    </Filter>
    <Filter Include="소스 파일\98.Shader">
      <UniqueIdentifier>{67f13f3b-aa9c-4d65-8350-b60aa395fa2d}</UniqueIdentifier>
    </Filter>
  </ItemGroup>
  <ItemGroup>
    <ClInclude Include="Test.h">
      <Filter>소스 파일\01.Main</Filter>
    </ClInclude>
    <ClInclude Include="targetver.h">
      <Filter>소스 파일\99.Headers\Andromeda</Filter>
    </ClInclude>
    <ClInclude Include="Resource.h">
      <Filter>소스 파일\99.Headers\Andromeda</Filter>
    </ClInclude>
    <ClInclude Include="framework.h">
      <Filter>소스 파일\99.Headers\Andromeda</Filter>
    </ClInclude>
    <ClInclude Include="pch.h">
      <Filter>소스 파일\99.Headers</Filter>
    </ClInclude>
    <ClInclude Include="Struct.h">
      <Filter>소스 파일\99.Headers</Filter>
    </ClInclude>
    <ClInclude Include="..\..\..\Downloads\2주차_소스코드\GameCoding\SimpleMath.h">
      <Filter>소스 파일\99.Headers\Utils</Filter>
    </ClInclude>
    <ClInclude Include="Game.h">
      <Filter>소스 파일\01.Main</Filter>
    </ClInclude>
  </ItemGroup>
  <ItemGroup>
    <ResourceCompile Include="Test.rc">
      <Filter>리소스 파일</Filter>
    </ResourceCompile>
  </ItemGroup>
  <ItemGroup>
    <Image Include="small.ico">
      <Filter>리소스 파일</Filter>
    </Image>
    <Image Include="Test.ico">
      <Filter>리소스 파일</Filter>
    </Image>
  </ItemGroup>
  <ItemGroup>
    <ClCompile Include="Test.cpp">
      <Filter>소스 파일\01.Main</Filter>
    </ClCompile>
    <ClCompile Include="Types.h">
      <Filter>소스 파일\99.Headers</Filter>
    </ClCompile>
    <ClCompile Include="pch.cpp">
      <Filter>소스 파일\99.Headers</Filter>
    </ClCompile>
    <ClCompile Include="Values.h">
      <Filter>소스 파일\99.Headers</Filter>
    </ClCompile>
    <ClCompile Include="..\..\..\Downloads\2주차_소스코드\GameCoding\SimpleMath.cpp">
      <Filter>소스 파일\99.Headers\Utils</Filter>
    </ClCompile>
    <ClCompile Include="Game.cpp">
      <Filter>소스 파일\01.Main</Filter>
    </ClCompile>
  </ItemGroup>
  <ItemGroup>
    <None Include="..\..\..\Downloads\2주차_소스코드\GameCoding\SimpleMath.inl">
      <Filter>소스 파일\99.Headers\Utils</Filter>
    </None>
  </ItemGroup>
  <ItemGroup>
    <FxCompile Include="Default.hlsl">
      <Filter>소스 파일\98.Shader</Filter>
    </FxCompile>
  </ItemGroup>
</Project>