
Microsoft Visual Studio Solution File, Format Version 12.00
# Visual Studio Version 16
VisualStudioVersion = 16.0.33529.622
MinimumVisualStudioVersion = 10.0.40219.1
Project("{8BC9CEB8-8B4A-11D0-8D11-00A0C91BC942}") = "KKK_Jongsang", "KKK_Jongsang\KKK_Jongsang.vcxproj", "{37D35310-6708-4489-B4D5-C88D49F98D25}"
EndProject
Project("{8BC9CEB8-8B4A-11D0-8D11-00A0C91BC942}") = "CLang_00", "CLang_00\CLang_00.vcxproj", "{67CEDA99-7E8C-4746-BAB0-70B928865300}"
EndProject
Project("{2150E333-8FDC-42A3-9474-1A3956D46DE8}") = "CLang", "CLang", "{CE6FD965-8BE1-4E83-8788-98F20CAB62DB}"
EndProject
Project("{8BC9CEB8-8B4A-11D0-8D11-00A0C91BC942}") = "CLang_01", "CLang_01\CLang_01.vcxproj", "{24B3B755-E971-4AA0-A3C5-A35091EA20F6}"
EndProject
Project("{2150E333-8FDC-42A3-9474-1A3956D46DE8}") = "C++", "C++", "{A56C25CE-3ED8-4054-A675-8A610572FE58}"
EndProject
Project("{8BC9CEB8-8B4A-11D0-8D11-00A0C91BC942}") = "C++_00", "C++_00\C++_00.vcxproj", "{0F0F9623-2E30-4C28-BFB6-9562163D5CE4}"
EndProject
Project("{8BC9CEB8-8B4A-11D0-8D11-00A0C91BC942}") = "linkedList", "linkedList\linkedList.vcxproj", "{8BDC2A42-51CD-4A4B-8B05-C79051A7A8D6}"
EndProject
Project("{8BC9CEB8-8B4A-11D0-8D11-00A0C91BC942}") = "linkedList03", "linkedList03\linkedList03.vcxproj", "{5071D0C1-B125-436B-B3E2-B1521700EA78}"
EndProject
Project("{8BC9CEB8-8B4A-11D0-8D11-00A0C91BC942}") = "stack", "stack\stack.vcxproj", "{0B9825CF-5D0C-47DE-8EDE-A0DB94B773C4}"
EndProject
Project("{8BC9CEB8-8B4A-11D0-8D11-00A0C91BC942}") = "C++_01", "C++_01\C++_01.vcxproj", "{7F6C9017-5138-4797-B939-A946EFDC802E}"
EndProject
Project("{8BC9CEB8-8B4A-11D0-8D11-00A0C91BC942}") = "C++_02", "C++_02\C++_02.vcxproj", "{A548314A-E940-4962-BD95-4D91E0801DBA}"
EndProject
Project("{8BC9CEB8-8B4A-11D0-8D11-00A0C91BC942}") = "C++_03", "C++_03\C++_03.vcxproj", "{7D532100-4F8A-45D6-B20C-D17012314F8C}"
EndProject
Project("{8BC9CEB8-8B4A-11D0-8D11-00A0C91BC942}") = "C++_04", "C++_04\C++_04.vcxproj", "{EFD13CE7-C67E-4A00-8ADE-7890BA759D68}"
EndProject
Project("{8BC9CEB8-8B4A-11D0-8D11-00A0C91BC942}") = "C++_05", "C++_05\C++_05.vcxproj", "{8AB577CC-094C-4A30-800D-67429F6411CC}"
EndProject
Project("{2150E333-8FDC-42A3-9474-1A3956D46DE8}") = "DS", "DS", "{D3E41BA9-E7DF-4AD8-95C4-A78756CB1971}"
EndProject
Project("{8BC9CEB8-8B4A-11D0-8D11-00A0C91BC942}") = "Octree", "Octree\Octree.vcxproj", "{1D60469D-D9D1-458E-9F35-558B4ECA8AE8}"
EndProject
Project("{8BC9CEB8-8B4A-11D0-8D11-00A0C91BC942}") = "Octree_2", "Octree_2\Octree_2.vcxproj", "{4BC6CCA6-32BD-4C33-920E-F890B43D06C2}"
EndProject
Project("{8BC9CEB8-8B4A-11D0-8D11-00A0C91BC942}") = "Octree_3", "Octree_3\Octree_3.vcxproj", "{2A51E5A2-6A2D-4525-8B3A-5D59E0D58800}"
EndProject
Project("{8BC9CEB8-8B4A-11D0-8D11-00A0C91BC942}") = "Employee", "Employee\Employee.vcxproj", "{C3C186F2-7569-42C3-9EC0-BC956C8A8EE9}"
EndProject
Project("{8BC9CEB8-8B4A-11D0-8D11-00A0C91BC942}") = "OcTree_00", "OcTree_00\OcTree_00.vcxproj", "{DCAFC97D-0E9A-4886-95E8-601867B2A664}"
EndProject
Global
	GlobalSection(SolutionConfigurationPlatforms) = preSolution
		Debug|x64 = Debug|x64
		Debug|x86 = Debug|x86
		Release|x64 = Release|x64
		Release|x86 = Release|x86
	EndGlobalSection
	GlobalSection(ProjectConfigurationPlatforms) = postSolution
		{37D35310-6708-4489-B4D5-C88D49F98D25}.Debug|x64.ActiveCfg = Debug|x64
		{37D35310-6708-4489-B4D5-C88D49F98D25}.Debug|x64.Build.0 = Debug|x64
		{37D35310-6708-4489-B4D5-C88D49F98D25}.Debug|x86.ActiveCfg = Debug|Win32
		{37D35310-6708-4489-B4D5-C88D49F98D25}.Debug|x86.Build.0 = Debug|Win32
		{37D35310-6708-4489-B4D5-C88D49F98D25}.Release|x64.ActiveCfg = Release|x64
		{37D35310-6708-4489-B4D5-C88D49F98D25}.Release|x64.Build.0 = Release|x64
		{37D35310-6708-4489-B4D5-C88D49F98D25}.Release|x86.ActiveCfg = Release|Win32
		{37D35310-6708-4489-B4D5-C88D49F98D25}.Release|x86.Build.0 = Release|Win32
		{67CEDA99-7E8C-4746-BAB0-70B928865300}.Debug|x64.ActiveCfg = Debug|x64
		{67CEDA99-7E8C-4746-BAB0-70B928865300}.Debug|x64.Build.0 = Debug|x64
		{67CEDA99-7E8C-4746-BAB0-70B928865300}.Debug|x86.ActiveCfg = Debug|Win32
		{67CEDA99-7E8C-4746-BAB0-70B928865300}.Debug|x86.Build.0 = Debug|Win32
		{67CEDA99-7E8C-4746-BAB0-70B928865300}.Release|x64.ActiveCfg = Release|x64
		{67CEDA99-7E8C-4746-BAB0-70B928865300}.Release|x64.Build.0 = Release|x64
		{67CEDA99-7E8C-4746-BAB0-70B928865300}.Release|x86.ActiveCfg = Release|Win32
		{67CEDA99-7E8C-4746-BAB0-70B928865300}.Release|x86.Build.0 = Release|Win32
		{24B3B755-E971-4AA0-A3C5-A35091EA20F6}.Debug|x64.ActiveCfg = Debug|x64
		{24B3B755-E971-4AA0-A3C5-A35091EA20F6}.Debug|x64.Build.0 = Debug|x64
		{24B3B755-E971-4AA0-A3C5-A35091EA20F6}.Debug|x86.ActiveCfg = Debug|Win32
		{24B3B755-E971-4AA0-A3C5-A35091EA20F6}.Debug|x86.Build.0 = Debug|Win32
		{24B3B755-E971-4AA0-A3C5-A35091EA20F6}.Release|x64.ActiveCfg = Release|x64
		{24B3B755-E971-4AA0-A3C5-A35091EA20F6}.Release|x64.Build.0 = Release|x64
		{24B3B755-E971-4AA0-A3C5-A35091EA20F6}.Release|x86.ActiveCfg = Release|Win32
		{24B3B755-E971-4AA0-A3C5-A35091EA20F6}.Release|x86.Build.0 = Release|Win32
		{0F0F9623-2E30-4C28-BFB6-9562163D5CE4}.Debug|x64.ActiveCfg = Debug|x64
		{0F0F9623-2E30-4C28-BFB6-9562163D5CE4}.Debug|x64.Build.0 = Debug|x64
		{0F0F9623-2E30-4C28-BFB6-9562163D5CE4}.Debug|x86.ActiveCfg = Debug|Win32
		{0F0F9623-2E30-4C28-BFB6-9562163D5CE4}.Debug|x86.Build.0 = Debug|Win32
		{0F0F9623-2E30-4C28-BFB6-9562163D5CE4}.Release|x64.ActiveCfg = Release|x64
		{0F0F9623-2E30-4C28-BFB6-9562163D5CE4}.Release|x64.Build.0 = Release|x64
		{0F0F9623-2E30-4C28-BFB6-9562163D5CE4}.Release|x86.ActiveCfg = Release|Win32
		{0F0F9623-2E30-4C28-BFB6-9562163D5CE4}.Release|x86.Build.0 = Release|Win32
		{8BDC2A42-51CD-4A4B-8B05-C79051A7A8D6}.Debug|x64.ActiveCfg = Debug|x64
		{8BDC2A42-51CD-4A4B-8B05-C79051A7A8D6}.Debug|x64.Build.0 = Debug|x64
		{8BDC2A42-51CD-4A4B-8B05-C79051A7A8D6}.Debug|x86.ActiveCfg = Debug|Win32
		{8BDC2A42-51CD-4A4B-8B05-C79051A7A8D6}.Debug|x86.Build.0 = Debug|Win32
		{8BDC2A42-51CD-4A4B-8B05-C79051A7A8D6}.Release|x64.ActiveCfg = Release|x64
		{8BDC2A42-51CD-4A4B-8B05-C79051A7A8D6}.Release|x64.Build.0 = Release|x64
		{8BDC2A42-51CD-4A4B-8B05-C79051A7A8D6}.Release|x86.ActiveCfg = Release|Win32
		{8BDC2A42-51CD-4A4B-8B05-C79051A7A8D6}.Release|x86.Build.0 = Release|Win32
		{5071D0C1-B125-436B-B3E2-B1521700EA78}.Debug|x64.ActiveCfg = Debug|x64
		{5071D0C1-B125-436B-B3E2-B1521700EA78}.Debug|x64.Build.0 = Debug|x64
		{5071D0C1-B125-436B-B3E2-B1521700EA78}.Debug|x86.ActiveCfg = Debug|Win32
		{5071D0C1-B125-436B-B3E2-B1521700EA78}.Debug|x86.Build.0 = Debug|Win32
		{5071D0C1-B125-436B-B3E2-B1521700EA78}.Release|x64.ActiveCfg = Release|x64
		{5071D0C1-B125-436B-B3E2-B1521700EA78}.Release|x64.Build.0 = Release|x64
		{5071D0C1-B125-436B-B3E2-B1521700EA78}.Release|x86.ActiveCfg = Release|Win32
		{5071D0C1-B125-436B-B3E2-B1521700EA78}.Release|x86.Build.0 = Release|Win32
		{0B9825CF-5D0C-47DE-8EDE-A0DB94B773C4}.Debug|x64.ActiveCfg = Debug|x64
		{0B9825CF-5D0C-47DE-8EDE-A0DB94B773C4}.Debug|x64.Build.0 = Debug|x64
		{0B9825CF-5D0C-47DE-8EDE-A0DB94B773C4}.Debug|x86.ActiveCfg = Debug|Win32
		{0B9825CF-5D0C-47DE-8EDE-A0DB94B773C4}.Debug|x86.Build.0 = Debug|Win32
		{0B9825CF-5D0C-47DE-8EDE-A0DB94B773C4}.Release|x64.ActiveCfg = Release|x64
		{0B9825CF-5D0C-47DE-8EDE-A0DB94B773C4}.Release|x64.Build.0 = Release|x64
		{0B9825CF-5D0C-47DE-8EDE-A0DB94B773C4}.Release|x86.ActiveCfg = Release|Win32
		{0B9825CF-5D0C-47DE-8EDE-A0DB94B773C4}.Release|x86.Build.0 = Release|Win32
		{7F6C9017-5138-4797-B939-A946EFDC802E}.Debug|x64.ActiveCfg = Debug|x64
		{7F6C9017-5138-4797-B939-A946EFDC802E}.Debug|x64.Build.0 = Debug|x64
		{7F6C9017-5138-4797-B939-A946EFDC802E}.Debug|x86.ActiveCfg = Debug|Win32
		{7F6C9017-5138-4797-B939-A946EFDC802E}.Debug|x86.Build.0 = Debug|Win32
		{7F6C9017-5138-4797-B939-A946EFDC802E}.Release|x64.ActiveCfg = Release|x64
		{7F6C9017-5138-4797-B939-A946EFDC802E}.Release|x64.Build.0 = Release|x64
		{7F6C9017-5138-4797-B939-A946EFDC802E}.Release|x86.ActiveCfg = Release|Win32
		{7F6C9017-5138-4797-B939-A946EFDC802E}.Release|x86.Build.0 = Release|Win32
		{A548314A-E940-4962-BD95-4D91E0801DBA}.Debug|x64.ActiveCfg = Debug|x64
		{A548314A-E940-4962-BD95-4D91E0801DBA}.Debug|x64.Build.0 = Debug|x64
		{A548314A-E940-4962-BD95-4D91E0801DBA}.Debug|x86.ActiveCfg = Debug|Win32
		{A548314A-E940-4962-BD95-4D91E0801DBA}.Debug|x86.Build.0 = Debug|Win32
		{A548314A-E940-4962-BD95-4D91E0801DBA}.Release|x64.ActiveCfg = Release|x64
		{A548314A-E940-4962-BD95-4D91E0801DBA}.Release|x64.Build.0 = Release|x64
		{A548314A-E940-4962-BD95-4D91E0801DBA}.Release|x86.ActiveCfg = Release|Win32
		{A548314A-E940-4962-BD95-4D91E0801DBA}.Release|x86.Build.0 = Release|Win32
		{7D532100-4F8A-45D6-B20C-D17012314F8C}.Debug|x64.ActiveCfg = Debug|x64
		{7D532100-4F8A-45D6-B20C-D17012314F8C}.Debug|x64.Build.0 = Debug|x64
		{7D532100-4F8A-45D6-B20C-D17012314F8C}.Debug|x86.ActiveCfg = Debug|Win32
		{7D532100-4F8A-45D6-B20C-D17012314F8C}.Debug|x86.Build.0 = Debug|Win32
		{7D532100-4F8A-45D6-B20C-D17012314F8C}.Release|x64.ActiveCfg = Release|x64
		{7D532100-4F8A-45D6-B20C-D17012314F8C}.Release|x64.Build.0 = Release|x64
		{7D532100-4F8A-45D6-B20C-D17012314F8C}.Release|x86.ActiveCfg = Release|Win32
		{7D532100-4F8A-45D6-B20C-D17012314F8C}.Release|x86.Build.0 = Release|Win32
		{EFD13CE7-C67E-4A00-8ADE-7890BA759D68}.Debug|x64.ActiveCfg = Debug|x64
		{EFD13CE7-C67E-4A00-8ADE-7890BA759D68}.Debug|x64.Build.0 = Debug|x64
		{EFD13CE7-C67E-4A00-8ADE-7890BA759D68}.Debug|x86.ActiveCfg = Debug|Win32
		{EFD13CE7-C67E-4A00-8ADE-7890BA759D68}.Debug|x86.Build.0 = Debug|Win32
		{EFD13CE7-C67E-4A00-8ADE-7890BA759D68}.Release|x64.ActiveCfg = Release|x64
		{EFD13CE7-C67E-4A00-8ADE-7890BA759D68}.Release|x64.Build.0 = Release|x64
		{EFD13CE7-C67E-4A00-8ADE-7890BA759D68}.Release|x86.ActiveCfg = Release|Win32
		{EFD13CE7-C67E-4A00-8ADE-7890BA759D68}.Release|x86.Build.0 = Release|Win32
		{8AB577CC-094C-4A30-800D-67429F6411CC}.Debug|x64.ActiveCfg = Debug|x64
		{8AB577CC-094C-4A30-800D-67429F6411CC}.Debug|x64.Build.0 = Debug|x64
		{8AB577CC-094C-4A30-800D-67429F6411CC}.Debug|x86.ActiveCfg = Debug|Win32
		{8AB577CC-094C-4A30-800D-67429F6411CC}.Debug|x86.Build.0 = Debug|Win32
		{8AB577CC-094C-4A30-800D-67429F6411CC}.Release|x64.ActiveCfg = Release|x64
		{8AB577CC-094C-4A30-800D-67429F6411CC}.Release|x64.Build.0 = Release|x64
		{8AB577CC-094C-4A30-800D-67429F6411CC}.Release|x86.ActiveCfg = Release|Win32
		{8AB577CC-094C-4A30-800D-67429F6411CC}.Release|x86.Build.0 = Release|Win32
		{1D60469D-D9D1-458E-9F35-558B4ECA8AE8}.Debug|x64.ActiveCfg = Debug|x64
		{1D60469D-D9D1-458E-9F35-558B4ECA8AE8}.Debug|x64.Build.0 = Debug|x64
		{1D60469D-D9D1-458E-9F35-558B4ECA8AE8}.Debug|x86.ActiveCfg = Debug|Win32
		{1D60469D-D9D1-458E-9F35-558B4ECA8AE8}.Debug|x86.Build.0 = Debug|Win32
		{1D60469D-D9D1-458E-9F35-558B4ECA8AE8}.Release|x64.ActiveCfg = Release|x64
		{1D60469D-D9D1-458E-9F35-558B4ECA8AE8}.Release|x64.Build.0 = Release|x64
		{1D60469D-D9D1-458E-9F35-558B4ECA8AE8}.Release|x86.ActiveCfg = Release|Win32
		{1D60469D-D9D1-458E-9F35-558B4ECA8AE8}.Release|x86.Build.0 = Release|Win32
		{4BC6CCA6-32BD-4C33-920E-F890B43D06C2}.Debug|x64.ActiveCfg = Debug|x64
		{4BC6CCA6-32BD-4C33-920E-F890B43D06C2}.Debug|x64.Build.0 = Debug|x64
		{4BC6CCA6-32BD-4C33-920E-F890B43D06C2}.Debug|x86.ActiveCfg = Debug|Win32
		{4BC6CCA6-32BD-4C33-920E-F890B43D06C2}.Debug|x86.Build.0 = Debug|Win32
		{4BC6CCA6-32BD-4C33-920E-F890B43D06C2}.Release|x64.ActiveCfg = Release|x64
		{4BC6CCA6-32BD-4C33-920E-F890B43D06C2}.Release|x64.Build.0 = Release|x64
		{4BC6CCA6-32BD-4C33-920E-F890B43D06C2}.Release|x86.ActiveCfg = Release|Win32
		{4BC6CCA6-32BD-4C33-920E-F890B43D06C2}.Release|x86.Build.0 = Release|Win32
		{2A51E5A2-6A2D-4525-8B3A-5D59E0D58800}.Debug|x64.ActiveCfg = Debug|x64
		{2A51E5A2-6A2D-4525-8B3A-5D59E0D58800}.Debug|x64.Build.0 = Debug|x64
		{2A51E5A2-6A2D-4525-8B3A-5D59E0D58800}.Debug|x86.ActiveCfg = Debug|Win32
		{2A51E5A2-6A2D-4525-8B3A-5D59E0D58800}.Debug|x86.Build.0 = Debug|Win32
		{2A51E5A2-6A2D-4525-8B3A-5D59E0D58800}.Release|x64.ActiveCfg = Release|x64
		{2A51E5A2-6A2D-4525-8B3A-5D59E0D58800}.Release|x64.Build.0 = Release|x64
		{2A51E5A2-6A2D-4525-8B3A-5D59E0D58800}.Release|x86.ActiveCfg = Release|Win32
		{2A51E5A2-6A2D-4525-8B3A-5D59E0D58800}.Release|x86.Build.0 = Release|Win32
		{C3C186F2-7569-42C3-9EC0-BC956C8A8EE9}.Debug|x64.ActiveCfg = Debug|x64
		{C3C186F2-7569-42C3-9EC0-BC956C8A8EE9}.Debug|x64.Build.0 = Debug|x64
		{C3C186F2-7569-42C3-9EC0-BC956C8A8EE9}.Debug|x86.ActiveCfg = Debug|Win32
		{C3C186F2-7569-42C3-9EC0-BC956C8A8EE9}.Debug|x86.Build.0 = Debug|Win32
		{C3C186F2-7569-42C3-9EC0-BC956C8A8EE9}.Release|x64.ActiveCfg = Release|x64
		{C3C186F2-7569-42C3-9EC0-BC956C8A8EE9}.Release|x64.Build.0 = Release|x64
		{C3C186F2-7569-42C3-9EC0-BC956C8A8EE9}.Release|x86.ActiveCfg = Release|Win32
		{C3C186F2-7569-42C3-9EC0-BC956C8A8EE9}.Release|x86.Build.0 = Release|Win32
		{DCAFC97D-0E9A-4886-95E8-601867B2A664}.Debug|x64.ActiveCfg = Debug|x64
		{DCAFC97D-0E9A-4886-95E8-601867B2A664}.Debug|x64.Build.0 = Debug|x64
		{DCAFC97D-0E9A-4886-95E8-601867B2A664}.Debug|x86.ActiveCfg = Debug|Win32
		{DCAFC97D-0E9A-4886-95E8-601867B2A664}.Debug|x86.Build.0 = Debug|Win32
		{DCAFC97D-0E9A-4886-95E8-601867B2A664}.Release|x64.ActiveCfg = Release|x64
		{DCAFC97D-0E9A-4886-95E8-601867B2A664}.Release|x64.Build.0 = Release|x64
		{DCAFC97D-0E9A-4886-95E8-601867B2A664}.Release|x86.ActiveCfg = Release|Win32
		{DCAFC97D-0E9A-4886-95E8-601867B2A664}.Release|x86.Build.0 = Release|Win32
	EndGlobalSection
	GlobalSection(SolutionProperties) = preSolution
		HideSolutionNode = FALSE
	EndGlobalSection
	GlobalSection(NestedProjects) = preSolution
		{67CEDA99-7E8C-4746-BAB0-70B928865300} = {CE6FD965-8BE1-4E83-8788-98F20CAB62DB}
		{24B3B755-E971-4AA0-A3C5-A35091EA20F6} = {CE6FD965-8BE1-4E83-8788-98F20CAB62DB}
		{0F0F9623-2E30-4C28-BFB6-9562163D5CE4} = {A56C25CE-3ED8-4054-A675-8A610572FE58}
		{8BDC2A42-51CD-4A4B-8B05-C79051A7A8D6} = {CE6FD965-8BE1-4E83-8788-98F20CAB62DB}
		{5071D0C1-B125-436B-B3E2-B1521700EA78} = {CE6FD965-8BE1-4E83-8788-98F20CAB62DB}
		{0B9825CF-5D0C-47DE-8EDE-A0DB94B773C4} = {CE6FD965-8BE1-4E83-8788-98F20CAB62DB}
		{7F6C9017-5138-4797-B939-A946EFDC802E} = {A56C25CE-3ED8-4054-A675-8A610572FE58}
		{A548314A-E940-4962-BD95-4D91E0801DBA} = {A56C25CE-3ED8-4054-A675-8A610572FE58}
		{7D532100-4F8A-45D6-B20C-D17012314F8C} = {A56C25CE-3ED8-4054-A675-8A610572FE58}
		{EFD13CE7-C67E-4A00-8ADE-7890BA759D68} = {A56C25CE-3ED8-4054-A675-8A610572FE58}
		{8AB577CC-094C-4A30-800D-67429F6411CC} = {A56C25CE-3ED8-4054-A675-8A610572FE58}
		{1D60469D-D9D1-458E-9F35-558B4ECA8AE8} = {D3E41BA9-E7DF-4AD8-95C4-A78756CB1971}
		{4BC6CCA6-32BD-4C33-920E-F890B43D06C2} = {D3E41BA9-E7DF-4AD8-95C4-A78756CB1971}
		{2A51E5A2-6A2D-4525-8B3A-5D59E0D58800} = {D3E41BA9-E7DF-4AD8-95C4-A78756CB1971}
		{C3C186F2-7569-42C3-9EC0-BC956C8A8EE9} = {A56C25CE-3ED8-4054-A675-8A610572FE58}
		{DCAFC97D-0E9A-4886-95E8-601867B2A664} = {D3E41BA9-E7DF-4AD8-95C4-A78756CB1971}
	EndGlobalSection
	GlobalSection(ExtensibilityGlobals) = postSolution
		SolutionGuid = {0B15A810-D792-4DA0-A65D-7E176AB72D14}
	EndGlobalSection
EndGlobal
