
Microsoft Visual Studio Solution File, Format Version 12.00
# Visual Studio Version 17
VisualStudioVersion = 17.7.34024.191
MinimumVisualStudioVersion = 10.0.40219.1
Project("{8BC9CEB8-8B4A-11D0-8D11-00A0C91BC942}") = "C_00", "CLang_00\CLang_00.vcxproj", "{67CEDA99-7E8C-4746-BAB0-70B928865300}"
EndProject
Project("{2150E333-8FDC-42A3-9474-1A3956D46DE8}") = "C", "C", "{CE6FD965-8BE1-4E83-8788-98F20CAB62DB}"
EndProject
Project("{8BC9CEB8-8B4A-11D0-8D11-00A0C91BC942}") = "C_01", "CLang_01\CLang_01.vcxproj", "{24B3B755-E971-4AA0-A3C5-A35091EA20F6}"
EndProject
Project("{2150E333-8FDC-42A3-9474-1A3956D46DE8}") = "C++", "C++", "{A56C25CE-3ED8-4054-A675-8A610572FE58}"
EndProject
Project("{8BC9CEB8-8B4A-11D0-8D11-00A0C91BC942}") = "C++_00", "C++_00\C++_00.vcxproj", "{0F0F9623-2E30-4C28-BFB6-9562163D5CE4}"
EndProject
Project("{8BC9CEB8-8B4A-11D0-8D11-00A0C91BC942}") = "stack", "stack\stack.vcxproj", "{0B9825CF-5D0C-47DE-8EDE-A0DB94B773C4}"
EndProject
Project("{8BC9CEB8-8B4A-11D0-8D11-00A0C91BC942}") = "C++_01", "C++_01\C++_01.vcxproj", "{7F6C9017-5138-4797-B939-A946EFDC802E}"
EndProject
Project("{8BC9CEB8-8B4A-11D0-8D11-00A0C91BC942}") = "C++_02", "C++_02\C++_02.vcxproj", "{A548314A-E940-4962-BD95-4D91E0801DBA}"
EndProject
Project("{8BC9CEB8-8B4A-11D0-8D11-00A0C91BC942}") = "C++_03", "C++_03\C++_03.vcxproj", "{7D532100-4F8A-45D6-B20C-D17012314F8C}"
EndProject
Project("{8BC9CEB8-8B4A-11D0-8D11-00A0C91BC942}") = "C++_04", "C++_04\C++_04.vcxproj", "{EFD13CE7-C67E-4A00-8ADE-7890BA759D68}"
EndProject
Project("{8BC9CEB8-8B4A-11D0-8D11-00A0C91BC942}") = "C++_05", "C++_05\C++_05.vcxproj", "{8AB577CC-094C-4A30-800D-67429F6411CC}"
EndProject
Project("{2150E333-8FDC-42A3-9474-1A3956D46DE8}") = "DS", "DS", "{D3E41BA9-E7DF-4AD8-95C4-A78756CB1971}"
EndProject
Project("{8BC9CEB8-8B4A-11D0-8D11-00A0C91BC942}") = "Octree", "Octree\Octree.vcxproj", "{1D60469D-D9D1-458E-9F35-558B4ECA8AE8}"
EndProject
Project("{8BC9CEB8-8B4A-11D0-8D11-00A0C91BC942}") = "Octree_2", "Octree_2\Octree_2.vcxproj", "{4BC6CCA6-32BD-4C33-920E-F890B43D06C2}"
EndProject
Project("{8BC9CEB8-8B4A-11D0-8D11-00A0C91BC942}") = "Octree_3", "Octree_3\Octree_3.vcxproj", "{2A51E5A2-6A2D-4525-8B3A-5D59E0D58800}"
EndProject
Project("{8BC9CEB8-8B4A-11D0-8D11-00A0C91BC942}") = "Employee", "Employee\Employee.vcxproj", "{C3C186F2-7569-42C3-9EC0-BC956C8A8EE9}"
EndProject
Project("{8BC9CEB8-8B4A-11D0-8D11-00A0C91BC942}") = "OcTree_1", "OcTree_00\OcTree_00.vcxproj", "{DCAFC97D-0E9A-4886-95E8-601867B2A664}"
EndProject
Project("{8BC9CEB8-8B4A-11D0-8D11-00A0C91BC942}") = "WindowsProject1", "WindowsProject1\WindowsProject1.vcxproj", "{AE0EDA4A-A7C5-4BAC-833C-92048F28CDCA}"
EndProject
Project("{8BC9CEB8-8B4A-11D0-8D11-00A0C91BC942}") = "FirstWindow", "FirstWindow\FirstWindow.vcxproj", "{E1576A59-8CA6-4893-8363-558BCF0BD42C}"
EndProject
Project("{2150E333-8FDC-42A3-9474-1A3956D46DE8}") = "Windows", "Windows", "{F9CDFE35-5048-4041-A5FD-8BE9327A16DF}"
EndProject
Project("{8BC9CEB8-8B4A-11D0-8D11-00A0C91BC942}") = "CreateDevice_00", "FirstWindow01\FirstWindow01.vcxproj", "{76553B1E-3804-408D-9D66-CBF08A7ABC69}"
EndProject
Project("{8BC9CEB8-8B4A-11D0-8D11-00A0C91BC942}") = "CreateDevice", "CreateDevice\CreateDevice.vcxproj", "{005F3841-569B-427C-B3F1-BFC8D20A0D60}"
EndProject
Project("{8BC9CEB8-8B4A-11D0-8D11-00A0C91BC942}") = "CreateTexure", "CreateTexture\CreateTexture.vcxproj", "{01C37B7B-8547-401E-9939-6C2B4CFD5209}"
EndProject
Project("{8BC9CEB8-8B4A-11D0-8D11-00A0C91BC942}") = "CreateTexture_3", "CreateTextrue_3\CreateTexture_3.vcxproj", "{A2178C03-BA5D-48BB-B6C2-65A13B237CD9}"
EndProject
Project("{2150E333-8FDC-42A3-9474-1A3956D46DE8}") = "lib", "lib", "{EE273BD3-B0FA-42D0-8576-5A2ABF30A362}"
EndProject
Project("{8BC9CEB8-8B4A-11D0-8D11-00A0C91BC942}") = "CreateRenderObject", "CreateRenderObject\CreateRenderObject.vcxproj", "{2A3CCBC1-7E08-4467-855B-149812826E96}"
EndProject
Project("{8BC9CEB8-8B4A-11D0-8D11-00A0C91BC942}") = "GameCoding", "GameCoding\GameCoding.vcxproj", "{94629D1F-AF32-4C74-B26D-F64204FC64DA}"
EndProject
Project("{8BC9CEB8-8B4A-11D0-8D11-00A0C91BC942}") = "WindowsProject5", "WindowsProject5\WindowsProject5.vcxproj", "{597E43EF-76D1-45FC-83BB-1B446A954728}"
EndProject
Project("{8BC9CEB8-8B4A-11D0-8D11-00A0C91BC942}") = "ConsoleApplication1", "ConsoleApplication1\ConsoleApplication1.vcxproj", "{730DED3C-96A0-4238-9A52-0483AEE36411}"
EndProject
Project("{8BC9CEB8-8B4A-11D0-8D11-00A0C91BC942}") = "TCoreLib", "TCoreLib\TCoreLib.vcxproj", "{53BE47C5-7369-4EE9-A6F9-36D999EA52C9}"
EndProject
Project("{8BC9CEB8-8B4A-11D0-8D11-00A0C91BC942}") = "SampleSplite_01", "SampleSplite_01\SampleSplite_01.vcxproj", "{60B3343C-4890-4E5E-91EB-00AE7F8A8FB4}"
EndProject
Project("{2150E333-8FDC-42A3-9474-1A3956D46DE8}") = "DX", "DX", "{B1E5F0B8-0B0A-49EE-B68E-59ED2B112CF1}"
EndProject
Project("{8BC9CEB8-8B4A-11D0-8D11-00A0C91BC942}") = "GameT", "GameT\GameT.vcxproj", "{DAF7195F-088A-4F00-A877-0FE7C46C0D09}"
EndProject
Project("{8BC9CEB8-8B4A-11D0-8D11-00A0C91BC942}") = "ExpertC++", "ExpertC++\ExpertC++.vcxproj", "{D6CC7144-D28D-42C3-B310-0CE60D3245B9}"
EndProject
Project("{8BC9CEB8-8B4A-11D0-8D11-00A0C91BC942}") = "C++", "C++\C++.vcxproj", "{0582577D-5542-40E3-B4BE-1AE71B9D3210}"
EndProject
Project("{8BC9CEB8-8B4A-11D0-8D11-00A0C91BC942}") = "GameBoard", "chess\chess.vcxproj", "{9706449B-FE23-4B6A-BB7E-44A7B9060AA4}"
EndProject
Project("{8BC9CEB8-8B4A-11D0-8D11-00A0C91BC942}") = "C++_exception", "C++_exception\C++_exception.vcxproj", "{517A811C-4088-4987-9B73-9B53C7F11184}"
EndProject
Project("{8BC9CEB8-8B4A-11D0-8D11-00A0C91BC942}") = "DeepCopy", "DeepCopy\DeepCopy.vcxproj", "{D9DB45FD-C700-43EB-B77E-DB2D32BB2E30}"
EndProject
Project("{8BC9CEB8-8B4A-11D0-8D11-00A0C91BC942}") = "C++_exception_01", "C++_exception_01\C++_exception_01.vcxproj", "{62916279-7DA9-4578-B929-931CE5B64123}"
EndProject
Project("{8BC9CEB8-8B4A-11D0-8D11-00A0C91BC942}") = "C++_exception_02", "C++_exception_02\C++_exception_02.vcxproj", "{749FEDC2-8FFA-4D8F-9A34-EA3076F888ED}"
EndProject
Project("{8BC9CEB8-8B4A-11D0-8D11-00A0C91BC942}") = "C++_exception_03", "C++cxception_03\C++cxception_03.vcxproj", "{6B8FFA39-BB0C-448F-95C7-BC210F2811D9}"
EndProject
Project("{8BC9CEB8-8B4A-11D0-8D11-00A0C91BC942}") = "C++_exception_04", "C++_exception_04\C++_exception_04.vcxproj", "{C591F3F7-BAEF-4F2E-A487-FA79A867644B}"
EndProject
Project("{8BC9CEB8-8B4A-11D0-8D11-00A0C91BC942}") = "SpreadSheet", "SpreadSheet\SpreadSheet.vcxproj", "{9997A50B-74DA-420B-8018-7F89E159B460}"
EndProject
Project("{8BC9CEB8-8B4A-11D0-8D11-00A0C91BC942}") = "Game_00", "Game_00\Game_00.vcxproj", "{484BE170-AA14-468E-AC93-B73B643D3DAB}"
EndProject
Project("{8BC9CEB8-8B4A-11D0-8D11-00A0C91BC942}") = "LinkedList", "LinkedList_0\LinkedList_0.vcxproj", "{CC8C6EBD-BCF5-46D2-95D3-10350B595E8B}"
EndProject
Project("{8BC9CEB8-8B4A-11D0-8D11-00A0C91BC942}") = "Memory", "Memory\Memory.vcxproj", "{45811D4D-547F-4F52-8EB5-7C3596653295}"
EndProject
Project("{2150E333-8FDC-42A3-9474-1A3956D46DE8}") = "STL", "STL", "{E6FB8319-6929-434A-885A-7CB9B8012BA2}"
EndProject
Project("{8BC9CEB8-8B4A-11D0-8D11-00A0C91BC942}") = "TestScores", "TestScores\TestScores.vcxproj", "{0D97BD4E-AC52-4587-8369-471ACD461E04}"
EndProject
Project("{8BC9CEB8-8B4A-11D0-8D11-00A0C91BC942}") = "RoundRobin", "RoundRobin\RoundRobin.vcxproj", "{552EB3FA-004A-49A6-88D8-4FC7EDA25CF3}"
EndProject
Project("{2150E333-8FDC-42A3-9474-1A3956D46DE8}") = "Server", "Server", "{C2F516D7-93E4-46E9-B92F-28712E14C97E}"
EndProject
Project("{8BC9CEB8-8B4A-11D0-8D11-00A0C91BC942}") = "Server_01", "Server_01\Server_01.vcxproj", "{CD5110C7-3F61-4E3A-818D-DD805F4FCD51}"
EndProject
Project("{8BC9CEB8-8B4A-11D0-8D11-00A0C91BC942}") = "StudentEnrollment", "StudentEnrollment\StudentEnrollment.vcxproj", "{C66D2B1D-F667-41E9-956F-021DD854C2A3}"
EndProject
Project("{8BC9CEB8-8B4A-11D0-8D11-00A0C91BC942}") = "PaketBuffer", "PaketBuffer\PaketBuffer.vcxproj", "{E057B1F2-BAB2-46DE-A427-992E35F168AD}"
EndProject
Project("{8BC9CEB8-8B4A-11D0-8D11-00A0C91BC942}") = "Pair", "Pair\Pair.vcxproj", "{EB8D8F2F-3A42-430C-BF31-7ECA00109418}"
EndProject
Project("{8BC9CEB8-8B4A-11D0-8D11-00A0C91BC942}") = "Map", "Map\Map.vcxproj", "{30D1D935-1FA3-44B3-A2CD-9A49602207B6}"
EndProject
Project("{8BC9CEB8-8B4A-11D0-8D11-00A0C91BC942}") = "Multimap", "Multimap\Multimap.vcxproj", "{34928A6B-CBAB-48A3-8571-25153F5AC0B9}"
EndProject
Project("{8BC9CEB8-8B4A-11D0-8D11-00A0C91BC942}") = "Set", "Set\Set.vcxproj", "{8BB9EEA7-3BEA-4ACB-8F11-18A8DC230A00}"
EndProject
Project("{8BC9CEB8-8B4A-11D0-8D11-00A0C91BC942}") = "Function", "Fuction\Fuction.vcxproj", "{9CD82F89-312B-4475-9948-A2C720E620F2}"
EndProject
Project("{8BC9CEB8-8B4A-11D0-8D11-00A0C91BC942}") = "Lambda", "Lambda\Lambda.vcxproj", "{49E75ADB-39E8-4E0F-84A9-DD97DF7A7D8B}"
EndProject
Project("{8BC9CEB8-8B4A-11D0-8D11-00A0C91BC942}") = "Algorithms", "Algorithms\Algorithms.vcxproj", "{D38A91D0-8332-42FA-8DF8-89F8C3BA4CCC}"
EndProject
Project("{8BC9CEB8-8B4A-11D0-8D11-00A0C91BC942}") = "AuditVoterRolls", "AuditVoterRolls\AuditVoterRolls.vcxproj", "{B2018AA4-69EE-407A-8C78-08AAD65C88CC}"
EndProject
Project("{2150E333-8FDC-42A3-9474-1A3956D46DE8}") = "Template", "Template", "{F7B2920F-2F37-470A-BC6D-A0D686E04FA6}"
EndProject
Project("{8BC9CEB8-8B4A-11D0-8D11-00A0C91BC942}") = "Grid", "Grid\Grid.vcxproj", "{DB0B1B4B-8D3B-43E8-AA51-C955713163DD}"
EndProject
Project("{2150E333-8FDC-42A3-9474-1A3956D46DE8}") = "Doit 17", "Doit 17", "{625CA494-D8DA-4A77-A6BB-EEF8876385FB}"
EndProject
Project("{8BC9CEB8-8B4A-11D0-8D11-00A0C91BC942}") = "string00", "string00\string00.vcxproj", "{33A2F3F9-FC05-42E2-ABFD-08D91CC9DF26}"
EndProject
Project("{8BC9CEB8-8B4A-11D0-8D11-00A0C91BC942}") = "string01", "string01\string01.vcxproj", "{AC34731B-D687-428A-9580-C9AC6C03350B}"
EndProject
Project("{8BC9CEB8-8B4A-11D0-8D11-00A0C91BC942}") = "DX11_", "DX11_\DX11_.vcxproj", "{FF88E5F9-1C6D-4438-BFC2-D28E2807AD9A}"
EndProject
Project("{2150E333-8FDC-42A3-9474-1A3956D46DE8}") = "GameEngine", "GameEngine", "{BA36209D-CB8E-4123-BB6B-F6E889ADD900}"
EndProject
Project("{8BC9CEB8-8B4A-11D0-8D11-00A0C91BC942}") = "Engine_Lib", "Project_Lib\Project_Lib.vcxproj", "{38FDC278-DD19-4644-8BF0-7A2B5AA6181F}"
EndProject
Project("{8BC9CEB8-8B4A-11D0-8D11-00A0C91BC942}") = "JSGame", "Project4\Project4.vcxproj", "{339A2792-1209-415E-9A19-45FCD1889670}"
EndProject
Project("{8BC9CEB8-8B4A-11D0-8D11-00A0C91BC942}") = "Test", "Project5\Project5.vcxproj", "{6EE9B308-783D-462E-8996-B0C261349810}"
EndProject
Project("{2150E333-8FDC-42A3-9474-1A3956D46DE8}") = "DP", "DP", "{D16048C9-B209-4908-9A7A-7645104C168B}"
EndProject
Project("{8BC9CEB8-8B4A-11D0-8D11-00A0C91BC942}") = "Composite", "Composite\Composite.vcxproj", "{02598CED-4EF7-474F-A7E4-65F1A706B667}"
EndProject
Project("{8BC9CEB8-8B4A-11D0-8D11-00A0C91BC942}") = "Observer", "Observer\Observer.vcxproj", "{495E8D4D-15FE-4AC4-9B93-87AC827A7FAE}"
EndProject
Project("{8BC9CEB8-8B4A-11D0-8D11-00A0C91BC942}") = "Strategy", "Strategy\Strategy.vcxproj", "{7A52AEB2-AE00-4FD4-BFA9-F98B6EF8F6A1}"
EndProject
Project("{2150E333-8FDC-42A3-9474-1A3956D46DE8}") = "Casting", "Casting", "{521AB284-6CE8-4574-A32A-1D66A9D13D9C}"
EndProject
Project("{8BC9CEB8-8B4A-11D0-8D11-00A0C91BC942}") = "DynamicCasting", "DynamicCasting\DynamicCasting.vcxproj", "{208BF6C6-3D33-4D9F-A5D2-19096BE6F5DD}"
EndProject
Project("{8BC9CEB8-8B4A-11D0-8D11-00A0C91BC942}") = "Vector", "Vector\Vector.vcxproj", "{97503912-0F21-4EBC-91A9-4F7DD0153727}"
EndProject
Project("{8BC9CEB8-8B4A-11D0-8D11-00A0C91BC942}") = "Command", "Command\Command.vcxproj", "{DB6DE2B1-BAC3-4E9B-82CD-488C944C1631}"
EndProject
Project("{8BC9CEB8-8B4A-11D0-8D11-00A0C91BC942}") = "TextRPG", "TextRPG\TextRPG.vcxproj", "{7DD7DC0E-8433-42A9-B1F5-F9BE521688E0}"
EndProject
Project("{8BC9CEB8-8B4A-11D0-8D11-00A0C91BC942}") = "Linked List", "Js_List\Js_List.vcxproj", "{CF5F7BA7-BE0D-42D6-A32E-17D2C6E745D4}"
EndProject
Project("{8BC9CEB8-8B4A-11D0-8D11-00A0C91BC942}") = "String", "String\String.vcxproj", "{290BD7D2-2717-4174-854A-17DA31548F0A}"
EndProject
Project("{8BC9CEB8-8B4A-11D0-8D11-00A0C91BC942}") = "Sort", "Sort\Sort.vcxproj", "{355969DD-432A-4AE9-B890-022E3851A94F}"
EndProject
Project("{8BC9CEB8-8B4A-11D0-8D11-00A0C91BC942}") = "Stack_Queue", "Stack_Queue\Stack_Queue.vcxproj", "{74A3D7E0-3FCA-44A6-B06E-B38CAC64492B}"
EndProject
Project("{8BC9CEB8-8B4A-11D0-8D11-00A0C91BC942}") = "Graph", "Graph\Graph.vcxproj", "{A8F00619-350E-489C-AE94-CBCB26034A38}"
EndProject
Project("{8BC9CEB8-8B4A-11D0-8D11-00A0C91BC942}") = "RandomDevice", "RandomDevice\RandomDevice.vcxproj", "{02F03A5A-7EF4-4FE1-8F06-93B3479D1DAC}"
EndProject
Project("{8BC9CEB8-8B4A-11D0-8D11-00A0C91BC942}") = "Dfs", "Dfs\Dfs.vcxproj", "{731C5E3D-CA34-4BED-AD23-E2742AA7B11E}"
EndProject
Project("{8BC9CEB8-8B4A-11D0-8D11-00A0C91BC942}") = "BFS_00", "Bfs\Bfs.vcxproj", "{41692B92-3437-414D-BC7A-619F807160ED}"
EndProject
Project("{8BC9CEB8-8B4A-11D0-8D11-00A0C91BC942}") = "Mk-2", "Mk-2\Mk-2.vcxproj", "{C582AC99-37A4-4B38-98FF-5ADFB8487C83}"
EndProject
Project("{8BC9CEB8-8B4A-11D0-8D11-00A0C91BC942}") = "BinarySearchTree", "BinarySearchTree\BinarySearchTree.vcxproj", "{E49483A6-EFC2-4583-927C-AC5ADCDC9A24}"
EndProject
Project("{8BC9CEB8-8B4A-11D0-8D11-00A0C91BC942}") = "RBTree", "rbTree\rbTree.vcxproj", "{B4E01212-A79B-4256-88E8-EFE25FF7CFC8}"
EndProject
Project("{8BC9CEB8-8B4A-11D0-8D11-00A0C91BC942}") = "Heap", "Heap\Heap.vcxproj", "{75ADB6BC-3C30-495A-8AF6-5E2D9561B908}"
EndProject
Project("{8BC9CEB8-8B4A-11D0-8D11-00A0C91BC942}") = "Dijkstra", "Dijkstra\Dijkstra.vcxproj", "{C42C5BD6-C9DE-4372-A3F8-E81ADCF333AD}"
EndProject
Project("{8BC9CEB8-8B4A-11D0-8D11-00A0C91BC942}") = "C++_Test", "C++_Test\C++_Test.vcxproj", "{A89FA705-AEE1-42A0-8247-6C1E01A0802F}"
EndProject
Project("{8BC9CEB8-8B4A-11D0-8D11-00A0C91BC942}") = "StudentManagement", "BookManagement\BookManagement.vcxproj", "{9D05D095-B2A3-46F7-B529-20F7C7FE3201}"
EndProject
Project("{8BC9CEB8-8B4A-11D0-8D11-00A0C91BC942}") = "Callback", "Callback\Callback.vcxproj", "{09722A48-D12F-49E5-A248-FBABFD457C45}"
EndProject
Project("{8BC9CEB8-8B4A-11D0-8D11-00A0C91BC942}") = "Hellow_serv", "Hello_Server\Hello_Server.vcxproj", "{EF46854A-8D4A-4597-B2D4-D871D911757E}"
EndProject
Project("{8BC9CEB8-8B4A-11D0-8D11-00A0C91BC942}") = "Hellow_client", "Hellow_client\Hellow_client.vcxproj", "{E83533AC-17AE-45DC-9FBB-91D5E029686A}"
EndProject
Project("{8BC9CEB8-8B4A-11D0-8D11-00A0C91BC942}") = "Chrono", "Chrono\Chrono.vcxproj", "{2060E43F-84D4-4541-8C3D-54A99D33EBA9}"
EndProject
Project("{8BC9CEB8-8B4A-11D0-8D11-00A0C91BC942}") = "Shared_Ptr", "Shared_Ptr\Shared_Ptr.vcxproj", "{F09A4A27-026D-4947-97C8-278F456A3C90}"
EndProject
Project("{8BC9CEB8-8B4A-11D0-8D11-00A0C91BC942}") = "Unique_Ptr", "Unique_Ptr\Unique_Ptr.vcxproj", "{A3824CA6-B28B-46FD-A078-D895130E6323}"
EndProject
Project("{8BC9CEB8-8B4A-11D0-8D11-00A0C91BC942}") = "ConsoleGame", "ConsoleGame\ConsoleGame.vcxproj", "{CAD00B2C-39D8-40F3-AA99-F4434A4BE11E}"
EndProject
Project("{8BC9CEB8-8B4A-11D0-8D11-00A0C91BC942}") = "BFS_01", "BFS_01\BFS_01.vcxproj", "{A6532D01-0472-4F31-AF5D-071D2A249B0E}"
EndProject
Global
	GlobalSection(SolutionConfigurationPlatforms) = preSolution
		Debug|x64 = Debug|x64
		Debug|x86 = Debug|x86
		Release|x64 = Release|x64
		Release|x86 = Release|x86
	EndGlobalSection
	GlobalSection(ProjectConfigurationPlatforms) = postSolution
		{67CEDA99-7E8C-4746-BAB0-70B928865300}.Debug|x64.ActiveCfg = Debug|x64
		{67CEDA99-7E8C-4746-BAB0-70B928865300}.Debug|x64.Build.0 = Debug|x64
		{67CEDA99-7E8C-4746-BAB0-70B928865300}.Debug|x86.ActiveCfg = Debug|Win32
		{67CEDA99-7E8C-4746-BAB0-70B928865300}.Debug|x86.Build.0 = Debug|Win32
		{67CEDA99-7E8C-4746-BAB0-70B928865300}.Release|x64.ActiveCfg = Release|x64
		{67CEDA99-7E8C-4746-BAB0-70B928865300}.Release|x64.Build.0 = Release|x64
		{67CEDA99-7E8C-4746-BAB0-70B928865300}.Release|x86.ActiveCfg = Release|Win32
		{67CEDA99-7E8C-4746-BAB0-70B928865300}.Release|x86.Build.0 = Release|Win32
		{24B3B755-E971-4AA0-A3C5-A35091EA20F6}.Debug|x64.ActiveCfg = Debug|x64
		{24B3B755-E971-4AA0-A3C5-A35091EA20F6}.Debug|x64.Build.0 = Debug|x64
		{24B3B755-E971-4AA0-A3C5-A35091EA20F6}.Debug|x86.ActiveCfg = Debug|Win32
		{24B3B755-E971-4AA0-A3C5-A35091EA20F6}.Debug|x86.Build.0 = Debug|Win32
		{24B3B755-E971-4AA0-A3C5-A35091EA20F6}.Release|x64.ActiveCfg = Release|x64
		{24B3B755-E971-4AA0-A3C5-A35091EA20F6}.Release|x64.Build.0 = Release|x64
		{24B3B755-E971-4AA0-A3C5-A35091EA20F6}.Release|x86.ActiveCfg = Release|Win32
		{24B3B755-E971-4AA0-A3C5-A35091EA20F6}.Release|x86.Build.0 = Release|Win32
		{0F0F9623-2E30-4C28-BFB6-9562163D5CE4}.Debug|x64.ActiveCfg = Debug|x64
		{0F0F9623-2E30-4C28-BFB6-9562163D5CE4}.Debug|x64.Build.0 = Debug|x64
		{0F0F9623-2E30-4C28-BFB6-9562163D5CE4}.Debug|x86.ActiveCfg = Debug|Win32
		{0F0F9623-2E30-4C28-BFB6-9562163D5CE4}.Debug|x86.Build.0 = Debug|Win32
		{0F0F9623-2E30-4C28-BFB6-9562163D5CE4}.Release|x64.ActiveCfg = Release|x64
		{0F0F9623-2E30-4C28-BFB6-9562163D5CE4}.Release|x64.Build.0 = Release|x64
		{0F0F9623-2E30-4C28-BFB6-9562163D5CE4}.Release|x86.ActiveCfg = Release|Win32
		{0F0F9623-2E30-4C28-BFB6-9562163D5CE4}.Release|x86.Build.0 = Release|Win32
		{0B9825CF-5D0C-47DE-8EDE-A0DB94B773C4}.Debug|x64.ActiveCfg = Debug|x64
		{0B9825CF-5D0C-47DE-8EDE-A0DB94B773C4}.Debug|x64.Build.0 = Debug|x64
		{0B9825CF-5D0C-47DE-8EDE-A0DB94B773C4}.Debug|x86.ActiveCfg = Debug|Win32
		{0B9825CF-5D0C-47DE-8EDE-A0DB94B773C4}.Debug|x86.Build.0 = Debug|Win32
		{0B9825CF-5D0C-47DE-8EDE-A0DB94B773C4}.Release|x64.ActiveCfg = Release|x64
		{0B9825CF-5D0C-47DE-8EDE-A0DB94B773C4}.Release|x64.Build.0 = Release|x64
		{0B9825CF-5D0C-47DE-8EDE-A0DB94B773C4}.Release|x86.ActiveCfg = Release|Win32
		{0B9825CF-5D0C-47DE-8EDE-A0DB94B773C4}.Release|x86.Build.0 = Release|Win32
		{7F6C9017-5138-4797-B939-A946EFDC802E}.Debug|x64.ActiveCfg = Debug|x64
		{7F6C9017-5138-4797-B939-A946EFDC802E}.Debug|x64.Build.0 = Debug|x64
		{7F6C9017-5138-4797-B939-A946EFDC802E}.Debug|x86.ActiveCfg = Debug|Win32
		{7F6C9017-5138-4797-B939-A946EFDC802E}.Debug|x86.Build.0 = Debug|Win32
		{7F6C9017-5138-4797-B939-A946EFDC802E}.Release|x64.ActiveCfg = Release|x64
		{7F6C9017-5138-4797-B939-A946EFDC802E}.Release|x64.Build.0 = Release|x64
		{7F6C9017-5138-4797-B939-A946EFDC802E}.Release|x86.ActiveCfg = Release|Win32
		{7F6C9017-5138-4797-B939-A946EFDC802E}.Release|x86.Build.0 = Release|Win32
		{A548314A-E940-4962-BD95-4D91E0801DBA}.Debug|x64.ActiveCfg = Debug|x64
		{A548314A-E940-4962-BD95-4D91E0801DBA}.Debug|x64.Build.0 = Debug|x64
		{A548314A-E940-4962-BD95-4D91E0801DBA}.Debug|x86.ActiveCfg = Debug|Win32
		{A548314A-E940-4962-BD95-4D91E0801DBA}.Debug|x86.Build.0 = Debug|Win32
		{A548314A-E940-4962-BD95-4D91E0801DBA}.Release|x64.ActiveCfg = Release|x64
		{A548314A-E940-4962-BD95-4D91E0801DBA}.Release|x64.Build.0 = Release|x64
		{A548314A-E940-4962-BD95-4D91E0801DBA}.Release|x86.ActiveCfg = Release|Win32
		{A548314A-E940-4962-BD95-4D91E0801DBA}.Release|x86.Build.0 = Release|Win32
		{7D532100-4F8A-45D6-B20C-D17012314F8C}.Debug|x64.ActiveCfg = Debug|x64
		{7D532100-4F8A-45D6-B20C-D17012314F8C}.Debug|x64.Build.0 = Debug|x64
		{7D532100-4F8A-45D6-B20C-D17012314F8C}.Debug|x86.ActiveCfg = Debug|Win32
		{7D532100-4F8A-45D6-B20C-D17012314F8C}.Debug|x86.Build.0 = Debug|Win32
		{7D532100-4F8A-45D6-B20C-D17012314F8C}.Release|x64.ActiveCfg = Release|x64
		{7D532100-4F8A-45D6-B20C-D17012314F8C}.Release|x64.Build.0 = Release|x64
		{7D532100-4F8A-45D6-B20C-D17012314F8C}.Release|x86.ActiveCfg = Release|Win32
		{7D532100-4F8A-45D6-B20C-D17012314F8C}.Release|x86.Build.0 = Release|Win32
		{EFD13CE7-C67E-4A00-8ADE-7890BA759D68}.Debug|x64.ActiveCfg = Debug|x64
		{EFD13CE7-C67E-4A00-8ADE-7890BA759D68}.Debug|x64.Build.0 = Debug|x64
		{EFD13CE7-C67E-4A00-8ADE-7890BA759D68}.Debug|x86.ActiveCfg = Debug|Win32
		{EFD13CE7-C67E-4A00-8ADE-7890BA759D68}.Debug|x86.Build.0 = Debug|Win32
		{EFD13CE7-C67E-4A00-8ADE-7890BA759D68}.Release|x64.ActiveCfg = Release|x64
		{EFD13CE7-C67E-4A00-8ADE-7890BA759D68}.Release|x64.Build.0 = Release|x64
		{EFD13CE7-C67E-4A00-8ADE-7890BA759D68}.Release|x86.ActiveCfg = Release|Win32
		{EFD13CE7-C67E-4A00-8ADE-7890BA759D68}.Release|x86.Build.0 = Release|Win32
		{8AB577CC-094C-4A30-800D-67429F6411CC}.Debug|x64.ActiveCfg = Debug|x64
		{8AB577CC-094C-4A30-800D-67429F6411CC}.Debug|x64.Build.0 = Debug|x64
		{8AB577CC-094C-4A30-800D-67429F6411CC}.Debug|x86.ActiveCfg = Debug|Win32
		{8AB577CC-094C-4A30-800D-67429F6411CC}.Debug|x86.Build.0 = Debug|Win32
		{8AB577CC-094C-4A30-800D-67429F6411CC}.Release|x64.ActiveCfg = Release|x64
		{8AB577CC-094C-4A30-800D-67429F6411CC}.Release|x64.Build.0 = Release|x64
		{8AB577CC-094C-4A30-800D-67429F6411CC}.Release|x86.ActiveCfg = Release|Win32
		{8AB577CC-094C-4A30-800D-67429F6411CC}.Release|x86.Build.0 = Release|Win32
		{1D60469D-D9D1-458E-9F35-558B4ECA8AE8}.Debug|x64.ActiveCfg = Debug|x64
		{1D60469D-D9D1-458E-9F35-558B4ECA8AE8}.Debug|x64.Build.0 = Debug|x64
		{1D60469D-D9D1-458E-9F35-558B4ECA8AE8}.Debug|x86.ActiveCfg = Debug|Win32
		{1D60469D-D9D1-458E-9F35-558B4ECA8AE8}.Debug|x86.Build.0 = Debug|Win32
		{1D60469D-D9D1-458E-9F35-558B4ECA8AE8}.Release|x64.ActiveCfg = Release|x64
		{1D60469D-D9D1-458E-9F35-558B4ECA8AE8}.Release|x64.Build.0 = Release|x64
		{1D60469D-D9D1-458E-9F35-558B4ECA8AE8}.Release|x86.ActiveCfg = Release|Win32
		{1D60469D-D9D1-458E-9F35-558B4ECA8AE8}.Release|x86.Build.0 = Release|Win32
		{4BC6CCA6-32BD-4C33-920E-F890B43D06C2}.Debug|x64.ActiveCfg = Debug|x64
		{4BC6CCA6-32BD-4C33-920E-F890B43D06C2}.Debug|x64.Build.0 = Debug|x64
		{4BC6CCA6-32BD-4C33-920E-F890B43D06C2}.Debug|x86.ActiveCfg = Debug|Win32
		{4BC6CCA6-32BD-4C33-920E-F890B43D06C2}.Debug|x86.Build.0 = Debug|Win32
		{4BC6CCA6-32BD-4C33-920E-F890B43D06C2}.Release|x64.ActiveCfg = Release|x64
		{4BC6CCA6-32BD-4C33-920E-F890B43D06C2}.Release|x64.Build.0 = Release|x64
		{4BC6CCA6-32BD-4C33-920E-F890B43D06C2}.Release|x86.ActiveCfg = Release|Win32
		{4BC6CCA6-32BD-4C33-920E-F890B43D06C2}.Release|x86.Build.0 = Release|Win32
		{2A51E5A2-6A2D-4525-8B3A-5D59E0D58800}.Debug|x64.ActiveCfg = Debug|x64
		{2A51E5A2-6A2D-4525-8B3A-5D59E0D58800}.Debug|x64.Build.0 = Debug|x64
		{2A51E5A2-6A2D-4525-8B3A-5D59E0D58800}.Debug|x86.ActiveCfg = Debug|Win32
		{2A51E5A2-6A2D-4525-8B3A-5D59E0D58800}.Debug|x86.Build.0 = Debug|Win32
		{2A51E5A2-6A2D-4525-8B3A-5D59E0D58800}.Release|x64.ActiveCfg = Release|x64
		{2A51E5A2-6A2D-4525-8B3A-5D59E0D58800}.Release|x64.Build.0 = Release|x64
		{2A51E5A2-6A2D-4525-8B3A-5D59E0D58800}.Release|x86.ActiveCfg = Release|Win32
		{2A51E5A2-6A2D-4525-8B3A-5D59E0D58800}.Release|x86.Build.0 = Release|Win32
		{C3C186F2-7569-42C3-9EC0-BC956C8A8EE9}.Debug|x64.ActiveCfg = Debug|x64
		{C3C186F2-7569-42C3-9EC0-BC956C8A8EE9}.Debug|x64.Build.0 = Debug|x64
		{C3C186F2-7569-42C3-9EC0-BC956C8A8EE9}.Debug|x86.ActiveCfg = Debug|Win32
		{C3C186F2-7569-42C3-9EC0-BC956C8A8EE9}.Debug|x86.Build.0 = Debug|Win32
		{C3C186F2-7569-42C3-9EC0-BC956C8A8EE9}.Release|x64.ActiveCfg = Release|x64
		{C3C186F2-7569-42C3-9EC0-BC956C8A8EE9}.Release|x64.Build.0 = Release|x64
		{C3C186F2-7569-42C3-9EC0-BC956C8A8EE9}.Release|x86.ActiveCfg = Release|Win32
		{C3C186F2-7569-42C3-9EC0-BC956C8A8EE9}.Release|x86.Build.0 = Release|Win32
		{DCAFC97D-0E9A-4886-95E8-601867B2A664}.Debug|x64.ActiveCfg = Debug|x64
		{DCAFC97D-0E9A-4886-95E8-601867B2A664}.Debug|x64.Build.0 = Debug|x64
		{DCAFC97D-0E9A-4886-95E8-601867B2A664}.Debug|x86.ActiveCfg = Debug|Win32
		{DCAFC97D-0E9A-4886-95E8-601867B2A664}.Debug|x86.Build.0 = Debug|Win32
		{DCAFC97D-0E9A-4886-95E8-601867B2A664}.Release|x64.ActiveCfg = Release|x64
		{DCAFC97D-0E9A-4886-95E8-601867B2A664}.Release|x64.Build.0 = Release|x64
		{DCAFC97D-0E9A-4886-95E8-601867B2A664}.Release|x86.ActiveCfg = Release|Win32
		{DCAFC97D-0E9A-4886-95E8-601867B2A664}.Release|x86.Build.0 = Release|Win32
		{AE0EDA4A-A7C5-4BAC-833C-92048F28CDCA}.Debug|x64.ActiveCfg = Debug|x64
		{AE0EDA4A-A7C5-4BAC-833C-92048F28CDCA}.Debug|x64.Build.0 = Debug|x64
		{AE0EDA4A-A7C5-4BAC-833C-92048F28CDCA}.Debug|x86.ActiveCfg = Debug|Win32
		{AE0EDA4A-A7C5-4BAC-833C-92048F28CDCA}.Debug|x86.Build.0 = Debug|Win32
		{AE0EDA4A-A7C5-4BAC-833C-92048F28CDCA}.Release|x64.ActiveCfg = Release|x64
		{AE0EDA4A-A7C5-4BAC-833C-92048F28CDCA}.Release|x64.Build.0 = Release|x64
		{AE0EDA4A-A7C5-4BAC-833C-92048F28CDCA}.Release|x86.ActiveCfg = Release|Win32
		{AE0EDA4A-A7C5-4BAC-833C-92048F28CDCA}.Release|x86.Build.0 = Release|Win32
		{E1576A59-8CA6-4893-8363-558BCF0BD42C}.Debug|x64.ActiveCfg = Debug|x64
		{E1576A59-8CA6-4893-8363-558BCF0BD42C}.Debug|x64.Build.0 = Debug|x64
		{E1576A59-8CA6-4893-8363-558BCF0BD42C}.Debug|x86.ActiveCfg = Debug|Win32
		{E1576A59-8CA6-4893-8363-558BCF0BD42C}.Debug|x86.Build.0 = Debug|Win32
		{E1576A59-8CA6-4893-8363-558BCF0BD42C}.Release|x64.ActiveCfg = Release|x64
		{E1576A59-8CA6-4893-8363-558BCF0BD42C}.Release|x64.Build.0 = Release|x64
		{E1576A59-8CA6-4893-8363-558BCF0BD42C}.Release|x86.ActiveCfg = Release|Win32
		{E1576A59-8CA6-4893-8363-558BCF0BD42C}.Release|x86.Build.0 = Release|Win32
		{76553B1E-3804-408D-9D66-CBF08A7ABC69}.Debug|x64.ActiveCfg = Debug|x64
		{76553B1E-3804-408D-9D66-CBF08A7ABC69}.Debug|x64.Build.0 = Debug|x64
		{76553B1E-3804-408D-9D66-CBF08A7ABC69}.Debug|x86.ActiveCfg = Debug|Win32
		{76553B1E-3804-408D-9D66-CBF08A7ABC69}.Debug|x86.Build.0 = Debug|Win32
		{76553B1E-3804-408D-9D66-CBF08A7ABC69}.Release|x64.ActiveCfg = Release|x64
		{76553B1E-3804-408D-9D66-CBF08A7ABC69}.Release|x64.Build.0 = Release|x64
		{76553B1E-3804-408D-9D66-CBF08A7ABC69}.Release|x86.ActiveCfg = Release|Win32
		{76553B1E-3804-408D-9D66-CBF08A7ABC69}.Release|x86.Build.0 = Release|Win32
		{005F3841-569B-427C-B3F1-BFC8D20A0D60}.Debug|x64.ActiveCfg = Debug|x64
		{005F3841-569B-427C-B3F1-BFC8D20A0D60}.Debug|x64.Build.0 = Debug|x64
		{005F3841-569B-427C-B3F1-BFC8D20A0D60}.Debug|x86.ActiveCfg = Debug|Win32
		{005F3841-569B-427C-B3F1-BFC8D20A0D60}.Debug|x86.Build.0 = Debug|Win32
		{005F3841-569B-427C-B3F1-BFC8D20A0D60}.Release|x64.ActiveCfg = Release|x64
		{005F3841-569B-427C-B3F1-BFC8D20A0D60}.Release|x64.Build.0 = Release|x64
		{005F3841-569B-427C-B3F1-BFC8D20A0D60}.Release|x86.ActiveCfg = Release|Win32
		{005F3841-569B-427C-B3F1-BFC8D20A0D60}.Release|x86.Build.0 = Release|Win32
		{01C37B7B-8547-401E-9939-6C2B4CFD5209}.Debug|x64.ActiveCfg = Debug|x64
		{01C37B7B-8547-401E-9939-6C2B4CFD5209}.Debug|x64.Build.0 = Debug|x64
		{01C37B7B-8547-401E-9939-6C2B4CFD5209}.Debug|x86.ActiveCfg = Debug|Win32
		{01C37B7B-8547-401E-9939-6C2B4CFD5209}.Debug|x86.Build.0 = Debug|Win32
		{01C37B7B-8547-401E-9939-6C2B4CFD5209}.Release|x64.ActiveCfg = Release|x64
		{01C37B7B-8547-401E-9939-6C2B4CFD5209}.Release|x64.Build.0 = Release|x64
		{01C37B7B-8547-401E-9939-6C2B4CFD5209}.Release|x86.ActiveCfg = Release|Win32
		{01C37B7B-8547-401E-9939-6C2B4CFD5209}.Release|x86.Build.0 = Release|Win32
		{A2178C03-BA5D-48BB-B6C2-65A13B237CD9}.Debug|x64.ActiveCfg = Debug|x64
		{A2178C03-BA5D-48BB-B6C2-65A13B237CD9}.Debug|x64.Build.0 = Debug|x64
		{A2178C03-BA5D-48BB-B6C2-65A13B237CD9}.Debug|x86.ActiveCfg = Debug|Win32
		{A2178C03-BA5D-48BB-B6C2-65A13B237CD9}.Debug|x86.Build.0 = Debug|Win32
		{A2178C03-BA5D-48BB-B6C2-65A13B237CD9}.Release|x64.ActiveCfg = Release|x64
		{A2178C03-BA5D-48BB-B6C2-65A13B237CD9}.Release|x64.Build.0 = Release|x64
		{A2178C03-BA5D-48BB-B6C2-65A13B237CD9}.Release|x86.ActiveCfg = Release|Win32
		{A2178C03-BA5D-48BB-B6C2-65A13B237CD9}.Release|x86.Build.0 = Release|Win32
		{2A3CCBC1-7E08-4467-855B-149812826E96}.Debug|x64.ActiveCfg = Debug|x64
		{2A3CCBC1-7E08-4467-855B-149812826E96}.Debug|x64.Build.0 = Debug|x64
		{2A3CCBC1-7E08-4467-855B-149812826E96}.Debug|x86.ActiveCfg = Debug|Win32
		{2A3CCBC1-7E08-4467-855B-149812826E96}.Debug|x86.Build.0 = Debug|Win32
		{2A3CCBC1-7E08-4467-855B-149812826E96}.Release|x64.ActiveCfg = Release|x64
		{2A3CCBC1-7E08-4467-855B-149812826E96}.Release|x64.Build.0 = Release|x64
		{2A3CCBC1-7E08-4467-855B-149812826E96}.Release|x86.ActiveCfg = Release|Win32
		{2A3CCBC1-7E08-4467-855B-149812826E96}.Release|x86.Build.0 = Release|Win32
		{94629D1F-AF32-4C74-B26D-F64204FC64DA}.Debug|x64.ActiveCfg = Debug|x64
		{94629D1F-AF32-4C74-B26D-F64204FC64DA}.Debug|x64.Build.0 = Debug|x64
		{94629D1F-AF32-4C74-B26D-F64204FC64DA}.Debug|x86.ActiveCfg = Debug|Win32
		{94629D1F-AF32-4C74-B26D-F64204FC64DA}.Debug|x86.Build.0 = Debug|Win32
		{94629D1F-AF32-4C74-B26D-F64204FC64DA}.Release|x64.ActiveCfg = Release|x64
		{94629D1F-AF32-4C74-B26D-F64204FC64DA}.Release|x64.Build.0 = Release|x64
		{94629D1F-AF32-4C74-B26D-F64204FC64DA}.Release|x86.ActiveCfg = Release|Win32
		{94629D1F-AF32-4C74-B26D-F64204FC64DA}.Release|x86.Build.0 = Release|Win32
		{597E43EF-76D1-45FC-83BB-1B446A954728}.Debug|x64.ActiveCfg = Debug|x64
		{597E43EF-76D1-45FC-83BB-1B446A954728}.Debug|x64.Build.0 = Debug|x64
		{597E43EF-76D1-45FC-83BB-1B446A954728}.Debug|x86.ActiveCfg = Debug|Win32
		{597E43EF-76D1-45FC-83BB-1B446A954728}.Debug|x86.Build.0 = Debug|Win32
		{597E43EF-76D1-45FC-83BB-1B446A954728}.Release|x64.ActiveCfg = Release|x64
		{597E43EF-76D1-45FC-83BB-1B446A954728}.Release|x64.Build.0 = Release|x64
		{597E43EF-76D1-45FC-83BB-1B446A954728}.Release|x86.ActiveCfg = Release|Win32
		{597E43EF-76D1-45FC-83BB-1B446A954728}.Release|x86.Build.0 = Release|Win32
		{730DED3C-96A0-4238-9A52-0483AEE36411}.Debug|x64.ActiveCfg = Debug|x64
		{730DED3C-96A0-4238-9A52-0483AEE36411}.Debug|x64.Build.0 = Debug|x64
		{730DED3C-96A0-4238-9A52-0483AEE36411}.Debug|x86.ActiveCfg = Debug|Win32
		{730DED3C-96A0-4238-9A52-0483AEE36411}.Debug|x86.Build.0 = Debug|Win32
		{730DED3C-96A0-4238-9A52-0483AEE36411}.Release|x64.ActiveCfg = Release|x64
		{730DED3C-96A0-4238-9A52-0483AEE36411}.Release|x64.Build.0 = Release|x64
		{730DED3C-96A0-4238-9A52-0483AEE36411}.Release|x86.ActiveCfg = Release|Win32
		{730DED3C-96A0-4238-9A52-0483AEE36411}.Release|x86.Build.0 = Release|Win32
		{53BE47C5-7369-4EE9-A6F9-36D999EA52C9}.Debug|x64.ActiveCfg = Debug|x64
		{53BE47C5-7369-4EE9-A6F9-36D999EA52C9}.Debug|x64.Build.0 = Debug|x64
		{53BE47C5-7369-4EE9-A6F9-36D999EA52C9}.Debug|x86.ActiveCfg = Debug|Win32
		{53BE47C5-7369-4EE9-A6F9-36D999EA52C9}.Debug|x86.Build.0 = Debug|Win32
		{53BE47C5-7369-4EE9-A6F9-36D999EA52C9}.Release|x64.ActiveCfg = Release|x64
		{53BE47C5-7369-4EE9-A6F9-36D999EA52C9}.Release|x64.Build.0 = Release|x64
		{53BE47C5-7369-4EE9-A6F9-36D999EA52C9}.Release|x86.ActiveCfg = Release|Win32
		{53BE47C5-7369-4EE9-A6F9-36D999EA52C9}.Release|x86.Build.0 = Release|Win32
		{60B3343C-4890-4E5E-91EB-00AE7F8A8FB4}.Debug|x64.ActiveCfg = Debug|x64
		{60B3343C-4890-4E5E-91EB-00AE7F8A8FB4}.Debug|x64.Build.0 = Debug|x64
		{60B3343C-4890-4E5E-91EB-00AE7F8A8FB4}.Debug|x86.ActiveCfg = Debug|Win32
		{60B3343C-4890-4E5E-91EB-00AE7F8A8FB4}.Debug|x86.Build.0 = Debug|Win32
		{60B3343C-4890-4E5E-91EB-00AE7F8A8FB4}.Release|x64.ActiveCfg = Release|x64
		{60B3343C-4890-4E5E-91EB-00AE7F8A8FB4}.Release|x64.Build.0 = Release|x64
		{60B3343C-4890-4E5E-91EB-00AE7F8A8FB4}.Release|x86.ActiveCfg = Release|Win32
		{60B3343C-4890-4E5E-91EB-00AE7F8A8FB4}.Release|x86.Build.0 = Release|Win32
		{DAF7195F-088A-4F00-A877-0FE7C46C0D09}.Debug|x64.ActiveCfg = Debug|x64
		{DAF7195F-088A-4F00-A877-0FE7C46C0D09}.Debug|x64.Build.0 = Debug|x64
		{DAF7195F-088A-4F00-A877-0FE7C46C0D09}.Debug|x86.ActiveCfg = Debug|Win32
		{DAF7195F-088A-4F00-A877-0FE7C46C0D09}.Debug|x86.Build.0 = Debug|Win32
		{DAF7195F-088A-4F00-A877-0FE7C46C0D09}.Release|x64.ActiveCfg = Release|x64
		{DAF7195F-088A-4F00-A877-0FE7C46C0D09}.Release|x64.Build.0 = Release|x64
		{DAF7195F-088A-4F00-A877-0FE7C46C0D09}.Release|x86.ActiveCfg = Release|Win32
		{DAF7195F-088A-4F00-A877-0FE7C46C0D09}.Release|x86.Build.0 = Release|Win32
		{D6CC7144-D28D-42C3-B310-0CE60D3245B9}.Debug|x64.ActiveCfg = Debug|x64
		{D6CC7144-D28D-42C3-B310-0CE60D3245B9}.Debug|x64.Build.0 = Debug|x64
		{D6CC7144-D28D-42C3-B310-0CE60D3245B9}.Debug|x86.ActiveCfg = Debug|Win32
		{D6CC7144-D28D-42C3-B310-0CE60D3245B9}.Debug|x86.Build.0 = Debug|Win32
		{D6CC7144-D28D-42C3-B310-0CE60D3245B9}.Release|x64.ActiveCfg = Release|x64
		{D6CC7144-D28D-42C3-B310-0CE60D3245B9}.Release|x64.Build.0 = Release|x64
		{D6CC7144-D28D-42C3-B310-0CE60D3245B9}.Release|x86.ActiveCfg = Release|Win32
		{D6CC7144-D28D-42C3-B310-0CE60D3245B9}.Release|x86.Build.0 = Release|Win32
		{0582577D-5542-40E3-B4BE-1AE71B9D3210}.Debug|x64.ActiveCfg = Debug|x64
		{0582577D-5542-40E3-B4BE-1AE71B9D3210}.Debug|x64.Build.0 = Debug|x64
		{0582577D-5542-40E3-B4BE-1AE71B9D3210}.Debug|x86.ActiveCfg = Debug|Win32
		{0582577D-5542-40E3-B4BE-1AE71B9D3210}.Debug|x86.Build.0 = Debug|Win32
		{0582577D-5542-40E3-B4BE-1AE71B9D3210}.Release|x64.ActiveCfg = Release|x64
		{0582577D-5542-40E3-B4BE-1AE71B9D3210}.Release|x64.Build.0 = Release|x64
		{0582577D-5542-40E3-B4BE-1AE71B9D3210}.Release|x86.ActiveCfg = Release|Win32
		{0582577D-5542-40E3-B4BE-1AE71B9D3210}.Release|x86.Build.0 = Release|Win32
		{9706449B-FE23-4B6A-BB7E-44A7B9060AA4}.Debug|x64.ActiveCfg = Debug|x64
		{9706449B-FE23-4B6A-BB7E-44A7B9060AA4}.Debug|x64.Build.0 = Debug|x64
		{9706449B-FE23-4B6A-BB7E-44A7B9060AA4}.Debug|x86.ActiveCfg = Debug|Win32
		{9706449B-FE23-4B6A-BB7E-44A7B9060AA4}.Debug|x86.Build.0 = Debug|Win32
		{9706449B-FE23-4B6A-BB7E-44A7B9060AA4}.Release|x64.ActiveCfg = Release|x64
		{9706449B-FE23-4B6A-BB7E-44A7B9060AA4}.Release|x64.Build.0 = Release|x64
		{9706449B-FE23-4B6A-BB7E-44A7B9060AA4}.Release|x86.ActiveCfg = Release|Win32
		{9706449B-FE23-4B6A-BB7E-44A7B9060AA4}.Release|x86.Build.0 = Release|Win32
		{517A811C-4088-4987-9B73-9B53C7F11184}.Debug|x64.ActiveCfg = Debug|x64
		{517A811C-4088-4987-9B73-9B53C7F11184}.Debug|x64.Build.0 = Debug|x64
		{517A811C-4088-4987-9B73-9B53C7F11184}.Debug|x86.ActiveCfg = Debug|Win32
		{517A811C-4088-4987-9B73-9B53C7F11184}.Debug|x86.Build.0 = Debug|Win32
		{517A811C-4088-4987-9B73-9B53C7F11184}.Release|x64.ActiveCfg = Release|x64
		{517A811C-4088-4987-9B73-9B53C7F11184}.Release|x64.Build.0 = Release|x64
		{517A811C-4088-4987-9B73-9B53C7F11184}.Release|x86.ActiveCfg = Release|Win32
		{517A811C-4088-4987-9B73-9B53C7F11184}.Release|x86.Build.0 = Release|Win32
		{D9DB45FD-C700-43EB-B77E-DB2D32BB2E30}.Debug|x64.ActiveCfg = Debug|x64
		{D9DB45FD-C700-43EB-B77E-DB2D32BB2E30}.Debug|x64.Build.0 = Debug|x64
		{D9DB45FD-C700-43EB-B77E-DB2D32BB2E30}.Debug|x86.ActiveCfg = Debug|Win32
		{D9DB45FD-C700-43EB-B77E-DB2D32BB2E30}.Debug|x86.Build.0 = Debug|Win32
		{D9DB45FD-C700-43EB-B77E-DB2D32BB2E30}.Release|x64.ActiveCfg = Release|x64
		{D9DB45FD-C700-43EB-B77E-DB2D32BB2E30}.Release|x64.Build.0 = Release|x64
		{D9DB45FD-C700-43EB-B77E-DB2D32BB2E30}.Release|x86.ActiveCfg = Release|Win32
		{D9DB45FD-C700-43EB-B77E-DB2D32BB2E30}.Release|x86.Build.0 = Release|Win32
		{62916279-7DA9-4578-B929-931CE5B64123}.Debug|x64.ActiveCfg = Debug|x64
		{62916279-7DA9-4578-B929-931CE5B64123}.Debug|x64.Build.0 = Debug|x64
		{62916279-7DA9-4578-B929-931CE5B64123}.Debug|x86.ActiveCfg = Debug|Win32
		{62916279-7DA9-4578-B929-931CE5B64123}.Debug|x86.Build.0 = Debug|Win32
		{62916279-7DA9-4578-B929-931CE5B64123}.Release|x64.ActiveCfg = Release|x64
		{62916279-7DA9-4578-B929-931CE5B64123}.Release|x64.Build.0 = Release|x64
		{62916279-7DA9-4578-B929-931CE5B64123}.Release|x86.ActiveCfg = Release|Win32
		{62916279-7DA9-4578-B929-931CE5B64123}.Release|x86.Build.0 = Release|Win32
		{749FEDC2-8FFA-4D8F-9A34-EA3076F888ED}.Debug|x64.ActiveCfg = Debug|x64
		{749FEDC2-8FFA-4D8F-9A34-EA3076F888ED}.Debug|x64.Build.0 = Debug|x64
		{749FEDC2-8FFA-4D8F-9A34-EA3076F888ED}.Debug|x86.ActiveCfg = Debug|Win32
		{749FEDC2-8FFA-4D8F-9A34-EA3076F888ED}.Debug|x86.Build.0 = Debug|Win32
		{749FEDC2-8FFA-4D8F-9A34-EA3076F888ED}.Release|x64.ActiveCfg = Release|x64
		{749FEDC2-8FFA-4D8F-9A34-EA3076F888ED}.Release|x64.Build.0 = Release|x64
		{749FEDC2-8FFA-4D8F-9A34-EA3076F888ED}.Release|x86.ActiveCfg = Release|Win32
		{749FEDC2-8FFA-4D8F-9A34-EA3076F888ED}.Release|x86.Build.0 = Release|Win32
		{6B8FFA39-BB0C-448F-95C7-BC210F2811D9}.Debug|x64.ActiveCfg = Debug|x64
		{6B8FFA39-BB0C-448F-95C7-BC210F2811D9}.Debug|x64.Build.0 = Debug|x64
		{6B8FFA39-BB0C-448F-95C7-BC210F2811D9}.Debug|x86.ActiveCfg = Debug|Win32
		{6B8FFA39-BB0C-448F-95C7-BC210F2811D9}.Debug|x86.Build.0 = Debug|Win32
		{6B8FFA39-BB0C-448F-95C7-BC210F2811D9}.Release|x64.ActiveCfg = Release|x64
		{6B8FFA39-BB0C-448F-95C7-BC210F2811D9}.Release|x64.Build.0 = Release|x64
		{6B8FFA39-BB0C-448F-95C7-BC210F2811D9}.Release|x86.ActiveCfg = Release|Win32
		{6B8FFA39-BB0C-448F-95C7-BC210F2811D9}.Release|x86.Build.0 = Release|Win32
		{C591F3F7-BAEF-4F2E-A487-FA79A867644B}.Debug|x64.ActiveCfg = Debug|x64
		{C591F3F7-BAEF-4F2E-A487-FA79A867644B}.Debug|x64.Build.0 = Debug|x64
		{C591F3F7-BAEF-4F2E-A487-FA79A867644B}.Debug|x86.ActiveCfg = Debug|Win32
		{C591F3F7-BAEF-4F2E-A487-FA79A867644B}.Debug|x86.Build.0 = Debug|Win32
		{C591F3F7-BAEF-4F2E-A487-FA79A867644B}.Release|x64.ActiveCfg = Release|x64
		{C591F3F7-BAEF-4F2E-A487-FA79A867644B}.Release|x64.Build.0 = Release|x64
		{C591F3F7-BAEF-4F2E-A487-FA79A867644B}.Release|x86.ActiveCfg = Release|Win32
		{C591F3F7-BAEF-4F2E-A487-FA79A867644B}.Release|x86.Build.0 = Release|Win32
		{9997A50B-74DA-420B-8018-7F89E159B460}.Debug|x64.ActiveCfg = Debug|x64
		{9997A50B-74DA-420B-8018-7F89E159B460}.Debug|x64.Build.0 = Debug|x64
		{9997A50B-74DA-420B-8018-7F89E159B460}.Debug|x86.ActiveCfg = Debug|Win32
		{9997A50B-74DA-420B-8018-7F89E159B460}.Debug|x86.Build.0 = Debug|Win32
		{9997A50B-74DA-420B-8018-7F89E159B460}.Release|x64.ActiveCfg = Release|x64
		{9997A50B-74DA-420B-8018-7F89E159B460}.Release|x64.Build.0 = Release|x64
		{9997A50B-74DA-420B-8018-7F89E159B460}.Release|x86.ActiveCfg = Release|Win32
		{9997A50B-74DA-420B-8018-7F89E159B460}.Release|x86.Build.0 = Release|Win32
		{484BE170-AA14-468E-AC93-B73B643D3DAB}.Debug|x64.ActiveCfg = Debug|x64
		{484BE170-AA14-468E-AC93-B73B643D3DAB}.Debug|x64.Build.0 = Debug|x64
		{484BE170-AA14-468E-AC93-B73B643D3DAB}.Debug|x86.ActiveCfg = Debug|Win32
		{484BE170-AA14-468E-AC93-B73B643D3DAB}.Debug|x86.Build.0 = Debug|Win32
		{484BE170-AA14-468E-AC93-B73B643D3DAB}.Release|x64.ActiveCfg = Release|x64
		{484BE170-AA14-468E-AC93-B73B643D3DAB}.Release|x64.Build.0 = Release|x64
		{484BE170-AA14-468E-AC93-B73B643D3DAB}.Release|x86.ActiveCfg = Release|Win32
		{484BE170-AA14-468E-AC93-B73B643D3DAB}.Release|x86.Build.0 = Release|Win32
		{CC8C6EBD-BCF5-46D2-95D3-10350B595E8B}.Debug|x64.ActiveCfg = Debug|x64
		{CC8C6EBD-BCF5-46D2-95D3-10350B595E8B}.Debug|x64.Build.0 = Debug|x64
		{CC8C6EBD-BCF5-46D2-95D3-10350B595E8B}.Debug|x86.ActiveCfg = Debug|Win32
		{CC8C6EBD-BCF5-46D2-95D3-10350B595E8B}.Debug|x86.Build.0 = Debug|Win32
		{CC8C6EBD-BCF5-46D2-95D3-10350B595E8B}.Release|x64.ActiveCfg = Release|x64
		{CC8C6EBD-BCF5-46D2-95D3-10350B595E8B}.Release|x64.Build.0 = Release|x64
		{CC8C6EBD-BCF5-46D2-95D3-10350B595E8B}.Release|x86.ActiveCfg = Release|Win32
		{CC8C6EBD-BCF5-46D2-95D3-10350B595E8B}.Release|x86.Build.0 = Release|Win32
		{45811D4D-547F-4F52-8EB5-7C3596653295}.Debug|x64.ActiveCfg = Debug|x64
		{45811D4D-547F-4F52-8EB5-7C3596653295}.Debug|x64.Build.0 = Debug|x64
		{45811D4D-547F-4F52-8EB5-7C3596653295}.Debug|x86.ActiveCfg = Debug|Win32
		{45811D4D-547F-4F52-8EB5-7C3596653295}.Debug|x86.Build.0 = Debug|Win32
		{45811D4D-547F-4F52-8EB5-7C3596653295}.Release|x64.ActiveCfg = Release|x64
		{45811D4D-547F-4F52-8EB5-7C3596653295}.Release|x64.Build.0 = Release|x64
		{45811D4D-547F-4F52-8EB5-7C3596653295}.Release|x86.ActiveCfg = Release|Win32
		{45811D4D-547F-4F52-8EB5-7C3596653295}.Release|x86.Build.0 = Release|Win32
		{0D97BD4E-AC52-4587-8369-471ACD461E04}.Debug|x64.ActiveCfg = Debug|x64
		{0D97BD4E-AC52-4587-8369-471ACD461E04}.Debug|x64.Build.0 = Debug|x64
		{0D97BD4E-AC52-4587-8369-471ACD461E04}.Debug|x86.ActiveCfg = Debug|Win32
		{0D97BD4E-AC52-4587-8369-471ACD461E04}.Debug|x86.Build.0 = Debug|Win32
		{0D97BD4E-AC52-4587-8369-471ACD461E04}.Release|x64.ActiveCfg = Release|x64
		{0D97BD4E-AC52-4587-8369-471ACD461E04}.Release|x64.Build.0 = Release|x64
		{0D97BD4E-AC52-4587-8369-471ACD461E04}.Release|x86.ActiveCfg = Release|Win32
		{0D97BD4E-AC52-4587-8369-471ACD461E04}.Release|x86.Build.0 = Release|Win32
		{552EB3FA-004A-49A6-88D8-4FC7EDA25CF3}.Debug|x64.ActiveCfg = Debug|x64
		{552EB3FA-004A-49A6-88D8-4FC7EDA25CF3}.Debug|x64.Build.0 = Debug|x64
		{552EB3FA-004A-49A6-88D8-4FC7EDA25CF3}.Debug|x86.ActiveCfg = Debug|Win32
		{552EB3FA-004A-49A6-88D8-4FC7EDA25CF3}.Debug|x86.Build.0 = Debug|Win32
		{552EB3FA-004A-49A6-88D8-4FC7EDA25CF3}.Release|x64.ActiveCfg = Release|x64
		{552EB3FA-004A-49A6-88D8-4FC7EDA25CF3}.Release|x64.Build.0 = Release|x64
		{552EB3FA-004A-49A6-88D8-4FC7EDA25CF3}.Release|x86.ActiveCfg = Release|Win32
		{552EB3FA-004A-49A6-88D8-4FC7EDA25CF3}.Release|x86.Build.0 = Release|Win32
		{CD5110C7-3F61-4E3A-818D-DD805F4FCD51}.Debug|x64.ActiveCfg = Debug|x64
		{CD5110C7-3F61-4E3A-818D-DD805F4FCD51}.Debug|x64.Build.0 = Debug|x64
		{CD5110C7-3F61-4E3A-818D-DD805F4FCD51}.Debug|x86.ActiveCfg = Debug|Win32
		{CD5110C7-3F61-4E3A-818D-DD805F4FCD51}.Debug|x86.Build.0 = Debug|Win32
		{CD5110C7-3F61-4E3A-818D-DD805F4FCD51}.Release|x64.ActiveCfg = Release|x64
		{CD5110C7-3F61-4E3A-818D-DD805F4FCD51}.Release|x64.Build.0 = Release|x64
		{CD5110C7-3F61-4E3A-818D-DD805F4FCD51}.Release|x86.ActiveCfg = Release|Win32
		{CD5110C7-3F61-4E3A-818D-DD805F4FCD51}.Release|x86.Build.0 = Release|Win32
		{C66D2B1D-F667-41E9-956F-021DD854C2A3}.Debug|x64.ActiveCfg = Debug|x64
		{C66D2B1D-F667-41E9-956F-021DD854C2A3}.Debug|x64.Build.0 = Debug|x64
		{C66D2B1D-F667-41E9-956F-021DD854C2A3}.Debug|x86.ActiveCfg = Debug|Win32
		{C66D2B1D-F667-41E9-956F-021DD854C2A3}.Debug|x86.Build.0 = Debug|Win32
		{C66D2B1D-F667-41E9-956F-021DD854C2A3}.Release|x64.ActiveCfg = Release|x64
		{C66D2B1D-F667-41E9-956F-021DD854C2A3}.Release|x64.Build.0 = Release|x64
		{C66D2B1D-F667-41E9-956F-021DD854C2A3}.Release|x86.ActiveCfg = Release|Win32
		{C66D2B1D-F667-41E9-956F-021DD854C2A3}.Release|x86.Build.0 = Release|Win32
		{E057B1F2-BAB2-46DE-A427-992E35F168AD}.Debug|x64.ActiveCfg = Debug|x64
		{E057B1F2-BAB2-46DE-A427-992E35F168AD}.Debug|x64.Build.0 = Debug|x64
		{E057B1F2-BAB2-46DE-A427-992E35F168AD}.Debug|x86.ActiveCfg = Debug|Win32
		{E057B1F2-BAB2-46DE-A427-992E35F168AD}.Debug|x86.Build.0 = Debug|Win32
		{E057B1F2-BAB2-46DE-A427-992E35F168AD}.Release|x64.ActiveCfg = Release|x64
		{E057B1F2-BAB2-46DE-A427-992E35F168AD}.Release|x64.Build.0 = Release|x64
		{E057B1F2-BAB2-46DE-A427-992E35F168AD}.Release|x86.ActiveCfg = Release|Win32
		{E057B1F2-BAB2-46DE-A427-992E35F168AD}.Release|x86.Build.0 = Release|Win32
		{EB8D8F2F-3A42-430C-BF31-7ECA00109418}.Debug|x64.ActiveCfg = Debug|x64
		{EB8D8F2F-3A42-430C-BF31-7ECA00109418}.Debug|x64.Build.0 = Debug|x64
		{EB8D8F2F-3A42-430C-BF31-7ECA00109418}.Debug|x86.ActiveCfg = Debug|Win32
		{EB8D8F2F-3A42-430C-BF31-7ECA00109418}.Debug|x86.Build.0 = Debug|Win32
		{EB8D8F2F-3A42-430C-BF31-7ECA00109418}.Release|x64.ActiveCfg = Release|x64
		{EB8D8F2F-3A42-430C-BF31-7ECA00109418}.Release|x64.Build.0 = Release|x64
		{EB8D8F2F-3A42-430C-BF31-7ECA00109418}.Release|x86.ActiveCfg = Release|Win32
		{EB8D8F2F-3A42-430C-BF31-7ECA00109418}.Release|x86.Build.0 = Release|Win32
		{30D1D935-1FA3-44B3-A2CD-9A49602207B6}.Debug|x64.ActiveCfg = Debug|x64
		{30D1D935-1FA3-44B3-A2CD-9A49602207B6}.Debug|x64.Build.0 = Debug|x64
		{30D1D935-1FA3-44B3-A2CD-9A49602207B6}.Debug|x86.ActiveCfg = Debug|Win32
		{30D1D935-1FA3-44B3-A2CD-9A49602207B6}.Debug|x86.Build.0 = Debug|Win32
		{30D1D935-1FA3-44B3-A2CD-9A49602207B6}.Release|x64.ActiveCfg = Release|x64
		{30D1D935-1FA3-44B3-A2CD-9A49602207B6}.Release|x64.Build.0 = Release|x64
		{30D1D935-1FA3-44B3-A2CD-9A49602207B6}.Release|x86.ActiveCfg = Release|Win32
		{30D1D935-1FA3-44B3-A2CD-9A49602207B6}.Release|x86.Build.0 = Release|Win32
		{34928A6B-CBAB-48A3-8571-25153F5AC0B9}.Debug|x64.ActiveCfg = Debug|x64
		{34928A6B-CBAB-48A3-8571-25153F5AC0B9}.Debug|x64.Build.0 = Debug|x64
		{34928A6B-CBAB-48A3-8571-25153F5AC0B9}.Debug|x86.ActiveCfg = Debug|Win32
		{34928A6B-CBAB-48A3-8571-25153F5AC0B9}.Debug|x86.Build.0 = Debug|Win32
		{34928A6B-CBAB-48A3-8571-25153F5AC0B9}.Release|x64.ActiveCfg = Release|x64
		{34928A6B-CBAB-48A3-8571-25153F5AC0B9}.Release|x64.Build.0 = Release|x64
		{34928A6B-CBAB-48A3-8571-25153F5AC0B9}.Release|x86.ActiveCfg = Release|Win32
		{34928A6B-CBAB-48A3-8571-25153F5AC0B9}.Release|x86.Build.0 = Release|Win32
		{8BB9EEA7-3BEA-4ACB-8F11-18A8DC230A00}.Debug|x64.ActiveCfg = Debug|x64
		{8BB9EEA7-3BEA-4ACB-8F11-18A8DC230A00}.Debug|x64.Build.0 = Debug|x64
		{8BB9EEA7-3BEA-4ACB-8F11-18A8DC230A00}.Debug|x86.ActiveCfg = Debug|Win32
		{8BB9EEA7-3BEA-4ACB-8F11-18A8DC230A00}.Debug|x86.Build.0 = Debug|Win32
		{8BB9EEA7-3BEA-4ACB-8F11-18A8DC230A00}.Release|x64.ActiveCfg = Release|x64
		{8BB9EEA7-3BEA-4ACB-8F11-18A8DC230A00}.Release|x64.Build.0 = Release|x64
		{8BB9EEA7-3BEA-4ACB-8F11-18A8DC230A00}.Release|x86.ActiveCfg = Release|Win32
		{8BB9EEA7-3BEA-4ACB-8F11-18A8DC230A00}.Release|x86.Build.0 = Release|Win32
		{9CD82F89-312B-4475-9948-A2C720E620F2}.Debug|x64.ActiveCfg = Debug|x64
		{9CD82F89-312B-4475-9948-A2C720E620F2}.Debug|x64.Build.0 = Debug|x64
		{9CD82F89-312B-4475-9948-A2C720E620F2}.Debug|x86.ActiveCfg = Debug|Win32
		{9CD82F89-312B-4475-9948-A2C720E620F2}.Debug|x86.Build.0 = Debug|Win32
		{9CD82F89-312B-4475-9948-A2C720E620F2}.Release|x64.ActiveCfg = Release|x64
		{9CD82F89-312B-4475-9948-A2C720E620F2}.Release|x64.Build.0 = Release|x64
		{9CD82F89-312B-4475-9948-A2C720E620F2}.Release|x86.ActiveCfg = Release|Win32
		{9CD82F89-312B-4475-9948-A2C720E620F2}.Release|x86.Build.0 = Release|Win32
		{49E75ADB-39E8-4E0F-84A9-DD97DF7A7D8B}.Debug|x64.ActiveCfg = Debug|x64
		{49E75ADB-39E8-4E0F-84A9-DD97DF7A7D8B}.Debug|x64.Build.0 = Debug|x64
		{49E75ADB-39E8-4E0F-84A9-DD97DF7A7D8B}.Debug|x86.ActiveCfg = Debug|Win32
		{49E75ADB-39E8-4E0F-84A9-DD97DF7A7D8B}.Debug|x86.Build.0 = Debug|Win32
		{49E75ADB-39E8-4E0F-84A9-DD97DF7A7D8B}.Release|x64.ActiveCfg = Release|x64
		{49E75ADB-39E8-4E0F-84A9-DD97DF7A7D8B}.Release|x64.Build.0 = Release|x64
		{49E75ADB-39E8-4E0F-84A9-DD97DF7A7D8B}.Release|x86.ActiveCfg = Release|Win32
		{49E75ADB-39E8-4E0F-84A9-DD97DF7A7D8B}.Release|x86.Build.0 = Release|Win32
		{D38A91D0-8332-42FA-8DF8-89F8C3BA4CCC}.Debug|x64.ActiveCfg = Debug|x64
		{D38A91D0-8332-42FA-8DF8-89F8C3BA4CCC}.Debug|x64.Build.0 = Debug|x64
		{D38A91D0-8332-42FA-8DF8-89F8C3BA4CCC}.Debug|x86.ActiveCfg = Debug|Win32
		{D38A91D0-8332-42FA-8DF8-89F8C3BA4CCC}.Debug|x86.Build.0 = Debug|Win32
		{D38A91D0-8332-42FA-8DF8-89F8C3BA4CCC}.Release|x64.ActiveCfg = Release|x64
		{D38A91D0-8332-42FA-8DF8-89F8C3BA4CCC}.Release|x64.Build.0 = Release|x64
		{D38A91D0-8332-42FA-8DF8-89F8C3BA4CCC}.Release|x86.ActiveCfg = Release|Win32
		{D38A91D0-8332-42FA-8DF8-89F8C3BA4CCC}.Release|x86.Build.0 = Release|Win32
		{B2018AA4-69EE-407A-8C78-08AAD65C88CC}.Debug|x64.ActiveCfg = Debug|x64
		{B2018AA4-69EE-407A-8C78-08AAD65C88CC}.Debug|x64.Build.0 = Debug|x64
		{B2018AA4-69EE-407A-8C78-08AAD65C88CC}.Debug|x86.ActiveCfg = Debug|Win32
		{B2018AA4-69EE-407A-8C78-08AAD65C88CC}.Debug|x86.Build.0 = Debug|Win32
		{B2018AA4-69EE-407A-8C78-08AAD65C88CC}.Release|x64.ActiveCfg = Release|x64
		{B2018AA4-69EE-407A-8C78-08AAD65C88CC}.Release|x64.Build.0 = Release|x64
		{B2018AA4-69EE-407A-8C78-08AAD65C88CC}.Release|x86.ActiveCfg = Release|Win32
		{B2018AA4-69EE-407A-8C78-08AAD65C88CC}.Release|x86.Build.0 = Release|Win32
		{DB0B1B4B-8D3B-43E8-AA51-C955713163DD}.Debug|x64.ActiveCfg = Debug|x64
		{DB0B1B4B-8D3B-43E8-AA51-C955713163DD}.Debug|x64.Build.0 = Debug|x64
		{DB0B1B4B-8D3B-43E8-AA51-C955713163DD}.Debug|x86.ActiveCfg = Debug|Win32
		{DB0B1B4B-8D3B-43E8-AA51-C955713163DD}.Debug|x86.Build.0 = Debug|Win32
		{DB0B1B4B-8D3B-43E8-AA51-C955713163DD}.Release|x64.ActiveCfg = Release|x64
		{DB0B1B4B-8D3B-43E8-AA51-C955713163DD}.Release|x64.Build.0 = Release|x64
		{DB0B1B4B-8D3B-43E8-AA51-C955713163DD}.Release|x86.ActiveCfg = Release|Win32
		{DB0B1B4B-8D3B-43E8-AA51-C955713163DD}.Release|x86.Build.0 = Release|Win32
		{33A2F3F9-FC05-42E2-ABFD-08D91CC9DF26}.Debug|x64.ActiveCfg = Debug|x64
		{33A2F3F9-FC05-42E2-ABFD-08D91CC9DF26}.Debug|x64.Build.0 = Debug|x64
		{33A2F3F9-FC05-42E2-ABFD-08D91CC9DF26}.Debug|x86.ActiveCfg = Debug|Win32
		{33A2F3F9-FC05-42E2-ABFD-08D91CC9DF26}.Debug|x86.Build.0 = Debug|Win32
		{33A2F3F9-FC05-42E2-ABFD-08D91CC9DF26}.Release|x64.ActiveCfg = Release|x64
		{33A2F3F9-FC05-42E2-ABFD-08D91CC9DF26}.Release|x64.Build.0 = Release|x64
		{33A2F3F9-FC05-42E2-ABFD-08D91CC9DF26}.Release|x86.ActiveCfg = Release|Win32
		{33A2F3F9-FC05-42E2-ABFD-08D91CC9DF26}.Release|x86.Build.0 = Release|Win32
		{AC34731B-D687-428A-9580-C9AC6C03350B}.Debug|x64.ActiveCfg = Debug|x64
		{AC34731B-D687-428A-9580-C9AC6C03350B}.Debug|x64.Build.0 = Debug|x64
		{AC34731B-D687-428A-9580-C9AC6C03350B}.Debug|x86.ActiveCfg = Debug|Win32
		{AC34731B-D687-428A-9580-C9AC6C03350B}.Debug|x86.Build.0 = Debug|Win32
		{AC34731B-D687-428A-9580-C9AC6C03350B}.Release|x64.ActiveCfg = Release|x64
		{AC34731B-D687-428A-9580-C9AC6C03350B}.Release|x64.Build.0 = Release|x64
		{AC34731B-D687-428A-9580-C9AC6C03350B}.Release|x86.ActiveCfg = Release|Win32
		{AC34731B-D687-428A-9580-C9AC6C03350B}.Release|x86.Build.0 = Release|Win32
		{FF88E5F9-1C6D-4438-BFC2-D28E2807AD9A}.Debug|x64.ActiveCfg = Debug|x64
		{FF88E5F9-1C6D-4438-BFC2-D28E2807AD9A}.Debug|x64.Build.0 = Debug|x64
		{FF88E5F9-1C6D-4438-BFC2-D28E2807AD9A}.Debug|x86.ActiveCfg = Debug|Win32
		{FF88E5F9-1C6D-4438-BFC2-D28E2807AD9A}.Debug|x86.Build.0 = Debug|Win32
		{FF88E5F9-1C6D-4438-BFC2-D28E2807AD9A}.Release|x64.ActiveCfg = Release|x64
		{FF88E5F9-1C6D-4438-BFC2-D28E2807AD9A}.Release|x64.Build.0 = Release|x64
		{FF88E5F9-1C6D-4438-BFC2-D28E2807AD9A}.Release|x86.ActiveCfg = Release|Win32
		{FF88E5F9-1C6D-4438-BFC2-D28E2807AD9A}.Release|x86.Build.0 = Release|Win32
		{38FDC278-DD19-4644-8BF0-7A2B5AA6181F}.Debug|x64.ActiveCfg = Debug|x64
		{38FDC278-DD19-4644-8BF0-7A2B5AA6181F}.Debug|x64.Build.0 = Debug|x64
		{38FDC278-DD19-4644-8BF0-7A2B5AA6181F}.Debug|x86.ActiveCfg = Debug|Win32
		{38FDC278-DD19-4644-8BF0-7A2B5AA6181F}.Debug|x86.Build.0 = Debug|Win32
		{38FDC278-DD19-4644-8BF0-7A2B5AA6181F}.Release|x64.ActiveCfg = Release|x64
		{38FDC278-DD19-4644-8BF0-7A2B5AA6181F}.Release|x64.Build.0 = Release|x64
		{38FDC278-DD19-4644-8BF0-7A2B5AA6181F}.Release|x86.ActiveCfg = Release|Win32
		{38FDC278-DD19-4644-8BF0-7A2B5AA6181F}.Release|x86.Build.0 = Release|Win32
		{339A2792-1209-415E-9A19-45FCD1889670}.Debug|x64.ActiveCfg = Debug|x64
		{339A2792-1209-415E-9A19-45FCD1889670}.Debug|x64.Build.0 = Debug|x64
		{339A2792-1209-415E-9A19-45FCD1889670}.Debug|x86.ActiveCfg = Debug|Win32
		{339A2792-1209-415E-9A19-45FCD1889670}.Debug|x86.Build.0 = Debug|Win32
		{339A2792-1209-415E-9A19-45FCD1889670}.Release|x64.ActiveCfg = Release|x64
		{339A2792-1209-415E-9A19-45FCD1889670}.Release|x64.Build.0 = Release|x64
		{339A2792-1209-415E-9A19-45FCD1889670}.Release|x86.ActiveCfg = Release|Win32
		{339A2792-1209-415E-9A19-45FCD1889670}.Release|x86.Build.0 = Release|Win32
		{6EE9B308-783D-462E-8996-B0C261349810}.Debug|x64.ActiveCfg = Debug|x64
		{6EE9B308-783D-462E-8996-B0C261349810}.Debug|x64.Build.0 = Debug|x64
		{6EE9B308-783D-462E-8996-B0C261349810}.Debug|x86.ActiveCfg = Debug|Win32
		{6EE9B308-783D-462E-8996-B0C261349810}.Debug|x86.Build.0 = Debug|Win32
		{6EE9B308-783D-462E-8996-B0C261349810}.Release|x64.ActiveCfg = Release|x64
		{6EE9B308-783D-462E-8996-B0C261349810}.Release|x64.Build.0 = Release|x64
		{6EE9B308-783D-462E-8996-B0C261349810}.Release|x86.ActiveCfg = Release|Win32
		{6EE9B308-783D-462E-8996-B0C261349810}.Release|x86.Build.0 = Release|Win32
		{02598CED-4EF7-474F-A7E4-65F1A706B667}.Debug|x64.ActiveCfg = Debug|x64
		{02598CED-4EF7-474F-A7E4-65F1A706B667}.Debug|x64.Build.0 = Debug|x64
		{02598CED-4EF7-474F-A7E4-65F1A706B667}.Debug|x86.ActiveCfg = Debug|Win32
		{02598CED-4EF7-474F-A7E4-65F1A706B667}.Debug|x86.Build.0 = Debug|Win32
		{02598CED-4EF7-474F-A7E4-65F1A706B667}.Release|x64.ActiveCfg = Release|x64
		{02598CED-4EF7-474F-A7E4-65F1A706B667}.Release|x64.Build.0 = Release|x64
		{02598CED-4EF7-474F-A7E4-65F1A706B667}.Release|x86.ActiveCfg = Release|Win32
		{02598CED-4EF7-474F-A7E4-65F1A706B667}.Release|x86.Build.0 = Release|Win32
		{495E8D4D-15FE-4AC4-9B93-87AC827A7FAE}.Debug|x64.ActiveCfg = Debug|x64
		{495E8D4D-15FE-4AC4-9B93-87AC827A7FAE}.Debug|x64.Build.0 = Debug|x64
		{495E8D4D-15FE-4AC4-9B93-87AC827A7FAE}.Debug|x86.ActiveCfg = Debug|Win32
		{495E8D4D-15FE-4AC4-9B93-87AC827A7FAE}.Debug|x86.Build.0 = Debug|Win32
		{495E8D4D-15FE-4AC4-9B93-87AC827A7FAE}.Release|x64.ActiveCfg = Release|x64
		{495E8D4D-15FE-4AC4-9B93-87AC827A7FAE}.Release|x64.Build.0 = Release|x64
		{495E8D4D-15FE-4AC4-9B93-87AC827A7FAE}.Release|x86.ActiveCfg = Release|Win32
		{495E8D4D-15FE-4AC4-9B93-87AC827A7FAE}.Release|x86.Build.0 = Release|Win32
		{7A52AEB2-AE00-4FD4-BFA9-F98B6EF8F6A1}.Debug|x64.ActiveCfg = Debug|x64
		{7A52AEB2-AE00-4FD4-BFA9-F98B6EF8F6A1}.Debug|x64.Build.0 = Debug|x64
		{7A52AEB2-AE00-4FD4-BFA9-F98B6EF8F6A1}.Debug|x86.ActiveCfg = Debug|Win32
		{7A52AEB2-AE00-4FD4-BFA9-F98B6EF8F6A1}.Debug|x86.Build.0 = Debug|Win32
		{7A52AEB2-AE00-4FD4-BFA9-F98B6EF8F6A1}.Release|x64.ActiveCfg = Release|x64
		{7A52AEB2-AE00-4FD4-BFA9-F98B6EF8F6A1}.Release|x64.Build.0 = Release|x64
		{7A52AEB2-AE00-4FD4-BFA9-F98B6EF8F6A1}.Release|x86.ActiveCfg = Release|Win32
		{7A52AEB2-AE00-4FD4-BFA9-F98B6EF8F6A1}.Release|x86.Build.0 = Release|Win32
		{208BF6C6-3D33-4D9F-A5D2-19096BE6F5DD}.Debug|x64.ActiveCfg = Debug|x64
		{208BF6C6-3D33-4D9F-A5D2-19096BE6F5DD}.Debug|x64.Build.0 = Debug|x64
		{208BF6C6-3D33-4D9F-A5D2-19096BE6F5DD}.Debug|x86.ActiveCfg = Debug|Win32
		{208BF6C6-3D33-4D9F-A5D2-19096BE6F5DD}.Debug|x86.Build.0 = Debug|Win32
		{208BF6C6-3D33-4D9F-A5D2-19096BE6F5DD}.Release|x64.ActiveCfg = Release|x64
		{208BF6C6-3D33-4D9F-A5D2-19096BE6F5DD}.Release|x64.Build.0 = Release|x64
		{208BF6C6-3D33-4D9F-A5D2-19096BE6F5DD}.Release|x86.ActiveCfg = Release|Win32
		{208BF6C6-3D33-4D9F-A5D2-19096BE6F5DD}.Release|x86.Build.0 = Release|Win32
		{97503912-0F21-4EBC-91A9-4F7DD0153727}.Debug|x64.ActiveCfg = Debug|x64
		{97503912-0F21-4EBC-91A9-4F7DD0153727}.Debug|x64.Build.0 = Debug|x64
		{97503912-0F21-4EBC-91A9-4F7DD0153727}.Debug|x86.ActiveCfg = Debug|Win32
		{97503912-0F21-4EBC-91A9-4F7DD0153727}.Debug|x86.Build.0 = Debug|Win32
		{97503912-0F21-4EBC-91A9-4F7DD0153727}.Release|x64.ActiveCfg = Release|x64
		{97503912-0F21-4EBC-91A9-4F7DD0153727}.Release|x64.Build.0 = Release|x64
		{97503912-0F21-4EBC-91A9-4F7DD0153727}.Release|x86.ActiveCfg = Release|Win32
		{97503912-0F21-4EBC-91A9-4F7DD0153727}.Release|x86.Build.0 = Release|Win32
		{DB6DE2B1-BAC3-4E9B-82CD-488C944C1631}.Debug|x64.ActiveCfg = Debug|x64
		{DB6DE2B1-BAC3-4E9B-82CD-488C944C1631}.Debug|x64.Build.0 = Debug|x64
		{DB6DE2B1-BAC3-4E9B-82CD-488C944C1631}.Debug|x86.ActiveCfg = Debug|Win32
		{DB6DE2B1-BAC3-4E9B-82CD-488C944C1631}.Debug|x86.Build.0 = Debug|Win32
		{DB6DE2B1-BAC3-4E9B-82CD-488C944C1631}.Release|x64.ActiveCfg = Release|x64
		{DB6DE2B1-BAC3-4E9B-82CD-488C944C1631}.Release|x64.Build.0 = Release|x64
		{DB6DE2B1-BAC3-4E9B-82CD-488C944C1631}.Release|x86.ActiveCfg = Release|Win32
		{DB6DE2B1-BAC3-4E9B-82CD-488C944C1631}.Release|x86.Build.0 = Release|Win32
		{7DD7DC0E-8433-42A9-B1F5-F9BE521688E0}.Debug|x64.ActiveCfg = Debug|x64
		{7DD7DC0E-8433-42A9-B1F5-F9BE521688E0}.Debug|x64.Build.0 = Debug|x64
		{7DD7DC0E-8433-42A9-B1F5-F9BE521688E0}.Debug|x86.ActiveCfg = Debug|Win32
		{7DD7DC0E-8433-42A9-B1F5-F9BE521688E0}.Debug|x86.Build.0 = Debug|Win32
		{7DD7DC0E-8433-42A9-B1F5-F9BE521688E0}.Release|x64.ActiveCfg = Release|x64
		{7DD7DC0E-8433-42A9-B1F5-F9BE521688E0}.Release|x64.Build.0 = Release|x64
		{7DD7DC0E-8433-42A9-B1F5-F9BE521688E0}.Release|x86.ActiveCfg = Release|Win32
		{7DD7DC0E-8433-42A9-B1F5-F9BE521688E0}.Release|x86.Build.0 = Release|Win32
		{CF5F7BA7-BE0D-42D6-A32E-17D2C6E745D4}.Debug|x64.ActiveCfg = Debug|x64
		{CF5F7BA7-BE0D-42D6-A32E-17D2C6E745D4}.Debug|x64.Build.0 = Debug|x64
		{CF5F7BA7-BE0D-42D6-A32E-17D2C6E745D4}.Debug|x86.ActiveCfg = Debug|Win32
		{CF5F7BA7-BE0D-42D6-A32E-17D2C6E745D4}.Debug|x86.Build.0 = Debug|Win32
		{CF5F7BA7-BE0D-42D6-A32E-17D2C6E745D4}.Release|x64.ActiveCfg = Release|x64
		{CF5F7BA7-BE0D-42D6-A32E-17D2C6E745D4}.Release|x64.Build.0 = Release|x64
		{CF5F7BA7-BE0D-42D6-A32E-17D2C6E745D4}.Release|x86.ActiveCfg = Release|Win32
		{CF5F7BA7-BE0D-42D6-A32E-17D2C6E745D4}.Release|x86.Build.0 = Release|Win32
		{290BD7D2-2717-4174-854A-17DA31548F0A}.Debug|x64.ActiveCfg = Debug|x64
		{290BD7D2-2717-4174-854A-17DA31548F0A}.Debug|x64.Build.0 = Debug|x64
		{290BD7D2-2717-4174-854A-17DA31548F0A}.Debug|x86.ActiveCfg = Debug|Win32
		{290BD7D2-2717-4174-854A-17DA31548F0A}.Debug|x86.Build.0 = Debug|Win32
		{290BD7D2-2717-4174-854A-17DA31548F0A}.Release|x64.ActiveCfg = Release|x64
		{290BD7D2-2717-4174-854A-17DA31548F0A}.Release|x64.Build.0 = Release|x64
		{290BD7D2-2717-4174-854A-17DA31548F0A}.Release|x86.ActiveCfg = Release|Win32
		{290BD7D2-2717-4174-854A-17DA31548F0A}.Release|x86.Build.0 = Release|Win32
		{355969DD-432A-4AE9-B890-022E3851A94F}.Debug|x64.ActiveCfg = Debug|x64
		{355969DD-432A-4AE9-B890-022E3851A94F}.Debug|x64.Build.0 = Debug|x64
		{355969DD-432A-4AE9-B890-022E3851A94F}.Debug|x86.ActiveCfg = Debug|Win32
		{355969DD-432A-4AE9-B890-022E3851A94F}.Debug|x86.Build.0 = Debug|Win32
		{355969DD-432A-4AE9-B890-022E3851A94F}.Release|x64.ActiveCfg = Release|x64
		{355969DD-432A-4AE9-B890-022E3851A94F}.Release|x64.Build.0 = Release|x64
		{355969DD-432A-4AE9-B890-022E3851A94F}.Release|x86.ActiveCfg = Release|Win32
		{355969DD-432A-4AE9-B890-022E3851A94F}.Release|x86.Build.0 = Release|Win32
		{74A3D7E0-3FCA-44A6-B06E-B38CAC64492B}.Debug|x64.ActiveCfg = Debug|x64
		{74A3D7E0-3FCA-44A6-B06E-B38CAC64492B}.Debug|x64.Build.0 = Debug|x64
		{74A3D7E0-3FCA-44A6-B06E-B38CAC64492B}.Debug|x86.ActiveCfg = Debug|Win32
		{74A3D7E0-3FCA-44A6-B06E-B38CAC64492B}.Debug|x86.Build.0 = Debug|Win32
		{74A3D7E0-3FCA-44A6-B06E-B38CAC64492B}.Release|x64.ActiveCfg = Release|x64
		{74A3D7E0-3FCA-44A6-B06E-B38CAC64492B}.Release|x64.Build.0 = Release|x64
		{74A3D7E0-3FCA-44A6-B06E-B38CAC64492B}.Release|x86.ActiveCfg = Release|Win32
		{74A3D7E0-3FCA-44A6-B06E-B38CAC64492B}.Release|x86.Build.0 = Release|Win32
		{A8F00619-350E-489C-AE94-CBCB26034A38}.Debug|x64.ActiveCfg = Debug|x64
		{A8F00619-350E-489C-AE94-CBCB26034A38}.Debug|x64.Build.0 = Debug|x64
		{A8F00619-350E-489C-AE94-CBCB26034A38}.Debug|x86.ActiveCfg = Debug|Win32
		{A8F00619-350E-489C-AE94-CBCB26034A38}.Debug|x86.Build.0 = Debug|Win32
		{A8F00619-350E-489C-AE94-CBCB26034A38}.Release|x64.ActiveCfg = Release|x64
		{A8F00619-350E-489C-AE94-CBCB26034A38}.Release|x64.Build.0 = Release|x64
		{A8F00619-350E-489C-AE94-CBCB26034A38}.Release|x86.ActiveCfg = Release|Win32
		{A8F00619-350E-489C-AE94-CBCB26034A38}.Release|x86.Build.0 = Release|Win32
		{02F03A5A-7EF4-4FE1-8F06-93B3479D1DAC}.Debug|x64.ActiveCfg = Debug|x64
		{02F03A5A-7EF4-4FE1-8F06-93B3479D1DAC}.Debug|x64.Build.0 = Debug|x64
		{02F03A5A-7EF4-4FE1-8F06-93B3479D1DAC}.Debug|x86.ActiveCfg = Debug|Win32
		{02F03A5A-7EF4-4FE1-8F06-93B3479D1DAC}.Debug|x86.Build.0 = Debug|Win32
		{02F03A5A-7EF4-4FE1-8F06-93B3479D1DAC}.Release|x64.ActiveCfg = Release|x64
		{02F03A5A-7EF4-4FE1-8F06-93B3479D1DAC}.Release|x64.Build.0 = Release|x64
		{02F03A5A-7EF4-4FE1-8F06-93B3479D1DAC}.Release|x86.ActiveCfg = Release|Win32
		{02F03A5A-7EF4-4FE1-8F06-93B3479D1DAC}.Release|x86.Build.0 = Release|Win32
		{731C5E3D-CA34-4BED-AD23-E2742AA7B11E}.Debug|x64.ActiveCfg = Debug|x64
		{731C5E3D-CA34-4BED-AD23-E2742AA7B11E}.Debug|x64.Build.0 = Debug|x64
		{731C5E3D-CA34-4BED-AD23-E2742AA7B11E}.Debug|x86.ActiveCfg = Debug|Win32
		{731C5E3D-CA34-4BED-AD23-E2742AA7B11E}.Debug|x86.Build.0 = Debug|Win32
		{731C5E3D-CA34-4BED-AD23-E2742AA7B11E}.Release|x64.ActiveCfg = Release|x64
		{731C5E3D-CA34-4BED-AD23-E2742AA7B11E}.Release|x64.Build.0 = Release|x64
		{731C5E3D-CA34-4BED-AD23-E2742AA7B11E}.Release|x86.ActiveCfg = Release|Win32
		{731C5E3D-CA34-4BED-AD23-E2742AA7B11E}.Release|x86.Build.0 = Release|Win32
		{41692B92-3437-414D-BC7A-619F807160ED}.Debug|x64.ActiveCfg = Debug|x64
		{41692B92-3437-414D-BC7A-619F807160ED}.Debug|x64.Build.0 = Debug|x64
		{41692B92-3437-414D-BC7A-619F807160ED}.Debug|x86.ActiveCfg = Debug|Win32
		{41692B92-3437-414D-BC7A-619F807160ED}.Debug|x86.Build.0 = Debug|Win32
		{41692B92-3437-414D-BC7A-619F807160ED}.Release|x64.ActiveCfg = Release|x64
		{41692B92-3437-414D-BC7A-619F807160ED}.Release|x64.Build.0 = Release|x64
		{41692B92-3437-414D-BC7A-619F807160ED}.Release|x86.ActiveCfg = Release|Win32
		{41692B92-3437-414D-BC7A-619F807160ED}.Release|x86.Build.0 = Release|Win32
		{C582AC99-37A4-4B38-98FF-5ADFB8487C83}.Debug|x64.ActiveCfg = Debug|x64
		{C582AC99-37A4-4B38-98FF-5ADFB8487C83}.Debug|x64.Build.0 = Debug|x64
		{C582AC99-37A4-4B38-98FF-5ADFB8487C83}.Debug|x86.ActiveCfg = Debug|Win32
		{C582AC99-37A4-4B38-98FF-5ADFB8487C83}.Debug|x86.Build.0 = Debug|Win32
		{C582AC99-37A4-4B38-98FF-5ADFB8487C83}.Release|x64.ActiveCfg = Release|x64
		{C582AC99-37A4-4B38-98FF-5ADFB8487C83}.Release|x64.Build.0 = Release|x64
		{C582AC99-37A4-4B38-98FF-5ADFB8487C83}.Release|x86.ActiveCfg = Release|Win32
		{C582AC99-37A4-4B38-98FF-5ADFB8487C83}.Release|x86.Build.0 = Release|Win32
		{E49483A6-EFC2-4583-927C-AC5ADCDC9A24}.Debug|x64.ActiveCfg = Debug|x64
		{E49483A6-EFC2-4583-927C-AC5ADCDC9A24}.Debug|x64.Build.0 = Debug|x64
		{E49483A6-EFC2-4583-927C-AC5ADCDC9A24}.Debug|x86.ActiveCfg = Debug|Win32
		{E49483A6-EFC2-4583-927C-AC5ADCDC9A24}.Debug|x86.Build.0 = Debug|Win32
		{E49483A6-EFC2-4583-927C-AC5ADCDC9A24}.Release|x64.ActiveCfg = Release|x64
		{E49483A6-EFC2-4583-927C-AC5ADCDC9A24}.Release|x64.Build.0 = Release|x64
		{E49483A6-EFC2-4583-927C-AC5ADCDC9A24}.Release|x86.ActiveCfg = Release|Win32
		{E49483A6-EFC2-4583-927C-AC5ADCDC9A24}.Release|x86.Build.0 = Release|Win32
		{B4E01212-A79B-4256-88E8-EFE25FF7CFC8}.Debug|x64.ActiveCfg = Debug|x64
		{B4E01212-A79B-4256-88E8-EFE25FF7CFC8}.Debug|x64.Build.0 = Debug|x64
		{B4E01212-A79B-4256-88E8-EFE25FF7CFC8}.Debug|x86.ActiveCfg = Debug|Win32
		{B4E01212-A79B-4256-88E8-EFE25FF7CFC8}.Debug|x86.Build.0 = Debug|Win32
		{B4E01212-A79B-4256-88E8-EFE25FF7CFC8}.Release|x64.ActiveCfg = Release|x64
		{B4E01212-A79B-4256-88E8-EFE25FF7CFC8}.Release|x64.Build.0 = Release|x64
		{B4E01212-A79B-4256-88E8-EFE25FF7CFC8}.Release|x86.ActiveCfg = Release|Win32
		{B4E01212-A79B-4256-88E8-EFE25FF7CFC8}.Release|x86.Build.0 = Release|Win32
		{75ADB6BC-3C30-495A-8AF6-5E2D9561B908}.Debug|x64.ActiveCfg = Debug|x64
		{75ADB6BC-3C30-495A-8AF6-5E2D9561B908}.Debug|x64.Build.0 = Debug|x64
		{75ADB6BC-3C30-495A-8AF6-5E2D9561B908}.Debug|x86.ActiveCfg = Debug|Win32
		{75ADB6BC-3C30-495A-8AF6-5E2D9561B908}.Debug|x86.Build.0 = Debug|Win32
		{75ADB6BC-3C30-495A-8AF6-5E2D9561B908}.Release|x64.ActiveCfg = Release|x64
		{75ADB6BC-3C30-495A-8AF6-5E2D9561B908}.Release|x64.Build.0 = Release|x64
		{75ADB6BC-3C30-495A-8AF6-5E2D9561B908}.Release|x86.ActiveCfg = Release|Win32
		{75ADB6BC-3C30-495A-8AF6-5E2D9561B908}.Release|x86.Build.0 = Release|Win32
		{C42C5BD6-C9DE-4372-A3F8-E81ADCF333AD}.Debug|x64.ActiveCfg = Debug|x64
		{C42C5BD6-C9DE-4372-A3F8-E81ADCF333AD}.Debug|x64.Build.0 = Debug|x64
		{C42C5BD6-C9DE-4372-A3F8-E81ADCF333AD}.Debug|x86.ActiveCfg = Debug|Win32
		{C42C5BD6-C9DE-4372-A3F8-E81ADCF333AD}.Debug|x86.Build.0 = Debug|Win32
		{C42C5BD6-C9DE-4372-A3F8-E81ADCF333AD}.Release|x64.ActiveCfg = Release|x64
		{C42C5BD6-C9DE-4372-A3F8-E81ADCF333AD}.Release|x64.Build.0 = Release|x64
		{C42C5BD6-C9DE-4372-A3F8-E81ADCF333AD}.Release|x86.ActiveCfg = Release|Win32
		{C42C5BD6-C9DE-4372-A3F8-E81ADCF333AD}.Release|x86.Build.0 = Release|Win32
		{A89FA705-AEE1-42A0-8247-6C1E01A0802F}.Debug|x64.ActiveCfg = Debug|x64
		{A89FA705-AEE1-42A0-8247-6C1E01A0802F}.Debug|x64.Build.0 = Debug|x64
		{A89FA705-AEE1-42A0-8247-6C1E01A0802F}.Debug|x86.ActiveCfg = Debug|Win32
		{A89FA705-AEE1-42A0-8247-6C1E01A0802F}.Debug|x86.Build.0 = Debug|Win32
		{A89FA705-AEE1-42A0-8247-6C1E01A0802F}.Release|x64.ActiveCfg = Release|x64
		{A89FA705-AEE1-42A0-8247-6C1E01A0802F}.Release|x64.Build.0 = Release|x64
		{A89FA705-AEE1-42A0-8247-6C1E01A0802F}.Release|x86.ActiveCfg = Release|Win32
		{A89FA705-AEE1-42A0-8247-6C1E01A0802F}.Release|x86.Build.0 = Release|Win32
		{9D05D095-B2A3-46F7-B529-20F7C7FE3201}.Debug|x64.ActiveCfg = Debug|x64
		{9D05D095-B2A3-46F7-B529-20F7C7FE3201}.Debug|x64.Build.0 = Debug|x64
		{9D05D095-B2A3-46F7-B529-20F7C7FE3201}.Debug|x86.ActiveCfg = Debug|Win32
		{9D05D095-B2A3-46F7-B529-20F7C7FE3201}.Debug|x86.Build.0 = Debug|Win32
		{9D05D095-B2A3-46F7-B529-20F7C7FE3201}.Release|x64.ActiveCfg = Release|x64
		{9D05D095-B2A3-46F7-B529-20F7C7FE3201}.Release|x64.Build.0 = Release|x64
		{9D05D095-B2A3-46F7-B529-20F7C7FE3201}.Release|x86.ActiveCfg = Release|Win32
		{9D05D095-B2A3-46F7-B529-20F7C7FE3201}.Release|x86.Build.0 = Release|Win32
		{09722A48-D12F-49E5-A248-FBABFD457C45}.Debug|x64.ActiveCfg = Debug|x64
		{09722A48-D12F-49E5-A248-FBABFD457C45}.Debug|x64.Build.0 = Debug|x64
		{09722A48-D12F-49E5-A248-FBABFD457C45}.Debug|x86.ActiveCfg = Debug|Win32
		{09722A48-D12F-49E5-A248-FBABFD457C45}.Debug|x86.Build.0 = Debug|Win32
		{09722A48-D12F-49E5-A248-FBABFD457C45}.Release|x64.ActiveCfg = Release|x64
		{09722A48-D12F-49E5-A248-FBABFD457C45}.Release|x64.Build.0 = Release|x64
		{09722A48-D12F-49E5-A248-FBABFD457C45}.Release|x86.ActiveCfg = Release|Win32
		{09722A48-D12F-49E5-A248-FBABFD457C45}.Release|x86.Build.0 = Release|Win32
		{EF46854A-8D4A-4597-B2D4-D871D911757E}.Debug|x64.ActiveCfg = Debug|x64
		{EF46854A-8D4A-4597-B2D4-D871D911757E}.Debug|x64.Build.0 = Debug|x64
		{EF46854A-8D4A-4597-B2D4-D871D911757E}.Debug|x86.ActiveCfg = Debug|Win32
		{EF46854A-8D4A-4597-B2D4-D871D911757E}.Debug|x86.Build.0 = Debug|Win32
		{EF46854A-8D4A-4597-B2D4-D871D911757E}.Release|x64.ActiveCfg = Release|x64
		{EF46854A-8D4A-4597-B2D4-D871D911757E}.Release|x64.Build.0 = Release|x64
		{EF46854A-8D4A-4597-B2D4-D871D911757E}.Release|x86.ActiveCfg = Release|Win32
		{EF46854A-8D4A-4597-B2D4-D871D911757E}.Release|x86.Build.0 = Release|Win32
		{E83533AC-17AE-45DC-9FBB-91D5E029686A}.Debug|x64.ActiveCfg = Debug|x64
		{E83533AC-17AE-45DC-9FBB-91D5E029686A}.Debug|x64.Build.0 = Debug|x64
		{E83533AC-17AE-45DC-9FBB-91D5E029686A}.Debug|x86.ActiveCfg = Debug|Win32
		{E83533AC-17AE-45DC-9FBB-91D5E029686A}.Debug|x86.Build.0 = Debug|Win32
		{E83533AC-17AE-45DC-9FBB-91D5E029686A}.Release|x64.ActiveCfg = Release|x64
		{E83533AC-17AE-45DC-9FBB-91D5E029686A}.Release|x64.Build.0 = Release|x64
		{E83533AC-17AE-45DC-9FBB-91D5E029686A}.Release|x86.ActiveCfg = Release|Win32
		{E83533AC-17AE-45DC-9FBB-91D5E029686A}.Release|x86.Build.0 = Release|Win32
		{2060E43F-84D4-4541-8C3D-54A99D33EBA9}.Debug|x64.ActiveCfg = Debug|x64
		{2060E43F-84D4-4541-8C3D-54A99D33EBA9}.Debug|x64.Build.0 = Debug|x64
		{2060E43F-84D4-4541-8C3D-54A99D33EBA9}.Debug|x86.ActiveCfg = Debug|Win32
		{2060E43F-84D4-4541-8C3D-54A99D33EBA9}.Debug|x86.Build.0 = Debug|Win32
		{2060E43F-84D4-4541-8C3D-54A99D33EBA9}.Release|x64.ActiveCfg = Release|x64
		{2060E43F-84D4-4541-8C3D-54A99D33EBA9}.Release|x64.Build.0 = Release|x64
		{2060E43F-84D4-4541-8C3D-54A99D33EBA9}.Release|x86.ActiveCfg = Release|Win32
		{2060E43F-84D4-4541-8C3D-54A99D33EBA9}.Release|x86.Build.0 = Release|Win32
		{F09A4A27-026D-4947-97C8-278F456A3C90}.Debug|x64.ActiveCfg = Debug|x64
		{F09A4A27-026D-4947-97C8-278F456A3C90}.Debug|x64.Build.0 = Debug|x64
		{F09A4A27-026D-4947-97C8-278F456A3C90}.Debug|x86.ActiveCfg = Debug|Win32
		{F09A4A27-026D-4947-97C8-278F456A3C90}.Debug|x86.Build.0 = Debug|Win32
		{F09A4A27-026D-4947-97C8-278F456A3C90}.Release|x64.ActiveCfg = Release|x64
		{F09A4A27-026D-4947-97C8-278F456A3C90}.Release|x64.Build.0 = Release|x64
		{F09A4A27-026D-4947-97C8-278F456A3C90}.Release|x86.ActiveCfg = Release|Win32
		{F09A4A27-026D-4947-97C8-278F456A3C90}.Release|x86.Build.0 = Release|Win32
		{A3824CA6-B28B-46FD-A078-D895130E6323}.Debug|x64.ActiveCfg = Debug|x64
		{A3824CA6-B28B-46FD-A078-D895130E6323}.Debug|x64.Build.0 = Debug|x64
		{A3824CA6-B28B-46FD-A078-D895130E6323}.Debug|x86.ActiveCfg = Debug|Win32
		{A3824CA6-B28B-46FD-A078-D895130E6323}.Debug|x86.Build.0 = Debug|Win32
		{A3824CA6-B28B-46FD-A078-D895130E6323}.Release|x64.ActiveCfg = Release|x64
		{A3824CA6-B28B-46FD-A078-D895130E6323}.Release|x64.Build.0 = Release|x64
		{A3824CA6-B28B-46FD-A078-D895130E6323}.Release|x86.ActiveCfg = Release|Win32
		{A3824CA6-B28B-46FD-A078-D895130E6323}.Release|x86.Build.0 = Release|Win32
		{CAD00B2C-39D8-40F3-AA99-F4434A4BE11E}.Debug|x64.ActiveCfg = Debug|x64
		{CAD00B2C-39D8-40F3-AA99-F4434A4BE11E}.Debug|x64.Build.0 = Debug|x64
		{CAD00B2C-39D8-40F3-AA99-F4434A4BE11E}.Debug|x86.ActiveCfg = Debug|Win32
		{CAD00B2C-39D8-40F3-AA99-F4434A4BE11E}.Debug|x86.Build.0 = Debug|Win32
		{CAD00B2C-39D8-40F3-AA99-F4434A4BE11E}.Release|x64.ActiveCfg = Release|x64
		{CAD00B2C-39D8-40F3-AA99-F4434A4BE11E}.Release|x64.Build.0 = Release|x64
		{CAD00B2C-39D8-40F3-AA99-F4434A4BE11E}.Release|x86.ActiveCfg = Release|Win32
		{CAD00B2C-39D8-40F3-AA99-F4434A4BE11E}.Release|x86.Build.0 = Release|Win32
		{A6532D01-0472-4F31-AF5D-071D2A249B0E}.Debug|x64.ActiveCfg = Debug|x64
		{A6532D01-0472-4F31-AF5D-071D2A249B0E}.Debug|x64.Build.0 = Debug|x64
		{A6532D01-0472-4F31-AF5D-071D2A249B0E}.Debug|x86.ActiveCfg = Debug|Win32
		{A6532D01-0472-4F31-AF5D-071D2A249B0E}.Debug|x86.Build.0 = Debug|Win32
		{A6532D01-0472-4F31-AF5D-071D2A249B0E}.Release|x64.ActiveCfg = Release|x64
		{A6532D01-0472-4F31-AF5D-071D2A249B0E}.Release|x64.Build.0 = Release|x64
		{A6532D01-0472-4F31-AF5D-071D2A249B0E}.Release|x86.ActiveCfg = Release|Win32
		{A6532D01-0472-4F31-AF5D-071D2A249B0E}.Release|x86.Build.0 = Release|Win32
	EndGlobalSection
	GlobalSection(SolutionProperties) = preSolution
		HideSolutionNode = FALSE
	EndGlobalSection
	GlobalSection(NestedProjects) = preSolution
		{67CEDA99-7E8C-4746-BAB0-70B928865300} = {CE6FD965-8BE1-4E83-8788-98F20CAB62DB}
		{24B3B755-E971-4AA0-A3C5-A35091EA20F6} = {CE6FD965-8BE1-4E83-8788-98F20CAB62DB}
		{0F0F9623-2E30-4C28-BFB6-9562163D5CE4} = {A56C25CE-3ED8-4054-A675-8A610572FE58}
		{0B9825CF-5D0C-47DE-8EDE-A0DB94B773C4} = {CE6FD965-8BE1-4E83-8788-98F20CAB62DB}
		{7F6C9017-5138-4797-B939-A946EFDC802E} = {A56C25CE-3ED8-4054-A675-8A610572FE58}
		{A548314A-E940-4962-BD95-4D91E0801DBA} = {A56C25CE-3ED8-4054-A675-8A610572FE58}
		{7D532100-4F8A-45D6-B20C-D17012314F8C} = {A56C25CE-3ED8-4054-A675-8A610572FE58}
		{EFD13CE7-C67E-4A00-8ADE-7890BA759D68} = {A56C25CE-3ED8-4054-A675-8A610572FE58}
		{8AB577CC-094C-4A30-800D-67429F6411CC} = {A56C25CE-3ED8-4054-A675-8A610572FE58}
		{1D60469D-D9D1-458E-9F35-558B4ECA8AE8} = {D3E41BA9-E7DF-4AD8-95C4-A78756CB1971}
		{4BC6CCA6-32BD-4C33-920E-F890B43D06C2} = {D3E41BA9-E7DF-4AD8-95C4-A78756CB1971}
		{2A51E5A2-6A2D-4525-8B3A-5D59E0D58800} = {D3E41BA9-E7DF-4AD8-95C4-A78756CB1971}
		{C3C186F2-7569-42C3-9EC0-BC956C8A8EE9} = {A56C25CE-3ED8-4054-A675-8A610572FE58}
		{DCAFC97D-0E9A-4886-95E8-601867B2A664} = {D3E41BA9-E7DF-4AD8-95C4-A78756CB1971}
		{AE0EDA4A-A7C5-4BAC-833C-92048F28CDCA} = {F9CDFE35-5048-4041-A5FD-8BE9327A16DF}
		{E1576A59-8CA6-4893-8363-558BCF0BD42C} = {F9CDFE35-5048-4041-A5FD-8BE9327A16DF}
		{76553B1E-3804-408D-9D66-CBF08A7ABC69} = {F9CDFE35-5048-4041-A5FD-8BE9327A16DF}
		{005F3841-569B-427C-B3F1-BFC8D20A0D60} = {F9CDFE35-5048-4041-A5FD-8BE9327A16DF}
		{01C37B7B-8547-401E-9939-6C2B4CFD5209} = {F9CDFE35-5048-4041-A5FD-8BE9327A16DF}
		{A2178C03-BA5D-48BB-B6C2-65A13B237CD9} = {F9CDFE35-5048-4041-A5FD-8BE9327A16DF}
		{2A3CCBC1-7E08-4467-855B-149812826E96} = {EE273BD3-B0FA-42D0-8576-5A2ABF30A362}
		{94629D1F-AF32-4C74-B26D-F64204FC64DA} = {B1E5F0B8-0B0A-49EE-B68E-59ED2B112CF1}
		{597E43EF-76D1-45FC-83BB-1B446A954728} = {B1E5F0B8-0B0A-49EE-B68E-59ED2B112CF1}
		{730DED3C-96A0-4238-9A52-0483AEE36411} = {B1E5F0B8-0B0A-49EE-B68E-59ED2B112CF1}
		{53BE47C5-7369-4EE9-A6F9-36D999EA52C9} = {B1E5F0B8-0B0A-49EE-B68E-59ED2B112CF1}
		{60B3343C-4890-4E5E-91EB-00AE7F8A8FB4} = {B1E5F0B8-0B0A-49EE-B68E-59ED2B112CF1}
		{D6CC7144-D28D-42C3-B310-0CE60D3245B9} = {A56C25CE-3ED8-4054-A675-8A610572FE58}
		{0582577D-5542-40E3-B4BE-1AE71B9D3210} = {A56C25CE-3ED8-4054-A675-8A610572FE58}
		{9706449B-FE23-4B6A-BB7E-44A7B9060AA4} = {A56C25CE-3ED8-4054-A675-8A610572FE58}
		{517A811C-4088-4987-9B73-9B53C7F11184} = {A56C25CE-3ED8-4054-A675-8A610572FE58}
		{D9DB45FD-C700-43EB-B77E-DB2D32BB2E30} = {CE6FD965-8BE1-4E83-8788-98F20CAB62DB}
		{62916279-7DA9-4578-B929-931CE5B64123} = {A56C25CE-3ED8-4054-A675-8A610572FE58}
		{749FEDC2-8FFA-4D8F-9A34-EA3076F888ED} = {A56C25CE-3ED8-4054-A675-8A610572FE58}
		{6B8FFA39-BB0C-448F-95C7-BC210F2811D9} = {A56C25CE-3ED8-4054-A675-8A610572FE58}
		{C591F3F7-BAEF-4F2E-A487-FA79A867644B} = {A56C25CE-3ED8-4054-A675-8A610572FE58}
		{9997A50B-74DA-420B-8018-7F89E159B460} = {A56C25CE-3ED8-4054-A675-8A610572FE58}
		{484BE170-AA14-468E-AC93-B73B643D3DAB} = {A56C25CE-3ED8-4054-A675-8A610572FE58}
		{CC8C6EBD-BCF5-46D2-95D3-10350B595E8B} = {A56C25CE-3ED8-4054-A675-8A610572FE58}
		{45811D4D-547F-4F52-8EB5-7C3596653295} = {A56C25CE-3ED8-4054-A675-8A610572FE58}
		{0D97BD4E-AC52-4587-8369-471ACD461E04} = {E6FB8319-6929-434A-885A-7CB9B8012BA2}
		{552EB3FA-004A-49A6-88D8-4FC7EDA25CF3} = {E6FB8319-6929-434A-885A-7CB9B8012BA2}
		{CD5110C7-3F61-4E3A-818D-DD805F4FCD51} = {C2F516D7-93E4-46E9-B92F-28712E14C97E}
		{C66D2B1D-F667-41E9-956F-021DD854C2A3} = {E6FB8319-6929-434A-885A-7CB9B8012BA2}
		{E057B1F2-BAB2-46DE-A427-992E35F168AD} = {E6FB8319-6929-434A-885A-7CB9B8012BA2}
		{EB8D8F2F-3A42-430C-BF31-7ECA00109418} = {E6FB8319-6929-434A-885A-7CB9B8012BA2}
		{30D1D935-1FA3-44B3-A2CD-9A49602207B6} = {E6FB8319-6929-434A-885A-7CB9B8012BA2}
		{34928A6B-CBAB-48A3-8571-25153F5AC0B9} = {E6FB8319-6929-434A-885A-7CB9B8012BA2}
		{8BB9EEA7-3BEA-4ACB-8F11-18A8DC230A00} = {E6FB8319-6929-434A-885A-7CB9B8012BA2}
		{9CD82F89-312B-4475-9948-A2C720E620F2} = {E6FB8319-6929-434A-885A-7CB9B8012BA2}
		{49E75ADB-39E8-4E0F-84A9-DD97DF7A7D8B} = {E6FB8319-6929-434A-885A-7CB9B8012BA2}
		{D38A91D0-8332-42FA-8DF8-89F8C3BA4CCC} = {E6FB8319-6929-434A-885A-7CB9B8012BA2}
		{B2018AA4-69EE-407A-8C78-08AAD65C88CC} = {E6FB8319-6929-434A-885A-7CB9B8012BA2}
		{F7B2920F-2F37-470A-BC6D-A0D686E04FA6} = {A56C25CE-3ED8-4054-A675-8A610572FE58}
		{DB0B1B4B-8D3B-43E8-AA51-C955713163DD} = {F7B2920F-2F37-470A-BC6D-A0D686E04FA6}
		{625CA494-D8DA-4A77-A6BB-EEF8876385FB} = {A56C25CE-3ED8-4054-A675-8A610572FE58}
		{33A2F3F9-FC05-42E2-ABFD-08D91CC9DF26} = {625CA494-D8DA-4A77-A6BB-EEF8876385FB}
		{AC34731B-D687-428A-9580-C9AC6C03350B} = {625CA494-D8DA-4A77-A6BB-EEF8876385FB}
		{FF88E5F9-1C6D-4438-BFC2-D28E2807AD9A} = {B1E5F0B8-0B0A-49EE-B68E-59ED2B112CF1}
		{38FDC278-DD19-4644-8BF0-7A2B5AA6181F} = {BA36209D-CB8E-4123-BB6B-F6E889ADD900}
		{339A2792-1209-415E-9A19-45FCD1889670} = {BA36209D-CB8E-4123-BB6B-F6E889ADD900}
		{02598CED-4EF7-474F-A7E4-65F1A706B667} = {D16048C9-B209-4908-9A7A-7645104C168B}
		{495E8D4D-15FE-4AC4-9B93-87AC827A7FAE} = {D16048C9-B209-4908-9A7A-7645104C168B}
		{7A52AEB2-AE00-4FD4-BFA9-F98B6EF8F6A1} = {D16048C9-B209-4908-9A7A-7645104C168B}
		{521AB284-6CE8-4574-A32A-1D66A9D13D9C} = {A56C25CE-3ED8-4054-A675-8A610572FE58}
		{208BF6C6-3D33-4D9F-A5D2-19096BE6F5DD} = {521AB284-6CE8-4574-A32A-1D66A9D13D9C}
		{97503912-0F21-4EBC-91A9-4F7DD0153727} = {E6FB8319-6929-434A-885A-7CB9B8012BA2}
		{DB6DE2B1-BAC3-4E9B-82CD-488C944C1631} = {D16048C9-B209-4908-9A7A-7645104C168B}
		{CF5F7BA7-BE0D-42D6-A32E-17D2C6E745D4} = {D3E41BA9-E7DF-4AD8-95C4-A78756CB1971}
		{290BD7D2-2717-4174-854A-17DA31548F0A} = {E6FB8319-6929-434A-885A-7CB9B8012BA2}
		{355969DD-432A-4AE9-B890-022E3851A94F} = {D3E41BA9-E7DF-4AD8-95C4-A78756CB1971}
		{74A3D7E0-3FCA-44A6-B06E-B38CAC64492B} = {D3E41BA9-E7DF-4AD8-95C4-A78756CB1971}
		{A8F00619-350E-489C-AE94-CBCB26034A38} = {D3E41BA9-E7DF-4AD8-95C4-A78756CB1971}
		{02F03A5A-7EF4-4FE1-8F06-93B3479D1DAC} = {E6FB8319-6929-434A-885A-7CB9B8012BA2}
		{731C5E3D-CA34-4BED-AD23-E2742AA7B11E} = {D3E41BA9-E7DF-4AD8-95C4-A78756CB1971}
		{41692B92-3437-414D-BC7A-619F807160ED} = {D3E41BA9-E7DF-4AD8-95C4-A78756CB1971}
		{E49483A6-EFC2-4583-927C-AC5ADCDC9A24} = {D3E41BA9-E7DF-4AD8-95C4-A78756CB1971}
		{B4E01212-A79B-4256-88E8-EFE25FF7CFC8} = {D3E41BA9-E7DF-4AD8-95C4-A78756CB1971}
		{75ADB6BC-3C30-495A-8AF6-5E2D9561B908} = {D3E41BA9-E7DF-4AD8-95C4-A78756CB1971}
		{C42C5BD6-C9DE-4372-A3F8-E81ADCF333AD} = {D3E41BA9-E7DF-4AD8-95C4-A78756CB1971}
		{A89FA705-AEE1-42A0-8247-6C1E01A0802F} = {A56C25CE-3ED8-4054-A675-8A610572FE58}
		{9D05D095-B2A3-46F7-B529-20F7C7FE3201} = {A56C25CE-3ED8-4054-A675-8A610572FE58}
		{09722A48-D12F-49E5-A248-FBABFD457C45} = {E6FB8319-6929-434A-885A-7CB9B8012BA2}
		{EF46854A-8D4A-4597-B2D4-D871D911757E} = {C2F516D7-93E4-46E9-B92F-28712E14C97E}
		{E83533AC-17AE-45DC-9FBB-91D5E029686A} = {C2F516D7-93E4-46E9-B92F-28712E14C97E}
		{2060E43F-84D4-4541-8C3D-54A99D33EBA9} = {E6FB8319-6929-434A-885A-7CB9B8012BA2}
		{F09A4A27-026D-4947-97C8-278F456A3C90} = {E6FB8319-6929-434A-885A-7CB9B8012BA2}
		{A3824CA6-B28B-46FD-A078-D895130E6323} = {E6FB8319-6929-434A-885A-7CB9B8012BA2}
		{A6532D01-0472-4F31-AF5D-071D2A249B0E} = {D3E41BA9-E7DF-4AD8-95C4-A78756CB1971}
	EndGlobalSection
	GlobalSection(ExtensibilityGlobals) = postSolution
		SolutionGuid = {0B15A810-D792-4DA0-A65D-7E176AB72D14}
	EndGlobalSection
EndGlobal
