
Microsoft Visual Studio Solution File, Format Version 12.00
# Visual Studio Version 16
VisualStudioVersion = 16.0.33529.622
MinimumVisualStudioVersion = 10.0.40219.1
Project("{8BC9CEB8-8B4A-11D0-8D11-00A0C91BC942}") = "KKK_Jongsang", "KKK_Jongsang\KKK_Jongsang.vcxproj", "{37D35310-6708-4489-B4D5-C88D49F98D25}"
EndProject
Project("{8BC9CEB8-8B4A-11D0-8D11-00A0C91BC942}") = "CLang_00", "CLang_00\CLang_00.vcxproj", "{67CEDA99-7E8C-4746-BAB0-70B928865300}"
EndProject
Project("{2150E333-8FDC-42A3-9474-1A3956D46DE8}") = "C", "C", "{CE6FD965-8BE1-4E83-8788-98F20CAB62DB}"
EndProject
Project("{8BC9CEB8-8B4A-11D0-8D11-00A0C91BC942}") = "CLang_01", "CLang_01\CLang_01.vcxproj", "{24B3B755-E971-4AA0-A3C5-A35091EA20F6}"
EndProject
Project("{2150E333-8FDC-42A3-9474-1A3956D46DE8}") = "C++", "C++", "{A56C25CE-3ED8-4054-A675-8A610572FE58}"
EndProject
Project("{8BC9CEB8-8B4A-11D0-8D11-00A0C91BC942}") = "C++_00", "C++_00\C++_00.vcxproj", "{0F0F9623-2E30-4C28-BFB6-9562163D5CE4}"
EndProject
Project("{8BC9CEB8-8B4A-11D0-8D11-00A0C91BC942}") = "linkedList", "linkedList\linkedList.vcxproj", "{8BDC2A42-51CD-4A4B-8B05-C79051A7A8D6}"
EndProject
Project("{8BC9CEB8-8B4A-11D0-8D11-00A0C91BC942}") = "linkedList03", "linkedList03\linkedList03.vcxproj", "{5071D0C1-B125-436B-B3E2-B1521700EA78}"
EndProject
Project("{8BC9CEB8-8B4A-11D0-8D11-00A0C91BC942}") = "stack", "stack\stack.vcxproj", "{0B9825CF-5D0C-47DE-8EDE-A0DB94B773C4}"
EndProject
Project("{8BC9CEB8-8B4A-11D0-8D11-00A0C91BC942}") = "C++_01", "C++_01\C++_01.vcxproj", "{7F6C9017-5138-4797-B939-A946EFDC802E}"
EndProject
Project("{8BC9CEB8-8B4A-11D0-8D11-00A0C91BC942}") = "C++_02", "C++_02\C++_02.vcxproj", "{A548314A-E940-4962-BD95-4D91E0801DBA}"
EndProject
Project("{8BC9CEB8-8B4A-11D0-8D11-00A0C91BC942}") = "C++_03", "C++_03\C++_03.vcxproj", "{7D532100-4F8A-45D6-B20C-D17012314F8C}"
EndProject
Project("{8BC9CEB8-8B4A-11D0-8D11-00A0C91BC942}") = "C++_04", "C++_04\C++_04.vcxproj", "{EFD13CE7-C67E-4A00-8ADE-7890BA759D68}"
EndProject
Project("{8BC9CEB8-8B4A-11D0-8D11-00A0C91BC942}") = "C++_05", "C++_05\C++_05.vcxproj", "{8AB577CC-094C-4A30-800D-67429F6411CC}"
EndProject
Project("{2150E333-8FDC-42A3-9474-1A3956D46DE8}") = "DS", "DS", "{D3E41BA9-E7DF-4AD8-95C4-A78756CB1971}"
EndProject
Project("{8BC9CEB8-8B4A-11D0-8D11-00A0C91BC942}") = "Octree", "Octree\Octree.vcxproj", "{1D60469D-D9D1-458E-9F35-558B4ECA8AE8}"
EndProject
Project("{8BC9CEB8-8B4A-11D0-8D11-00A0C91BC942}") = "Octree_2", "Octree_2\Octree_2.vcxproj", "{4BC6CCA6-32BD-4C33-920E-F890B43D06C2}"
EndProject
Project("{8BC9CEB8-8B4A-11D0-8D11-00A0C91BC942}") = "Octree_3", "Octree_3\Octree_3.vcxproj", "{2A51E5A2-6A2D-4525-8B3A-5D59E0D58800}"
EndProject
Project("{8BC9CEB8-8B4A-11D0-8D11-00A0C91BC942}") = "Employee", "Employee\Employee.vcxproj", "{C3C186F2-7569-42C3-9EC0-BC956C8A8EE9}"
EndProject
Project("{8BC9CEB8-8B4A-11D0-8D11-00A0C91BC942}") = "OcTree_00", "OcTree_00\OcTree_00.vcxproj", "{DCAFC97D-0E9A-4886-95E8-601867B2A664}"
EndProject
Project("{8BC9CEB8-8B4A-11D0-8D11-00A0C91BC942}") = "WindowsProject1", "WindowsProject1\WindowsProject1.vcxproj", "{AE0EDA4A-A7C5-4BAC-833C-92048F28CDCA}"
EndProject
Project("{8BC9CEB8-8B4A-11D0-8D11-00A0C91BC942}") = "FirstWindow", "FirstWindow\FirstWindow.vcxproj", "{E1576A59-8CA6-4893-8363-558BCF0BD42C}"
EndProject
Project("{2150E333-8FDC-42A3-9474-1A3956D46DE8}") = "Windows", "Windows", "{F9CDFE35-5048-4041-A5FD-8BE9327A16DF}"
EndProject
Project("{8BC9CEB8-8B4A-11D0-8D11-00A0C91BC942}") = "CreateDevice_00", "FirstWindow01\FirstWindow01.vcxproj", "{76553B1E-3804-408D-9D66-CBF08A7ABC69}"
EndProject
Project("{8BC9CEB8-8B4A-11D0-8D11-00A0C91BC942}") = "CreateDevice", "CreateDevice\CreateDevice.vcxproj", "{005F3841-569B-427C-B3F1-BFC8D20A0D60}"
EndProject
Project("{8BC9CEB8-8B4A-11D0-8D11-00A0C91BC942}") = "CreateTexure", "CreateTexture\CreateTexture.vcxproj", "{01C37B7B-8547-401E-9939-6C2B4CFD5209}"
EndProject
Project("{8BC9CEB8-8B4A-11D0-8D11-00A0C91BC942}") = "CreateTexture_3", "CreateTextrue_3\CreateTexture_3.vcxproj", "{A2178C03-BA5D-48BB-B6C2-65A13B237CD9}"
EndProject
Project("{2150E333-8FDC-42A3-9474-1A3956D46DE8}") = "lib", "lib", "{EE273BD3-B0FA-42D0-8576-5A2ABF30A362}"
EndProject
Project("{8BC9CEB8-8B4A-11D0-8D11-00A0C91BC942}") = "CreateRenderObject", "CreateRenderObject\CreateRenderObject.vcxproj", "{2A3CCBC1-7E08-4467-855B-149812826E96}"
EndProject
Project("{8BC9CEB8-8B4A-11D0-8D11-00A0C91BC942}") = "GameCoding", "GameCoding\GameCoding.vcxproj", "{94629D1F-AF32-4C74-B26D-F64204FC64DA}"
EndProject
Project("{8BC9CEB8-8B4A-11D0-8D11-00A0C91BC942}") = "WindowsProject5", "WindowsProject5\WindowsProject5.vcxproj", "{597E43EF-76D1-45FC-83BB-1B446A954728}"
EndProject
Project("{8BC9CEB8-8B4A-11D0-8D11-00A0C91BC942}") = "ConsoleApplication1", "ConsoleApplication1\ConsoleApplication1.vcxproj", "{730DED3C-96A0-4238-9A52-0483AEE36411}"
EndProject
Project("{8BC9CEB8-8B4A-11D0-8D11-00A0C91BC942}") = "TCoreLib", "TCoreLib\TCoreLib.vcxproj", "{53BE47C5-7369-4EE9-A6F9-36D999EA52C9}"
EndProject
Project("{8BC9CEB8-8B4A-11D0-8D11-00A0C91BC942}") = "SampleSplite_01", "SampleSplite_01\SampleSplite_01.vcxproj", "{60B3343C-4890-4E5E-91EB-00AE7F8A8FB4}"
EndProject
Project("{2150E333-8FDC-42A3-9474-1A3956D46DE8}") = "DX", "DX", "{B1E5F0B8-0B0A-49EE-B68E-59ED2B112CF1}"
EndProject
Project("{8BC9CEB8-8B4A-11D0-8D11-00A0C91BC942}") = "GameT", "GameT\GameT.vcxproj", "{DAF7195F-088A-4F00-A877-0FE7C46C0D09}"
EndProject
Project("{8BC9CEB8-8B4A-11D0-8D11-00A0C91BC942}") = "ExpertC++", "ExpertC++\ExpertC++.vcxproj", "{D6CC7144-D28D-42C3-B310-0CE60D3245B9}"
EndProject
Project("{8BC9CEB8-8B4A-11D0-8D11-00A0C91BC942}") = "C++", "C++\C++.vcxproj", "{0582577D-5542-40E3-B4BE-1AE71B9D3210}"
EndProject
Project("{8BC9CEB8-8B4A-11D0-8D11-00A0C91BC942}") = "chess", "chess\chess.vcxproj", "{9706449B-FE23-4B6A-BB7E-44A7B9060AA4}"
EndProject
Global
	GlobalSection(SolutionConfigurationPlatforms) = preSolution
		Debug|x64 = Debug|x64
		Debug|x86 = Debug|x86
		Release|x64 = Release|x64
		Release|x86 = Release|x86
	EndGlobalSection
	GlobalSection(ProjectConfigurationPlatforms) = postSolution
		{37D35310-6708-4489-B4D5-C88D49F98D25}.Debug|x64.ActiveCfg = Debug|x64
		{37D35310-6708-4489-B4D5-C88D49F98D25}.Debug|x64.Build.0 = Debug|x64
		{37D35310-6708-4489-B4D5-C88D49F98D25}.Debug|x86.ActiveCfg = Debug|Win32
		{37D35310-6708-4489-B4D5-C88D49F98D25}.Debug|x86.Build.0 = Debug|Win32
		{37D35310-6708-4489-B4D5-C88D49F98D25}.Release|x64.ActiveCfg = Release|x64
		{37D35310-6708-4489-B4D5-C88D49F98D25}.Release|x64.Build.0 = Release|x64
		{37D35310-6708-4489-B4D5-C88D49F98D25}.Release|x86.ActiveCfg = Release|Win32
		{37D35310-6708-4489-B4D5-C88D49F98D25}.Release|x86.Build.0 = Release|Win32
		{67CEDA99-7E8C-4746-BAB0-70B928865300}.Debug|x64.ActiveCfg = Debug|x64
		{67CEDA99-7E8C-4746-BAB0-70B928865300}.Debug|x64.Build.0 = Debug|x64
		{67CEDA99-7E8C-4746-BAB0-70B928865300}.Debug|x86.ActiveCfg = Debug|Win32
		{67CEDA99-7E8C-4746-BAB0-70B928865300}.Debug|x86.Build.0 = Debug|Win32
		{67CEDA99-7E8C-4746-BAB0-70B928865300}.Release|x64.ActiveCfg = Release|x64
		{67CEDA99-7E8C-4746-BAB0-70B928865300}.Release|x64.Build.0 = Release|x64
		{67CEDA99-7E8C-4746-BAB0-70B928865300}.Release|x86.ActiveCfg = Release|Win32
		{67CEDA99-7E8C-4746-BAB0-70B928865300}.Release|x86.Build.0 = Release|Win32
		{24B3B755-E971-4AA0-A3C5-A35091EA20F6}.Debug|x64.ActiveCfg = Debug|x64
		{24B3B755-E971-4AA0-A3C5-A35091EA20F6}.Debug|x64.Build.0 = Debug|x64
		{24B3B755-E971-4AA0-A3C5-A35091EA20F6}.Debug|x86.ActiveCfg = Debug|Win32
		{24B3B755-E971-4AA0-A3C5-A35091EA20F6}.Debug|x86.Build.0 = Debug|Win32
		{24B3B755-E971-4AA0-A3C5-A35091EA20F6}.Release|x64.ActiveCfg = Release|x64
		{24B3B755-E971-4AA0-A3C5-A35091EA20F6}.Release|x64.Build.0 = Release|x64
		{24B3B755-E971-4AA0-A3C5-A35091EA20F6}.Release|x86.ActiveCfg = Release|Win32
		{24B3B755-E971-4AA0-A3C5-A35091EA20F6}.Release|x86.Build.0 = Release|Win32
		{0F0F9623-2E30-4C28-BFB6-9562163D5CE4}.Debug|x64.ActiveCfg = Debug|x64
		{0F0F9623-2E30-4C28-BFB6-9562163D5CE4}.Debug|x64.Build.0 = Debug|x64
		{0F0F9623-2E30-4C28-BFB6-9562163D5CE4}.Debug|x86.ActiveCfg = Debug|Win32
		{0F0F9623-2E30-4C28-BFB6-9562163D5CE4}.Debug|x86.Build.0 = Debug|Win32
		{0F0F9623-2E30-4C28-BFB6-9562163D5CE4}.Release|x64.ActiveCfg = Release|x64
		{0F0F9623-2E30-4C28-BFB6-9562163D5CE4}.Release|x64.Build.0 = Release|x64
		{0F0F9623-2E30-4C28-BFB6-9562163D5CE4}.Release|x86.ActiveCfg = Release|Win32
		{0F0F9623-2E30-4C28-BFB6-9562163D5CE4}.Release|x86.Build.0 = Release|Win32
		{8BDC2A42-51CD-4A4B-8B05-C79051A7A8D6}.Debug|x64.ActiveCfg = Debug|x64
		{8BDC2A42-51CD-4A4B-8B05-C79051A7A8D6}.Debug|x64.Build.0 = Debug|x64
		{8BDC2A42-51CD-4A4B-8B05-C79051A7A8D6}.Debug|x86.ActiveCfg = Debug|Win32
		{8BDC2A42-51CD-4A4B-8B05-C79051A7A8D6}.Debug|x86.Build.0 = Debug|Win32
		{8BDC2A42-51CD-4A4B-8B05-C79051A7A8D6}.Release|x64.ActiveCfg = Release|x64
		{8BDC2A42-51CD-4A4B-8B05-C79051A7A8D6}.Release|x64.Build.0 = Release|x64
		{8BDC2A42-51CD-4A4B-8B05-C79051A7A8D6}.Release|x86.ActiveCfg = Release|Win32
		{8BDC2A42-51CD-4A4B-8B05-C79051A7A8D6}.Release|x86.Build.0 = Release|Win32
		{5071D0C1-B125-436B-B3E2-B1521700EA78}.Debug|x64.ActiveCfg = Debug|x64
		{5071D0C1-B125-436B-B3E2-B1521700EA78}.Debug|x64.Build.0 = Debug|x64
		{5071D0C1-B125-436B-B3E2-B1521700EA78}.Debug|x86.ActiveCfg = Debug|Win32
		{5071D0C1-B125-436B-B3E2-B1521700EA78}.Debug|x86.Build.0 = Debug|Win32
		{5071D0C1-B125-436B-B3E2-B1521700EA78}.Release|x64.ActiveCfg = Release|x64
		{5071D0C1-B125-436B-B3E2-B1521700EA78}.Release|x64.Build.0 = Release|x64
		{5071D0C1-B125-436B-B3E2-B1521700EA78}.Release|x86.ActiveCfg = Release|Win32
		{5071D0C1-B125-436B-B3E2-B1521700EA78}.Release|x86.Build.0 = Release|Win32
		{0B9825CF-5D0C-47DE-8EDE-A0DB94B773C4}.Debug|x64.ActiveCfg = Debug|x64
		{0B9825CF-5D0C-47DE-8EDE-A0DB94B773C4}.Debug|x64.Build.0 = Debug|x64
		{0B9825CF-5D0C-47DE-8EDE-A0DB94B773C4}.Debug|x86.ActiveCfg = Debug|Win32
		{0B9825CF-5D0C-47DE-8EDE-A0DB94B773C4}.Debug|x86.Build.0 = Debug|Win32
		{0B9825CF-5D0C-47DE-8EDE-A0DB94B773C4}.Release|x64.ActiveCfg = Release|x64
		{0B9825CF-5D0C-47DE-8EDE-A0DB94B773C4}.Release|x64.Build.0 = Release|x64
		{0B9825CF-5D0C-47DE-8EDE-A0DB94B773C4}.Release|x86.ActiveCfg = Release|Win32
		{0B9825CF-5D0C-47DE-8EDE-A0DB94B773C4}.Release|x86.Build.0 = Release|Win32
		{7F6C9017-5138-4797-B939-A946EFDC802E}.Debug|x64.ActiveCfg = Debug|x64
		{7F6C9017-5138-4797-B939-A946EFDC802E}.Debug|x64.Build.0 = Debug|x64
		{7F6C9017-5138-4797-B939-A946EFDC802E}.Debug|x86.ActiveCfg = Debug|Win32
		{7F6C9017-5138-4797-B939-A946EFDC802E}.Debug|x86.Build.0 = Debug|Win32
		{7F6C9017-5138-4797-B939-A946EFDC802E}.Release|x64.ActiveCfg = Release|x64
		{7F6C9017-5138-4797-B939-A946EFDC802E}.Release|x64.Build.0 = Release|x64
		{7F6C9017-5138-4797-B939-A946EFDC802E}.Release|x86.ActiveCfg = Release|Win32
		{7F6C9017-5138-4797-B939-A946EFDC802E}.Release|x86.Build.0 = Release|Win32
		{A548314A-E940-4962-BD95-4D91E0801DBA}.Debug|x64.ActiveCfg = Debug|x64
		{A548314A-E940-4962-BD95-4D91E0801DBA}.Debug|x64.Build.0 = Debug|x64
		{A548314A-E940-4962-BD95-4D91E0801DBA}.Debug|x86.ActiveCfg = Debug|Win32
		{A548314A-E940-4962-BD95-4D91E0801DBA}.Debug|x86.Build.0 = Debug|Win32
		{A548314A-E940-4962-BD95-4D91E0801DBA}.Release|x64.ActiveCfg = Release|x64
		{A548314A-E940-4962-BD95-4D91E0801DBA}.Release|x64.Build.0 = Release|x64
		{A548314A-E940-4962-BD95-4D91E0801DBA}.Release|x86.ActiveCfg = Release|Win32
		{A548314A-E940-4962-BD95-4D91E0801DBA}.Release|x86.Build.0 = Release|Win32
		{7D532100-4F8A-45D6-B20C-D17012314F8C}.Debug|x64.ActiveCfg = Debug|x64
		{7D532100-4F8A-45D6-B20C-D17012314F8C}.Debug|x64.Build.0 = Debug|x64
		{7D532100-4F8A-45D6-B20C-D17012314F8C}.Debug|x86.ActiveCfg = Debug|Win32
		{7D532100-4F8A-45D6-B20C-D17012314F8C}.Debug|x86.Build.0 = Debug|Win32
		{7D532100-4F8A-45D6-B20C-D17012314F8C}.Release|x64.ActiveCfg = Release|x64
		{7D532100-4F8A-45D6-B20C-D17012314F8C}.Release|x64.Build.0 = Release|x64
		{7D532100-4F8A-45D6-B20C-D17012314F8C}.Release|x86.ActiveCfg = Release|Win32
		{7D532100-4F8A-45D6-B20C-D17012314F8C}.Release|x86.Build.0 = Release|Win32
		{EFD13CE7-C67E-4A00-8ADE-7890BA759D68}.Debug|x64.ActiveCfg = Debug|x64
		{EFD13CE7-C67E-4A00-8ADE-7890BA759D68}.Debug|x64.Build.0 = Debug|x64
		{EFD13CE7-C67E-4A00-8ADE-7890BA759D68}.Debug|x86.ActiveCfg = Debug|Win32
		{EFD13CE7-C67E-4A00-8ADE-7890BA759D68}.Debug|x86.Build.0 = Debug|Win32
		{EFD13CE7-C67E-4A00-8ADE-7890BA759D68}.Release|x64.ActiveCfg = Release|x64
		{EFD13CE7-C67E-4A00-8ADE-7890BA759D68}.Release|x64.Build.0 = Release|x64
		{EFD13CE7-C67E-4A00-8ADE-7890BA759D68}.Release|x86.ActiveCfg = Release|Win32
		{EFD13CE7-C67E-4A00-8ADE-7890BA759D68}.Release|x86.Build.0 = Release|Win32
		{8AB577CC-094C-4A30-800D-67429F6411CC}.Debug|x64.ActiveCfg = Debug|x64
		{8AB577CC-094C-4A30-800D-67429F6411CC}.Debug|x64.Build.0 = Debug|x64
		{8AB577CC-094C-4A30-800D-67429F6411CC}.Debug|x86.ActiveCfg = Debug|Win32
		{8AB577CC-094C-4A30-800D-67429F6411CC}.Debug|x86.Build.0 = Debug|Win32
		{8AB577CC-094C-4A30-800D-67429F6411CC}.Release|x64.ActiveCfg = Release|x64
		{8AB577CC-094C-4A30-800D-67429F6411CC}.Release|x64.Build.0 = Release|x64
		{8AB577CC-094C-4A30-800D-67429F6411CC}.Release|x86.ActiveCfg = Release|Win32
		{8AB577CC-094C-4A30-800D-67429F6411CC}.Release|x86.Build.0 = Release|Win32
		{1D60469D-D9D1-458E-9F35-558B4ECA8AE8}.Debug|x64.ActiveCfg = Debug|x64
		{1D60469D-D9D1-458E-9F35-558B4ECA8AE8}.Debug|x64.Build.0 = Debug|x64
		{1D60469D-D9D1-458E-9F35-558B4ECA8AE8}.Debug|x86.ActiveCfg = Debug|Win32
		{1D60469D-D9D1-458E-9F35-558B4ECA8AE8}.Debug|x86.Build.0 = Debug|Win32
		{1D60469D-D9D1-458E-9F35-558B4ECA8AE8}.Release|x64.ActiveCfg = Release|x64
		{1D60469D-D9D1-458E-9F35-558B4ECA8AE8}.Release|x64.Build.0 = Release|x64
		{1D60469D-D9D1-458E-9F35-558B4ECA8AE8}.Release|x86.ActiveCfg = Release|Win32
		{1D60469D-D9D1-458E-9F35-558B4ECA8AE8}.Release|x86.Build.0 = Release|Win32
		{4BC6CCA6-32BD-4C33-920E-F890B43D06C2}.Debug|x64.ActiveCfg = Debug|x64
		{4BC6CCA6-32BD-4C33-920E-F890B43D06C2}.Debug|x64.Build.0 = Debug|x64
		{4BC6CCA6-32BD-4C33-920E-F890B43D06C2}.Debug|x86.ActiveCfg = Debug|Win32
		{4BC6CCA6-32BD-4C33-920E-F890B43D06C2}.Debug|x86.Build.0 = Debug|Win32
		{4BC6CCA6-32BD-4C33-920E-F890B43D06C2}.Release|x64.ActiveCfg = Release|x64
		{4BC6CCA6-32BD-4C33-920E-F890B43D06C2}.Release|x64.Build.0 = Release|x64
		{4BC6CCA6-32BD-4C33-920E-F890B43D06C2}.Release|x86.ActiveCfg = Release|Win32
		{4BC6CCA6-32BD-4C33-920E-F890B43D06C2}.Release|x86.Build.0 = Release|Win32
		{2A51E5A2-6A2D-4525-8B3A-5D59E0D58800}.Debug|x64.ActiveCfg = Debug|x64
		{2A51E5A2-6A2D-4525-8B3A-5D59E0D58800}.Debug|x64.Build.0 = Debug|x64
		{2A51E5A2-6A2D-4525-8B3A-5D59E0D58800}.Debug|x86.ActiveCfg = Debug|Win32
		{2A51E5A2-6A2D-4525-8B3A-5D59E0D58800}.Debug|x86.Build.0 = Debug|Win32
		{2A51E5A2-6A2D-4525-8B3A-5D59E0D58800}.Release|x64.ActiveCfg = Release|x64
		{2A51E5A2-6A2D-4525-8B3A-5D59E0D58800}.Release|x64.Build.0 = Release|x64
		{2A51E5A2-6A2D-4525-8B3A-5D59E0D58800}.Release|x86.ActiveCfg = Release|Win32
		{2A51E5A2-6A2D-4525-8B3A-5D59E0D58800}.Release|x86.Build.0 = Release|Win32
		{C3C186F2-7569-42C3-9EC0-BC956C8A8EE9}.Debug|x64.ActiveCfg = Debug|x64
		{C3C186F2-7569-42C3-9EC0-BC956C8A8EE9}.Debug|x64.Build.0 = Debug|x64
		{C3C186F2-7569-42C3-9EC0-BC956C8A8EE9}.Debug|x86.ActiveCfg = Debug|Win32
		{C3C186F2-7569-42C3-9EC0-BC956C8A8EE9}.Debug|x86.Build.0 = Debug|Win32
		{C3C186F2-7569-42C3-9EC0-BC956C8A8EE9}.Release|x64.ActiveCfg = Release|x64
		{C3C186F2-7569-42C3-9EC0-BC956C8A8EE9}.Release|x64.Build.0 = Release|x64
		{C3C186F2-7569-42C3-9EC0-BC956C8A8EE9}.Release|x86.ActiveCfg = Release|Win32
		{C3C186F2-7569-42C3-9EC0-BC956C8A8EE9}.Release|x86.Build.0 = Release|Win32
		{DCAFC97D-0E9A-4886-95E8-601867B2A664}.Debug|x64.ActiveCfg = Debug|x64
		{DCAFC97D-0E9A-4886-95E8-601867B2A664}.Debug|x64.Build.0 = Debug|x64
		{DCAFC97D-0E9A-4886-95E8-601867B2A664}.Debug|x86.ActiveCfg = Debug|Win32
		{DCAFC97D-0E9A-4886-95E8-601867B2A664}.Debug|x86.Build.0 = Debug|Win32
		{DCAFC97D-0E9A-4886-95E8-601867B2A664}.Release|x64.ActiveCfg = Release|x64
		{DCAFC97D-0E9A-4886-95E8-601867B2A664}.Release|x64.Build.0 = Release|x64
		{DCAFC97D-0E9A-4886-95E8-601867B2A664}.Release|x86.ActiveCfg = Release|Win32
		{DCAFC97D-0E9A-4886-95E8-601867B2A664}.Release|x86.Build.0 = Release|Win32
		{AE0EDA4A-A7C5-4BAC-833C-92048F28CDCA}.Debug|x64.ActiveCfg = Debug|x64
		{AE0EDA4A-A7C5-4BAC-833C-92048F28CDCA}.Debug|x64.Build.0 = Debug|x64
		{AE0EDA4A-A7C5-4BAC-833C-92048F28CDCA}.Debug|x86.ActiveCfg = Debug|Win32
		{AE0EDA4A-A7C5-4BAC-833C-92048F28CDCA}.Debug|x86.Build.0 = Debug|Win32
		{AE0EDA4A-A7C5-4BAC-833C-92048F28CDCA}.Release|x64.ActiveCfg = Release|x64
		{AE0EDA4A-A7C5-4BAC-833C-92048F28CDCA}.Release|x64.Build.0 = Release|x64
		{AE0EDA4A-A7C5-4BAC-833C-92048F28CDCA}.Release|x86.ActiveCfg = Release|Win32
		{AE0EDA4A-A7C5-4BAC-833C-92048F28CDCA}.Release|x86.Build.0 = Release|Win32
		{E1576A59-8CA6-4893-8363-558BCF0BD42C}.Debug|x64.ActiveCfg = Debug|x64
		{E1576A59-8CA6-4893-8363-558BCF0BD42C}.Debug|x64.Build.0 = Debug|x64
		{E1576A59-8CA6-4893-8363-558BCF0BD42C}.Debug|x86.ActiveCfg = Debug|Win32
		{E1576A59-8CA6-4893-8363-558BCF0BD42C}.Debug|x86.Build.0 = Debug|Win32
		{E1576A59-8CA6-4893-8363-558BCF0BD42C}.Release|x64.ActiveCfg = Release|x64
		{E1576A59-8CA6-4893-8363-558BCF0BD42C}.Release|x64.Build.0 = Release|x64
		{E1576A59-8CA6-4893-8363-558BCF0BD42C}.Release|x86.ActiveCfg = Release|Win32
		{E1576A59-8CA6-4893-8363-558BCF0BD42C}.Release|x86.Build.0 = Release|Win32
		{76553B1E-3804-408D-9D66-CBF08A7ABC69}.Debug|x64.ActiveCfg = Debug|x64
		{76553B1E-3804-408D-9D66-CBF08A7ABC69}.Debug|x64.Build.0 = Debug|x64
		{76553B1E-3804-408D-9D66-CBF08A7ABC69}.Debug|x86.ActiveCfg = Debug|Win32
		{76553B1E-3804-408D-9D66-CBF08A7ABC69}.Debug|x86.Build.0 = Debug|Win32
		{76553B1E-3804-408D-9D66-CBF08A7ABC69}.Release|x64.ActiveCfg = Release|x64
		{76553B1E-3804-408D-9D66-CBF08A7ABC69}.Release|x64.Build.0 = Release|x64
		{76553B1E-3804-408D-9D66-CBF08A7ABC69}.Release|x86.ActiveCfg = Release|Win32
		{76553B1E-3804-408D-9D66-CBF08A7ABC69}.Release|x86.Build.0 = Release|Win32
		{005F3841-569B-427C-B3F1-BFC8D20A0D60}.Debug|x64.ActiveCfg = Debug|x64
		{005F3841-569B-427C-B3F1-BFC8D20A0D60}.Debug|x64.Build.0 = Debug|x64
		{005F3841-569B-427C-B3F1-BFC8D20A0D60}.Debug|x86.ActiveCfg = Debug|Win32
		{005F3841-569B-427C-B3F1-BFC8D20A0D60}.Debug|x86.Build.0 = Debug|Win32
		{005F3841-569B-427C-B3F1-BFC8D20A0D60}.Release|x64.ActiveCfg = Release|x64
		{005F3841-569B-427C-B3F1-BFC8D20A0D60}.Release|x64.Build.0 = Release|x64
		{005F3841-569B-427C-B3F1-BFC8D20A0D60}.Release|x86.ActiveCfg = Release|Win32
		{005F3841-569B-427C-B3F1-BFC8D20A0D60}.Release|x86.Build.0 = Release|Win32
		{01C37B7B-8547-401E-9939-6C2B4CFD5209}.Debug|x64.ActiveCfg = Debug|x64
		{01C37B7B-8547-401E-9939-6C2B4CFD5209}.Debug|x64.Build.0 = Debug|x64
		{01C37B7B-8547-401E-9939-6C2B4CFD5209}.Debug|x86.ActiveCfg = Debug|Win32
		{01C37B7B-8547-401E-9939-6C2B4CFD5209}.Debug|x86.Build.0 = Debug|Win32
		{01C37B7B-8547-401E-9939-6C2B4CFD5209}.Release|x64.ActiveCfg = Release|x64
		{01C37B7B-8547-401E-9939-6C2B4CFD5209}.Release|x64.Build.0 = Release|x64
		{01C37B7B-8547-401E-9939-6C2B4CFD5209}.Release|x86.ActiveCfg = Release|Win32
		{01C37B7B-8547-401E-9939-6C2B4CFD5209}.Release|x86.Build.0 = Release|Win32
		{A2178C03-BA5D-48BB-B6C2-65A13B237CD9}.Debug|x64.ActiveCfg = Debug|x64
		{A2178C03-BA5D-48BB-B6C2-65A13B237CD9}.Debug|x64.Build.0 = Debug|x64
		{A2178C03-BA5D-48BB-B6C2-65A13B237CD9}.Debug|x86.ActiveCfg = Debug|Win32
		{A2178C03-BA5D-48BB-B6C2-65A13B237CD9}.Debug|x86.Build.0 = Debug|Win32
		{A2178C03-BA5D-48BB-B6C2-65A13B237CD9}.Release|x64.ActiveCfg = Release|x64
		{A2178C03-BA5D-48BB-B6C2-65A13B237CD9}.Release|x64.Build.0 = Release|x64
		{A2178C03-BA5D-48BB-B6C2-65A13B237CD9}.Release|x86.ActiveCfg = Release|Win32
		{A2178C03-BA5D-48BB-B6C2-65A13B237CD9}.Release|x86.Build.0 = Release|Win32
		{2A3CCBC1-7E08-4467-855B-149812826E96}.Debug|x64.ActiveCfg = Debug|x64
		{2A3CCBC1-7E08-4467-855B-149812826E96}.Debug|x64.Build.0 = Debug|x64
		{2A3CCBC1-7E08-4467-855B-149812826E96}.Debug|x86.ActiveCfg = Debug|Win32
		{2A3CCBC1-7E08-4467-855B-149812826E96}.Debug|x86.Build.0 = Debug|Win32
		{2A3CCBC1-7E08-4467-855B-149812826E96}.Release|x64.ActiveCfg = Release|x64
		{2A3CCBC1-7E08-4467-855B-149812826E96}.Release|x64.Build.0 = Release|x64
		{2A3CCBC1-7E08-4467-855B-149812826E96}.Release|x86.ActiveCfg = Release|Win32
		{2A3CCBC1-7E08-4467-855B-149812826E96}.Release|x86.Build.0 = Release|Win32
		{94629D1F-AF32-4C74-B26D-F64204FC64DA}.Debug|x64.ActiveCfg = Debug|x64
		{94629D1F-AF32-4C74-B26D-F64204FC64DA}.Debug|x64.Build.0 = Debug|x64
		{94629D1F-AF32-4C74-B26D-F64204FC64DA}.Debug|x86.ActiveCfg = Debug|Win32
		{94629D1F-AF32-4C74-B26D-F64204FC64DA}.Debug|x86.Build.0 = Debug|Win32
		{94629D1F-AF32-4C74-B26D-F64204FC64DA}.Release|x64.ActiveCfg = Release|x64
		{94629D1F-AF32-4C74-B26D-F64204FC64DA}.Release|x64.Build.0 = Release|x64
		{94629D1F-AF32-4C74-B26D-F64204FC64DA}.Release|x86.ActiveCfg = Release|Win32
		{94629D1F-AF32-4C74-B26D-F64204FC64DA}.Release|x86.Build.0 = Release|Win32
		{597E43EF-76D1-45FC-83BB-1B446A954728}.Debug|x64.ActiveCfg = Debug|x64
		{597E43EF-76D1-45FC-83BB-1B446A954728}.Debug|x64.Build.0 = Debug|x64
		{597E43EF-76D1-45FC-83BB-1B446A954728}.Debug|x86.ActiveCfg = Debug|Win32
		{597E43EF-76D1-45FC-83BB-1B446A954728}.Debug|x86.Build.0 = Debug|Win32
		{597E43EF-76D1-45FC-83BB-1B446A954728}.Release|x64.ActiveCfg = Release|x64
		{597E43EF-76D1-45FC-83BB-1B446A954728}.Release|x64.Build.0 = Release|x64
		{597E43EF-76D1-45FC-83BB-1B446A954728}.Release|x86.ActiveCfg = Release|Win32
		{597E43EF-76D1-45FC-83BB-1B446A954728}.Release|x86.Build.0 = Release|Win32
		{730DED3C-96A0-4238-9A52-0483AEE36411}.Debug|x64.ActiveCfg = Debug|x64
		{730DED3C-96A0-4238-9A52-0483AEE36411}.Debug|x64.Build.0 = Debug|x64
		{730DED3C-96A0-4238-9A52-0483AEE36411}.Debug|x86.ActiveCfg = Debug|Win32
		{730DED3C-96A0-4238-9A52-0483AEE36411}.Debug|x86.Build.0 = Debug|Win32
		{730DED3C-96A0-4238-9A52-0483AEE36411}.Release|x64.ActiveCfg = Release|x64
		{730DED3C-96A0-4238-9A52-0483AEE36411}.Release|x64.Build.0 = Release|x64
		{730DED3C-96A0-4238-9A52-0483AEE36411}.Release|x86.ActiveCfg = Release|Win32
		{730DED3C-96A0-4238-9A52-0483AEE36411}.Release|x86.Build.0 = Release|Win32
		{53BE47C5-7369-4EE9-A6F9-36D999EA52C9}.Debug|x64.ActiveCfg = Debug|x64
		{53BE47C5-7369-4EE9-A6F9-36D999EA52C9}.Debug|x64.Build.0 = Debug|x64
		{53BE47C5-7369-4EE9-A6F9-36D999EA52C9}.Debug|x86.ActiveCfg = Debug|Win32
		{53BE47C5-7369-4EE9-A6F9-36D999EA52C9}.Debug|x86.Build.0 = Debug|Win32
		{53BE47C5-7369-4EE9-A6F9-36D999EA52C9}.Release|x64.ActiveCfg = Release|x64
		{53BE47C5-7369-4EE9-A6F9-36D999EA52C9}.Release|x64.Build.0 = Release|x64
		{53BE47C5-7369-4EE9-A6F9-36D999EA52C9}.Release|x86.ActiveCfg = Release|Win32
		{53BE47C5-7369-4EE9-A6F9-36D999EA52C9}.Release|x86.Build.0 = Release|Win32
		{60B3343C-4890-4E5E-91EB-00AE7F8A8FB4}.Debug|x64.ActiveCfg = Debug|x64
		{60B3343C-4890-4E5E-91EB-00AE7F8A8FB4}.Debug|x64.Build.0 = Debug|x64
		{60B3343C-4890-4E5E-91EB-00AE7F8A8FB4}.Debug|x86.ActiveCfg = Debug|Win32
		{60B3343C-4890-4E5E-91EB-00AE7F8A8FB4}.Debug|x86.Build.0 = Debug|Win32
		{60B3343C-4890-4E5E-91EB-00AE7F8A8FB4}.Release|x64.ActiveCfg = Release|x64
		{60B3343C-4890-4E5E-91EB-00AE7F8A8FB4}.Release|x64.Build.0 = Release|x64
		{60B3343C-4890-4E5E-91EB-00AE7F8A8FB4}.Release|x86.ActiveCfg = Release|Win32
		{60B3343C-4890-4E5E-91EB-00AE7F8A8FB4}.Release|x86.Build.0 = Release|Win32
		{DAF7195F-088A-4F00-A877-0FE7C46C0D09}.Debug|x64.ActiveCfg = Debug|x64
		{DAF7195F-088A-4F00-A877-0FE7C46C0D09}.Debug|x64.Build.0 = Debug|x64
		{DAF7195F-088A-4F00-A877-0FE7C46C0D09}.Debug|x86.ActiveCfg = Debug|Win32
		{DAF7195F-088A-4F00-A877-0FE7C46C0D09}.Debug|x86.Build.0 = Debug|Win32
		{DAF7195F-088A-4F00-A877-0FE7C46C0D09}.Release|x64.ActiveCfg = Release|x64
		{DAF7195F-088A-4F00-A877-0FE7C46C0D09}.Release|x64.Build.0 = Release|x64
		{DAF7195F-088A-4F00-A877-0FE7C46C0D09}.Release|x86.ActiveCfg = Release|Win32
		{DAF7195F-088A-4F00-A877-0FE7C46C0D09}.Release|x86.Build.0 = Release|Win32
		{D6CC7144-D28D-42C3-B310-0CE60D3245B9}.Debug|x64.ActiveCfg = Debug|x64
		{D6CC7144-D28D-42C3-B310-0CE60D3245B9}.Debug|x64.Build.0 = Debug|x64
		{D6CC7144-D28D-42C3-B310-0CE60D3245B9}.Debug|x86.ActiveCfg = Debug|Win32
		{D6CC7144-D28D-42C3-B310-0CE60D3245B9}.Debug|x86.Build.0 = Debug|Win32
		{D6CC7144-D28D-42C3-B310-0CE60D3245B9}.Release|x64.ActiveCfg = Release|x64
		{D6CC7144-D28D-42C3-B310-0CE60D3245B9}.Release|x64.Build.0 = Release|x64
		{D6CC7144-D28D-42C3-B310-0CE60D3245B9}.Release|x86.ActiveCfg = Release|Win32
		{D6CC7144-D28D-42C3-B310-0CE60D3245B9}.Release|x86.Build.0 = Release|Win32
		{0582577D-5542-40E3-B4BE-1AE71B9D3210}.Debug|x64.ActiveCfg = Debug|x64
		{0582577D-5542-40E3-B4BE-1AE71B9D3210}.Debug|x64.Build.0 = Debug|x64
		{0582577D-5542-40E3-B4BE-1AE71B9D3210}.Debug|x86.ActiveCfg = Debug|Win32
		{0582577D-5542-40E3-B4BE-1AE71B9D3210}.Debug|x86.Build.0 = Debug|Win32
		{0582577D-5542-40E3-B4BE-1AE71B9D3210}.Release|x64.ActiveCfg = Release|x64
		{0582577D-5542-40E3-B4BE-1AE71B9D3210}.Release|x64.Build.0 = Release|x64
		{0582577D-5542-40E3-B4BE-1AE71B9D3210}.Release|x86.ActiveCfg = Release|Win32
		{0582577D-5542-40E3-B4BE-1AE71B9D3210}.Release|x86.Build.0 = Release|Win32
		{9706449B-FE23-4B6A-BB7E-44A7B9060AA4}.Debug|x64.ActiveCfg = Debug|x64
		{9706449B-FE23-4B6A-BB7E-44A7B9060AA4}.Debug|x64.Build.0 = Debug|x64
		{9706449B-FE23-4B6A-BB7E-44A7B9060AA4}.Debug|x86.ActiveCfg = Debug|Win32
		{9706449B-FE23-4B6A-BB7E-44A7B9060AA4}.Debug|x86.Build.0 = Debug|Win32
		{9706449B-FE23-4B6A-BB7E-44A7B9060AA4}.Release|x64.ActiveCfg = Release|x64
		{9706449B-FE23-4B6A-BB7E-44A7B9060AA4}.Release|x64.Build.0 = Release|x64
		{9706449B-FE23-4B6A-BB7E-44A7B9060AA4}.Release|x86.ActiveCfg = Release|Win32
		{9706449B-FE23-4B6A-BB7E-44A7B9060AA4}.Release|x86.Build.0 = Release|Win32
	EndGlobalSection
	GlobalSection(SolutionProperties) = preSolution
		HideSolutionNode = FALSE
	EndGlobalSection
	GlobalSection(NestedProjects) = preSolution
		{67CEDA99-7E8C-4746-BAB0-70B928865300} = {CE6FD965-8BE1-4E83-8788-98F20CAB62DB}
		{24B3B755-E971-4AA0-A3C5-A35091EA20F6} = {CE6FD965-8BE1-4E83-8788-98F20CAB62DB}
		{0F0F9623-2E30-4C28-BFB6-9562163D5CE4} = {A56C25CE-3ED8-4054-A675-8A610572FE58}
		{8BDC2A42-51CD-4A4B-8B05-C79051A7A8D6} = {CE6FD965-8BE1-4E83-8788-98F20CAB62DB}
		{5071D0C1-B125-436B-B3E2-B1521700EA78} = {CE6FD965-8BE1-4E83-8788-98F20CAB62DB}
		{0B9825CF-5D0C-47DE-8EDE-A0DB94B773C4} = {CE6FD965-8BE1-4E83-8788-98F20CAB62DB}
		{7F6C9017-5138-4797-B939-A946EFDC802E} = {A56C25CE-3ED8-4054-A675-8A610572FE58}
		{A548314A-E940-4962-BD95-4D91E0801DBA} = {A56C25CE-3ED8-4054-A675-8A610572FE58}
		{7D532100-4F8A-45D6-B20C-D17012314F8C} = {A56C25CE-3ED8-4054-A675-8A610572FE58}
		{EFD13CE7-C67E-4A00-8ADE-7890BA759D68} = {A56C25CE-3ED8-4054-A675-8A610572FE58}
		{8AB577CC-094C-4A30-800D-67429F6411CC} = {A56C25CE-3ED8-4054-A675-8A610572FE58}
		{1D60469D-D9D1-458E-9F35-558B4ECA8AE8} = {D3E41BA9-E7DF-4AD8-95C4-A78756CB1971}
		{4BC6CCA6-32BD-4C33-920E-F890B43D06C2} = {D3E41BA9-E7DF-4AD8-95C4-A78756CB1971}
		{2A51E5A2-6A2D-4525-8B3A-5D59E0D58800} = {D3E41BA9-E7DF-4AD8-95C4-A78756CB1971}
		{C3C186F2-7569-42C3-9EC0-BC956C8A8EE9} = {A56C25CE-3ED8-4054-A675-8A610572FE58}
		{DCAFC97D-0E9A-4886-95E8-601867B2A664} = {D3E41BA9-E7DF-4AD8-95C4-A78756CB1971}
		{AE0EDA4A-A7C5-4BAC-833C-92048F28CDCA} = {F9CDFE35-5048-4041-A5FD-8BE9327A16DF}
		{E1576A59-8CA6-4893-8363-558BCF0BD42C} = {F9CDFE35-5048-4041-A5FD-8BE9327A16DF}
		{76553B1E-3804-408D-9D66-CBF08A7ABC69} = {F9CDFE35-5048-4041-A5FD-8BE9327A16DF}
		{005F3841-569B-427C-B3F1-BFC8D20A0D60} = {F9CDFE35-5048-4041-A5FD-8BE9327A16DF}
		{01C37B7B-8547-401E-9939-6C2B4CFD5209} = {F9CDFE35-5048-4041-A5FD-8BE9327A16DF}
		{A2178C03-BA5D-48BB-B6C2-65A13B237CD9} = {F9CDFE35-5048-4041-A5FD-8BE9327A16DF}
		{2A3CCBC1-7E08-4467-855B-149812826E96} = {EE273BD3-B0FA-42D0-8576-5A2ABF30A362}
		{94629D1F-AF32-4C74-B26D-F64204FC64DA} = {B1E5F0B8-0B0A-49EE-B68E-59ED2B112CF1}
		{597E43EF-76D1-45FC-83BB-1B446A954728} = {B1E5F0B8-0B0A-49EE-B68E-59ED2B112CF1}
		{730DED3C-96A0-4238-9A52-0483AEE36411} = {B1E5F0B8-0B0A-49EE-B68E-59ED2B112CF1}
		{53BE47C5-7369-4EE9-A6F9-36D999EA52C9} = {B1E5F0B8-0B0A-49EE-B68E-59ED2B112CF1}
		{60B3343C-4890-4E5E-91EB-00AE7F8A8FB4} = {B1E5F0B8-0B0A-49EE-B68E-59ED2B112CF1}
		{D6CC7144-D28D-42C3-B310-0CE60D3245B9} = {A56C25CE-3ED8-4054-A675-8A610572FE58}
		{0582577D-5542-40E3-B4BE-1AE71B9D3210} = {A56C25CE-3ED8-4054-A675-8A610572FE58}
		{9706449B-FE23-4B6A-BB7E-44A7B9060AA4} = {A56C25CE-3ED8-4054-A675-8A610572FE58}
	EndGlobalSection
	GlobalSection(ExtensibilityGlobals) = postSolution
		SolutionGuid = {0B15A810-D792-4DA0-A65D-7E176AB72D14}
	EndGlobalSection
EndGlobal
