<?xml version="1.0" encoding="utf-8"?>
<Project ToolsVersion="4.0" xmlns="http://schemas.microsoft.com/developer/msbuild/2003">
  <ItemGroup>
    <ClInclude Include="Core.h" />
    <ClInclude Include="Component.h">
      <Filter>Component</Filter>
    </ClInclude>
    <ClInclude Include="SpriteRenderer.h">
      <Filter>Component</Filter>
    </ClInclude>
    <ClInclude Include="Transform.h">
      <Filter>Component</Filter>
    </ClInclude>
    <ClInclude Include="JSGameObject.h">
      <Filter>GameObject</Filter>
    </ClInclude>
    <ClInclude Include="JSTime.h">
      <Filter>Etc</Filter>
    </ClInclude>
    <ClInclude Include="Input.h">
      <Filter>Etc</Filter>
    </ClInclude>
    <ClInclude Include="Std.h">
      <Filter>Etc</Filter>
    </ClInclude>
    <ClInclude Include="Entity.h">
      <Filter>Etc</Filter>
    </ClInclude>
    <ClInclude Include="Player.h">
      <Filter>GameObject</Filter>
    </ClInclude>
    <ClInclude Include="Layer.h" />
    <ClInclude Include="JSEnums.h">
      <Filter>Etc</Filter>
    </ClInclude>
    <ClInclude Include="Scene.h">
      <Filter>Scene</Filter>
    </ClInclude>
    <ClInclude Include="SceneManager.h">
      <Filter>Scene</Filter>
    </ClInclude>
    <ClInclude Include="PlayScene.h">
      <Filter>Scene</Filter>
    </ClInclude>
    <ClInclude Include="TitleScene.h">
      <Filter>Scene</Filter>
    </ClInclude>
    <ClInclude Include="LoadScene.h">
      <Filter>Scene</Filter>
    </ClInclude>
    <ClInclude Include="Object.h" />
    <ClInclude Include="Resource.h">
      <Filter>Resource</Filter>
    </ClInclude>
    <ClInclude Include="Texture.h">
      <Filter>Resource</Filter>
    </ClInclude>
    <ClInclude Include="Resources.h">
      <Filter>Resource</Filter>
    </ClInclude>
    <ClInclude Include="LoadResources.h">
      <Filter>Resource</Filter>
    </ClInclude>
    <ClInclude Include="Script.h">
      <Filter>Component</Filter>
    </ClInclude>
    <ClInclude Include="PlayerScript.h">
      <Filter>Component\Scripts</Filter>
    </ClInclude>
    <ClInclude Include="Renderer.h" />
    <ClInclude Include="Camera.h">
      <Filter>Component</Filter>
    </ClInclude>
    <ClInclude Include="Monster.h">
      <Filter>GameObject</Filter>
    </ClInclude>
    <ClInclude Include="MonsterScript.h">
      <Filter>Component\Scripts</Filter>
    </ClInclude>
    <ClInclude Include="Animation.h">
      <Filter>Resource</Filter>
    </ClInclude>
    <ClInclude Include="Animator.h">
      <Filter>Component</Filter>
    </ClInclude>
    <ClInclude Include="JSMath.h">
      <Filter>Etc</Filter>
    </ClInclude>
    <ClInclude Include="Collider.h">
      <Filter>Component</Filter>
    </ClInclude>
    <ClInclude Include="CircleCollider2D.h">
      <Filter>Component\Collider</Filter>
    </ClInclude>
    <ClInclude Include="BoxCollider2D.h">
      <Filter>Component\Collider</Filter>
    </ClInclude>
    <ClInclude Include="CollisionManager.h" />
    <ClInclude Include="DontDestroyOnLoad.h" />
    <ClInclude Include="TilemapRenderer.h">
      <Filter>Component</Filter>
    </ClInclude>
    <ClInclude Include="Tile.h">
      <Filter>GameObject</Filter>
    </ClInclude>
    <ClInclude Include="ToolScene.h">
      <Filter>Scene</Filter>
    </ClInclude>
    <ClInclude Include="CameraScript.h">
      <Filter>Component\Scripts</Filter>
    </ClInclude>
    <ClInclude Include="Rigidbody.h">
      <Filter>Component</Filter>
    </ClInclude>
    <ClInclude Include="FloorScript.h">
      <Filter>Component\Scripts</Filter>
    </ClInclude>
    <ClInclude Include="UIBase.h" />
    <ClInclude Include="UIManager.h" />
    <ClInclude Include="Floor.h">
      <Filter>GameObject\Mario</Filter>
    </ClInclude>
    <ClInclude Include="Block.h">
      <Filter>GameObject\Mario</Filter>
    </ClInclude>
    <ClInclude Include="MarioPlayScene.h">
      <Filter>Scene\Mario</Filter>
    </ClInclude>
    <ClInclude Include="Mario.h">
      <Filter>GameObject\Mario</Filter>
    </ClInclude>
    <ClInclude Include="MarioScript.h">
      <Filter>Component\Scripts\Mario</Filter>
    </ClInclude>
    <ClInclude Include="BlockScript.h">
      <Filter>Component\Scripts\Mario</Filter>
    </ClInclude>
    <ClInclude Include="MushroomScript.h">
      <Filter>Component\Scripts\Mario</Filter>
    </ClInclude>
    <ClInclude Include="Mushroom.h">
      <Filter>GameObject\Mario</Filter>
    </ClInclude>
    <ClInclude Include="Goomba.h">
      <Filter>GameObject\Mario</Filter>
    </ClInclude>
    <ClInclude Include="GoombaScript.h">
      <Filter>Component\Scripts\Mario</Filter>
    </ClInclude>
    <ClInclude Include="DeadLineScript.h">
      <Filter>Component\Scripts\Mario</Filter>
    </ClInclude>
  </ItemGroup>
  <ItemGroup>
    <ClCompile Include="Core.cpp" />
    <ClCompile Include="Component.cpp">
      <Filter>Component</Filter>
    </ClCompile>
    <ClCompile Include="SpriteRenderer.cpp">
      <Filter>Component</Filter>
    </ClCompile>
    <ClCompile Include="Transform.cpp">
      <Filter>Component</Filter>
    </ClCompile>
    <ClCompile Include="JSGameObject.cpp">
      <Filter>GameObject</Filter>
    </ClCompile>
    <ClCompile Include="JSTime.cpp">
      <Filter>Etc</Filter>
    </ClCompile>
    <ClCompile Include="Input.cpp">
      <Filter>Etc</Filter>
    </ClCompile>
    <ClCompile Include="Entity.cpp">
      <Filter>Etc</Filter>
    </ClCompile>
    <ClCompile Include="Player.cpp">
      <Filter>GameObject</Filter>
    </ClCompile>
    <ClCompile Include="Layer.cpp" />
    <ClCompile Include="Scene.cpp">
      <Filter>Scene</Filter>
    </ClCompile>
    <ClCompile Include="SceneManager.cpp">
      <Filter>Scene</Filter>
    </ClCompile>
    <ClCompile Include="PlayScene.cpp">
      <Filter>Scene</Filter>
    </ClCompile>
    <ClCompile Include="TitleScene.cpp">
      <Filter>Scene</Filter>
    </ClCompile>
    <ClCompile Include="Resource.cpp">
      <Filter>Resource</Filter>
    </ClCompile>
    <ClCompile Include="Texture.cpp">
      <Filter>Resource</Filter>
    </ClCompile>
    <ClCompile Include="Resources.cpp">
      <Filter>Resource</Filter>
    </ClCompile>
    <ClCompile Include="Script.cpp">
      <Filter>Component</Filter>
    </ClCompile>
    <ClCompile Include="PlayerScript.cpp">
      <Filter>Component\Scripts</Filter>
    </ClCompile>
    <ClCompile Include="Renderer.cpp" />
    <ClCompile Include="Camera.cpp">
      <Filter>Component</Filter>
    </ClCompile>
    <ClCompile Include="Monster.cpp">
      <Filter>GameObject</Filter>
    </ClCompile>
    <ClCompile Include="MonsterScript.cpp">
      <Filter>Component\Scripts</Filter>
    </ClCompile>
    <ClCompile Include="Animation.cpp">
      <Filter>Resource</Filter>
    </ClCompile>
    <ClCompile Include="Animator.cpp">
      <Filter>Component</Filter>
    </ClCompile>
    <ClCompile Include="JSMath.cpp">
      <Filter>Etc</Filter>
    </ClCompile>
    <ClCompile Include="Collider.cpp">
      <Filter>Component</Filter>
    </ClCompile>
    <ClCompile Include="BoxCollider2D.cpp">
      <Filter>Component\Collider</Filter>
    </ClCompile>
    <ClCompile Include="CircleCollider2D.cpp">
      <Filter>Component\Collider</Filter>
    </ClCompile>
    <ClCompile Include="CollisionManager.cpp" />
    <ClCompile Include="DontDestroyOnLoad.cpp" />
    <ClCompile Include="TilemapRenderer.cpp">
      <Filter>Component</Filter>
    </ClCompile>
    <ClCompile Include="Tile.cpp">
      <Filter>GameObject</Filter>
    </ClCompile>
    <ClCompile Include="ToolScene.cpp">
      <Filter>Scene</Filter>
    </ClCompile>
    <ClCompile Include="CameraScript.cpp">
      <Filter>Component\Scripts</Filter>
    </ClCompile>
    <ClCompile Include="Rigidbody.cpp">
      <Filter>Component</Filter>
    </ClCompile>
    <ClCompile Include="FloorScript.cpp">
      <Filter>Component\Scripts</Filter>
    </ClCompile>
    <ClCompile Include="UIBase.cpp" />
    <ClCompile Include="UIManager.cpp" />
    <ClCompile Include="Block.cpp">
      <Filter>GameObject\Mario</Filter>
    </ClCompile>
    <ClCompile Include="Floor.cpp">
      <Filter>GameObject\Mario</Filter>
    </ClCompile>
    <ClCompile Include="MarioPlayScene.cpp">
      <Filter>Scene\Mario</Filter>
    </ClCompile>
    <ClCompile Include="Mario.cpp">
      <Filter>GameObject\Mario</Filter>
    </ClCompile>
    <ClCompile Include="MarioScript.cpp">
      <Filter>Component\Scripts\Mario</Filter>
    </ClCompile>
    <ClCompile Include="BlockScript.cpp">
      <Filter>Component\Scripts\Mario</Filter>
    </ClCompile>
    <ClCompile Include="MushroomScript.cpp">
      <Filter>Component\Scripts\Mario</Filter>
    </ClCompile>
    <ClCompile Include="Goomba.cpp">
      <Filter>GameObject\Mario</Filter>
    </ClCompile>
    <ClCompile Include="Mushroom.cpp">
      <Filter>GameObject\Mario</Filter>
    </ClCompile>
    <ClCompile Include="GoombaScript.cpp">
      <Filter>Component\Scripts\Mario</Filter>
    </ClCompile>
    <ClCompile Include="DeadLineScript.cpp">
      <Filter>Component\Scripts\Mario</Filter>
    </ClCompile>
  </ItemGroup>
  <ItemGroup>
    <Filter Include="Component">
      <UniqueIdentifier>{f3169eac-9841-4120-86c0-1c3d48bbc972}</UniqueIdentifier>
    </Filter>
    <Filter Include="GameObject">
      <UniqueIdentifier>{dfed1555-81b6-480a-b913-945f2030985c}</UniqueIdentifier>
    </Filter>
    <Filter Include="Etc">
      <UniqueIdentifier>{bedba717-88b7-4931-8ffb-326b359d3ee4}</UniqueIdentifier>
    </Filter>
    <Filter Include="Scene">
      <UniqueIdentifier>{5fb8c03c-d3b7-4c1a-bebf-8ff1566c0f7a}</UniqueIdentifier>
    </Filter>
    <Filter Include="Resource">
      <UniqueIdentifier>{11c99507-eb06-47ed-bed6-e86b461e479d}</UniqueIdentifier>
    </Filter>
    <Filter Include="Component\Scripts">
      <UniqueIdentifier>{e9425c7a-0194-441c-aaf3-b6e92dba770b}</UniqueIdentifier>
    </Filter>
    <Filter Include="Component\Collider">
      <UniqueIdentifier>{5ba46ffa-e58a-48bc-9591-91381ec19437}</UniqueIdentifier>
    </Filter>
    <Filter Include="GameObject\Mario">
      <UniqueIdentifier>{6a2708d6-4aae-44a4-ba8d-63a491b4e28f}</UniqueIdentifier>
    </Filter>
    <Filter Include="Scene\Mario">
      <UniqueIdentifier>{0081e11b-d575-4d0a-a5d0-6173430e6fee}</UniqueIdentifier>
    </Filter>
    <Filter Include="Component\Scripts\Mario">
      <UniqueIdentifier>{c4aa4446-c4df-45b5-a55e-3207fbe58817}</UniqueIdentifier>
    </Filter>
  </ItemGroup>
</Project>