<?xml version="1.0" encoding="utf-8"?>
<Project ToolsVersion="4.0" xmlns="http://schemas.microsoft.com/developer/msbuild/2003">
  <ItemGroup>
    <ClInclude Include="Core.h" />
    <ClInclude Include="Component.h">
      <Filter>Component</Filter>
    </ClInclude>
    <ClInclude Include="SpriteRenderer.h">
      <Filter>Component</Filter>
    </ClInclude>
    <ClInclude Include="Transform.h">
      <Filter>Component</Filter>
    </ClInclude>
    <ClInclude Include="JSGameObject.h">
      <Filter>GameObject</Filter>
    </ClInclude>
    <ClInclude Include="JSTime.h">
      <Filter>Etc</Filter>
    </ClInclude>
    <ClInclude Include="Input.h">
      <Filter>Etc</Filter>
    </ClInclude>
    <ClInclude Include="Std.h">
      <Filter>Etc</Filter>
    </ClInclude>
    <ClInclude Include="Entity.h">
      <Filter>Etc</Filter>
    </ClInclude>
    <ClInclude Include="Player.h">
      <Filter>GameObject</Filter>
    </ClInclude>
    <ClInclude Include="JSMath.h" />
    <ClInclude Include="Layer.h" />
    <ClInclude Include="JSEnums.h">
      <Filter>Etc</Filter>
    </ClInclude>
    <ClInclude Include="Scene.h">
      <Filter>Scene</Filter>
    </ClInclude>
    <ClInclude Include="SceneManager.h">
      <Filter>Scene</Filter>
    </ClInclude>
    <ClInclude Include="PlayScene.h">
      <Filter>Scene</Filter>
    </ClInclude>
    <ClInclude Include="TitleScene.h">
      <Filter>Scene</Filter>
    </ClInclude>
    <ClInclude Include="LoadScene.h">
      <Filter>Scene</Filter>
    </ClInclude>
    <ClInclude Include="Object.h" />
    <ClInclude Include="Resource.h">
      <Filter>Resource</Filter>
    </ClInclude>
    <ClInclude Include="Texture.h">
      <Filter>Resource</Filter>
    </ClInclude>
    <ClInclude Include="Resources.h">
      <Filter>Resource</Filter>
    </ClInclude>
    <ClInclude Include="LoadResources.h">
      <Filter>Resource</Filter>
    </ClInclude>
    <ClInclude Include="Script.h">
      <Filter>Component</Filter>
    </ClInclude>
    <ClInclude Include="PlayerScript.h">
      <Filter>Component\Scripts</Filter>
    </ClInclude>
    <ClInclude Include="Renderer.h" />
    <ClInclude Include="Camera.h">
      <Filter>Component</Filter>
    </ClInclude>
    <ClInclude Include="JsScript.h" />
    <ClInclude Include="Monster.h">
      <Filter>GameObject</Filter>
    </ClInclude>
    <ClInclude Include="MonsterScript.h">
      <Filter>Component\Scripts</Filter>
    </ClInclude>
    <ClInclude Include="Animation.h">
      <Filter>Resource</Filter>
    </ClInclude>
    <ClInclude Include="Animator.h">
      <Filter>Component</Filter>
    </ClInclude>
  </ItemGroup>
  <ItemGroup>
    <ClCompile Include="Core.cpp" />
    <ClCompile Include="Component.cpp">
      <Filter>Component</Filter>
    </ClCompile>
    <ClCompile Include="SpriteRenderer.cpp">
      <Filter>Component</Filter>
    </ClCompile>
    <ClCompile Include="Transform.cpp">
      <Filter>Component</Filter>
    </ClCompile>
    <ClCompile Include="JSGameObject.cpp">
      <Filter>GameObject</Filter>
    </ClCompile>
    <ClCompile Include="JSTime.cpp">
      <Filter>Etc</Filter>
    </ClCompile>
    <ClCompile Include="Input.cpp">
      <Filter>Etc</Filter>
    </ClCompile>
    <ClCompile Include="Entity.cpp">
      <Filter>Etc</Filter>
    </ClCompile>
    <ClCompile Include="Player.cpp">
      <Filter>GameObject</Filter>
    </ClCompile>
    <ClCompile Include="JSMath.cpp" />
    <ClCompile Include="Layer.cpp" />
    <ClCompile Include="Scene.cpp">
      <Filter>Scene</Filter>
    </ClCompile>
    <ClCompile Include="SceneManager.cpp">
      <Filter>Scene</Filter>
    </ClCompile>
    <ClCompile Include="PlayScene.cpp">
      <Filter>Scene</Filter>
    </ClCompile>
    <ClCompile Include="TitleScene.cpp">
      <Filter>Scene</Filter>
    </ClCompile>
    <ClCompile Include="Resource.cpp">
      <Filter>Resource</Filter>
    </ClCompile>
    <ClCompile Include="Texture.cpp">
      <Filter>Resource</Filter>
    </ClCompile>
    <ClCompile Include="Resources.cpp">
      <Filter>Resource</Filter>
    </ClCompile>
    <ClCompile Include="Script.cpp">
      <Filter>Component</Filter>
    </ClCompile>
    <ClCompile Include="PlayerScript.cpp">
      <Filter>Component\Scripts</Filter>
    </ClCompile>
    <ClCompile Include="Renderer.cpp" />
    <ClCompile Include="Camera.cpp">
      <Filter>Component</Filter>
    </ClCompile>
    <ClCompile Include="JsScript.cpp" />
    <ClCompile Include="Monster.cpp">
      <Filter>GameObject</Filter>
    </ClCompile>
    <ClCompile Include="MonsterScript.cpp">
      <Filter>Component\Scripts</Filter>
    </ClCompile>
    <ClCompile Include="Animation.cpp">
      <Filter>Resource</Filter>
    </ClCompile>
    <ClCompile Include="Animator.cpp">
      <Filter>Component</Filter>
    </ClCompile>
  </ItemGroup>
  <ItemGroup>
    <Filter Include="Component">
      <UniqueIdentifier>{f3169eac-9841-4120-86c0-1c3d48bbc972}</UniqueIdentifier>
    </Filter>
    <Filter Include="GameObject">
      <UniqueIdentifier>{dfed1555-81b6-480a-b913-945f2030985c}</UniqueIdentifier>
    </Filter>
    <Filter Include="Etc">
      <UniqueIdentifier>{bedba717-88b7-4931-8ffb-326b359d3ee4}</UniqueIdentifier>
    </Filter>
    <Filter Include="Scene">
      <UniqueIdentifier>{5fb8c03c-d3b7-4c1a-bebf-8ff1566c0f7a}</UniqueIdentifier>
    </Filter>
    <Filter Include="Resource">
      <UniqueIdentifier>{11c99507-eb06-47ed-bed6-e86b461e479d}</UniqueIdentifier>
    </Filter>
    <Filter Include="Component\Scripts">
      <UniqueIdentifier>{e9425c7a-0194-441c-aaf3-b6e92dba770b}</UniqueIdentifier>
    </Filter>
  </ItemGroup>
</Project>